{
    "name": "@wq/jquery-mobile",
    "version": "1.2.0-beta.1",
    "lockfileVersion": 1,
    "requires": true,
    "dependencies": {
        "@wq/jest-env-jsdom-idb": {
            "version": "0.1.1",
            "resolved": "https://registry.npmjs.org/@wq/jest-env-jsdom-idb/-/jest-env-jsdom-idb-0.1.1.tgz",
            "integrity": "sha512-foIe+GLGV2QOsMyA5zyyyRze+OlhKUcAtrSTWQxBdWnNaMrFDRuLuZk09/e+CMH9Wf+KkIpIrJH2QlaDN57FHg==",
            "dev": true,
            "requires": {
                "fake-indexeddb": "2.0.3"
            },
            "dependencies": {
                "core-js": {
                    "version": "2.6.9",
                    "bundled": true,
                    "dev": true
                },
                "fake-indexeddb": {
                    "version": "2.0.3",
                    "bundled": true,
                    "dev": true,
                    "requires": {
                        "core-js": "2.6.9",
                        "realistic-structured-clone": "1.0.1",
                        "setimmediate": "1.0.5"
                    }
                },
                "lodash._basefor": {
                    "version": "3.0.3",
                    "bundled": true,
                    "dev": true
                },
                "lodash.isarguments": {
                    "version": "3.1.0",
                    "bundled": true,
                    "dev": true
                },
                "lodash.isarray": {
                    "version": "3.0.4",
                    "bundled": true,
                    "dev": true
                },
                "lodash.isplainobject": {
                    "version": "3.2.0",
                    "bundled": true,
                    "dev": true,
                    "requires": {
                        "lodash._basefor": "3.0.3",
                        "lodash.isarguments": "3.1.0",
                        "lodash.keysin": "3.0.8"
                    }
                },
                "lodash.keysin": {
                    "version": "3.0.8",
                    "bundled": true,
                    "dev": true,
                    "requires": {
                        "lodash.isarguments": "3.1.0",
                        "lodash.isarray": "3.0.4"
                    }
                },
                "realistic-structured-clone": {
                    "version": "1.0.1",
                    "bundled": true,
                    "dev": true,
                    "requires": {
                        "lodash.isplainobject": "3.2.0"
                    }
                },
                "setimmediate": {
                    "version": "1.0.5",
                    "bundled": true,
                    "dev": true
                }
            }
        },
        "jquery": {
            "version": "3.4.0",
            "resolved": "https://registry.npmjs.org/jquery/-/jquery-3.4.0.tgz",
            "integrity": "sha512-ggRCXln9zEqv6OqAGXFEcshF5dSBvCkzj6Gm2gzuR5fWawaX8t7cxKVkkygKODrDAzKdoYw3l/e3pm3vlT4IbQ=="
        }
    }
}
