{
    "name": "@wq/jquery-mobile",
    "version": "1.2.0",
    "lockfileVersion": 1,
    "requires": true,
    "dependencies": {
        "immediate": {
            "version": "3.0.6",
            "resolved": "https://registry.npmjs.org/immediate/-/immediate-3.0.6.tgz",
            "integrity": "sha1-nbHb0Pr43m++D13V5Wu2BigN5ps="
        },
        "jquery": {
            "version": "1.12.4",
            "resolved": "https://registry.npmjs.org/jquery/-/jquery-1.12.4.tgz",
            "integrity": "sha1-AeHfuikP5z3rp3zurLD5ui/sngw="
        },
        "lie": {
            "version": "3.1.1",
            "resolved": "https://registry.npmjs.org/lie/-/lie-3.1.1.tgz",
            "integrity": "sha1-mkNrLMd0bKWd56QfpGmz77dr2H4=",
            "requires": {
                "immediate": "~3.0.5"
            }
        },
        "localforage": {
            "version": "1.7.3",
            "resolved": "https://registry.npmjs.org/localforage/-/localforage-1.7.3.tgz",
            "integrity": "sha512-1TulyYfc4udS7ECSBT2vwJksWbkwwTX8BzeUIiq8Y07Riy7bDAAnxDaPU/tWyOVmQAcWJIEIFP9lPfBGqVoPgQ==",
            "requires": {
                "lie": "3.1.1"
            }
        },
        "mustache": {
            "version": "4.0.0",
            "resolved": "https://registry.npmjs.org/mustache/-/mustache-4.0.0.tgz",
            "integrity": "sha512-FJgjyX/IVkbXBXYUwH+OYwQKqWpFPLaLVESd70yHjSDunwzV2hZOoTBvPf4KLoxesUzzyfTH6F784Uqd7Wm5yA=="
        }
    }
}
