{
    "name": "@wq/map",
    "version": "1.2.0",
    "lockfileVersion": 1,
    "requires": true,
    "dependencies": {
        "@wq/template": {
            "version": "1.2.0",
            "requires": {
                "mustache": "^3.1.0"
            },
            "dependencies": {
                "mustache": {
                    "version": "3.1.0",
                    "resolved": "https://registry.npmjs.org/mustache/-/mustache-3.1.0.tgz",
                    "integrity": "sha512-3Bxq1R5LBZp7fbFPZzFe5WN4s0q3+gxZaZuZVY+QctYJiCiVgXHOTIC0/HgZuOPFt/6BQcx5u0H2CUOxT/RoGQ=="
                }
            }
        },
        "js-tokens": {
            "version": "4.0.0",
            "resolved": "https://registry.npmjs.org/js-tokens/-/js-tokens-4.0.0.tgz",
            "integrity": "sha512-RdJUflcE3cUzKiMqQgsCu06FPu9UdIJO0beYbPhHN4k6apgJtifcoCtT9bcxOpYBtpD2kCM6Sbzg4CausW/PKQ==",
            "dev": true
        },
        "loose-envify": {
            "version": "1.4.0",
            "resolved": "https://registry.npmjs.org/loose-envify/-/loose-envify-1.4.0.tgz",
            "integrity": "sha512-lyuxPGr/Wfhrlem2CL/UcnUc1zcqKAImBDzukY7Y5F/yQiNdko6+fRLevlw1HgMySw7f611UIY408EtxRSoK3Q==",
            "dev": true,
            "requires": {
                "js-tokens": "^3.0.0 || ^4.0.0"
            }
        },
        "lower-case": {
            "version": "1.1.4",
            "resolved": "https://registry.npmjs.org/lower-case/-/lower-case-1.1.4.tgz",
            "integrity": "sha1-miyr0bno4K6ZOkv31YdcOcQujqw="
        },
        "no-case": {
            "version": "2.3.2",
            "resolved": "https://registry.npmjs.org/no-case/-/no-case-2.3.2.tgz",
            "integrity": "sha512-rmTZ9kz+f3rCvK2TD1Ue/oZlns7OGoIWP4fc3llxxRXlOkHKoWPPWJOfFYpITabSow43QJbRIoHQXtt10VldyQ==",
            "requires": {
                "lower-case": "^1.1.1"
            }
        },
        "param-case": {
            "version": "2.1.1",
            "resolved": "https://registry.npmjs.org/param-case/-/param-case-2.1.1.tgz",
            "integrity": "sha1-35T9jPZTHs915r75oIWPvHK+Ikc=",
            "requires": {
                "no-case": "^2.2.0"
            }
        },
        "redux": {
            "version": "4.0.5",
            "resolved": "https://registry.npmjs.org/redux/-/redux-4.0.5.tgz",
            "integrity": "sha512-VSz1uMAH24DM6MF72vcojpYPtrTUu3ByVWfPL1nPfVRb5mZVTve5GnNCUV53QM/BZ66xfWrm0CTWoM+Xlz8V1w==",
            "dev": true,
            "requires": {
                "loose-envify": "^1.4.0",
                "symbol-observable": "^1.2.0"
            }
        },
        "symbol-observable": {
            "version": "1.2.0",
            "resolved": "https://registry.npmjs.org/symbol-observable/-/symbol-observable-1.2.0.tgz",
            "integrity": "sha512-e900nM8RRtGhlV36KGEU9k65K3mPb1WV70OdjfxlG2EAuM1noi/E/BaW/uMhL7bPEssK8QV57vN3esixjUvcXQ==",
            "dev": true
        }
    }
}
