{
    "name": "@wq/map",
    "version": "1.2.0",
    "lockfileVersion": 1,
    "requires": true,
    "dependencies": {
        "@esri/arcgis-to-geojson-utils": {
            "version": "1.3.0",
            "resolved": "https://registry.npmjs.org/@esri/arcgis-to-geojson-utils/-/arcgis-to-geojson-utils-1.3.0.tgz",
            "integrity": "sha512-8yPorlHeU63U6aT7RJbgSfXGKTZtnQz7Os8Qw96PW2lXJ+g1CRe5L/G8h5qtYHqt5VM4yCUGIhzHHYxdGzanLQ=="
        },
        "@wq/jquery-mobile": {
            "version": "1.2.0",
            "resolved": "https://registry.npmjs.org/@wq/jquery-mobile/-/jquery-mobile-1.2.0.tgz",
            "integrity": "sha512-duQf1f02TvarbBHSUymbBOkRKMM3CHrkviZ++n1ck3ikok+DaPuvnLzlLk1nEVU/cgN6Ib0ZbxPb4nJqfQfiUg==",
            "requires": {
                "jquery": "^1.12.4"
            }
        },
        "@wq/template": {
            "version": "1.2.0",
            "resolved": "https://registry.npmjs.org/@wq/template/-/template-1.2.0.tgz",
            "integrity": "sha512-YVLeyvWwKwQS8l08p/r1KkUHpIKaDlvwRn1XsFtLiwj/WAzenMw29G56G4JtlsOP9DIXUvWb7NoxruML4GBZAw==",
            "requires": {
                "@wq/jquery-mobile": "^1.2.0",
                "mustache": "^3.1.0"
            }
        },
        "align-text": {
            "version": "0.1.4",
            "resolved": "https://registry.npmjs.org/align-text/-/align-text-0.1.4.tgz",
            "integrity": "sha1-DNkKVhCT810KmSVsIrcGlDP60Rc=",
            "requires": {
                "kind-of": "^3.0.2",
                "longest": "^1.0.1",
                "repeat-string": "^1.5.2"
            }
        },
        "camelcase": {
            "version": "1.2.1",
            "resolved": "https://registry.npmjs.org/camelcase/-/camelcase-1.2.1.tgz",
            "integrity": "sha1-m7UwTS4LVmmLLHWLCKPqqdqlijk="
        },
        "center-align": {
            "version": "0.1.3",
            "resolved": "https://registry.npmjs.org/center-align/-/center-align-0.1.3.tgz",
            "integrity": "sha1-qg0yYptu6XIgBBHL1EYckHvCt60=",
            "requires": {
                "align-text": "^0.1.3",
                "lazy-cache": "^1.0.3"
            }
        },
        "cliui": {
            "version": "2.1.0",
            "resolved": "https://registry.npmjs.org/cliui/-/cliui-2.1.0.tgz",
            "integrity": "sha1-S0dXYP+AJkx2LDoXGQMukcf+oNE=",
            "requires": {
                "center-align": "^0.1.1",
                "right-align": "^0.1.1",
                "wordwrap": "0.0.2"
            }
        },
        "decamelize": {
            "version": "1.2.0",
            "resolved": "https://registry.npmjs.org/decamelize/-/decamelize-1.2.0.tgz",
            "integrity": "sha1-9lNNFRSCabIDUue+4m9QH5oZEpA="
        },
        "esri-leaflet": {
            "version": "2.3.0",
            "resolved": "https://registry.npmjs.org/esri-leaflet/-/esri-leaflet-2.3.0.tgz",
            "integrity": "sha512-il9bozdMPQ3FoGPHeraKfDkZGayssKVYenE4L/tTXndZ3SEOQvYSfTqNk87TUE3awdASPryC3UMQqrsMELWrgQ==",
            "requires": {
                "@esri/arcgis-to-geojson-utils": "^1.3.0",
                "leaflet-virtual-grid": "^1.0.7",
                "tiny-binary-search": "^1.0.3"
            }
        },
        "is-buffer": {
            "version": "1.1.6",
            "resolved": "https://registry.npmjs.org/is-buffer/-/is-buffer-1.1.6.tgz",
            "integrity": "sha512-NcdALwpXkTm5Zvvbk7owOUSvVvBKDgKP5/ewfXEznmQFfs4ZRmanOeKBTjRVjka3QFoN6XJ+9F3USqfHqTaU5w=="
        },
        "jquery": {
            "version": "1.12.4",
            "resolved": "https://registry.npmjs.org/jquery/-/jquery-1.12.4.tgz",
            "integrity": "sha1-AeHfuikP5z3rp3zurLD5ui/sngw="
        },
        "kind-of": {
            "version": "3.2.2",
            "resolved": "https://registry.npmjs.org/kind-of/-/kind-of-3.2.2.tgz",
            "integrity": "sha1-MeohpzS6ubuw8yRm2JOupR5KPGQ=",
            "requires": {
                "is-buffer": "^1.1.5"
            }
        },
        "lazy-cache": {
            "version": "1.0.4",
            "resolved": "https://registry.npmjs.org/lazy-cache/-/lazy-cache-1.0.4.tgz",
            "integrity": "sha1-odePw6UEdMuAhF07O24dpJpEbo4="
        },
        "leaflet": {
            "version": "1.5.1",
            "resolved": "https://registry.npmjs.org/leaflet/-/leaflet-1.5.1.tgz",
            "integrity": "sha512-ekM9KAeG99tYisNBg0IzEywAlp0hYI5XRipsqRXyRTeuU8jcuntilpp+eFf5gaE0xubc9RuSNIVtByEKwqFV0w=="
        },
        "leaflet-draw": {
            "version": "1.0.4",
            "resolved": "https://registry.npmjs.org/leaflet-draw/-/leaflet-draw-1.0.4.tgz",
            "integrity": "sha512-rsQ6saQO5ST5Aj6XRFylr5zvarWgzWnrg46zQ1MEOEIHsppdC/8hnN8qMoFvACsPvTioAuysya/TVtog15tyAQ=="
        },
        "leaflet-virtual-grid": {
            "version": "1.0.7",
            "resolved": "https://registry.npmjs.org/leaflet-virtual-grid/-/leaflet-virtual-grid-1.0.7.tgz",
            "integrity": "sha512-sJxWYPcIKwMTewE+z8OFzfZHsbZcniQgTcreVdIQnxSRf+1XpMp+c4QKAWRKTBRmWOhEGyQO0Z90CLANJ9jRUQ==",
            "requires": {
                "leaflet": "^1.0.0"
            }
        },
        "leaflet.markercluster": {
            "version": "1.4.1",
            "resolved": "https://registry.npmjs.org/leaflet.markercluster/-/leaflet.markercluster-1.4.1.tgz",
            "integrity": "sha512-ZSEpE/EFApR0bJ1w/dUGwTSUvWlpalKqIzkaYdYB7jaftQA/Y2Jav+eT4CMtEYFj+ZK4mswP13Q2acnPBnhGOw=="
        },
        "leaflet.wms": {
            "version": "0.2.0",
            "resolved": "https://registry.npmjs.org/leaflet.wms/-/leaflet.wms-0.2.0.tgz",
            "integrity": "sha1-tGfrJKF++nkJhZtG+nJtkS6X0rw=",
            "requires": {
                "uglify-js": "^2.7.3"
            }
        },
        "longest": {
            "version": "1.0.1",
            "resolved": "https://registry.npmjs.org/longest/-/longest-1.0.1.tgz",
            "integrity": "sha1-MKCy2jj3N3DoKUoNIuZiXtd9AJc="
        },
        "mustache": {
            "version": "3.2.1",
            "resolved": "https://registry.npmjs.org/mustache/-/mustache-3.2.1.tgz",
            "integrity": "sha512-RERvMFdLpaFfSRIEe632yDm5nsd0SDKn8hGmcUwswnyiE5mtdZLDybtHAz6hjJhawokF0hXvGLtx9mrQfm6FkA=="
        },
        "repeat-string": {
            "version": "1.6.1",
            "resolved": "https://registry.npmjs.org/repeat-string/-/repeat-string-1.6.1.tgz",
            "integrity": "sha1-jcrkcOHIirwtYA//Sndihtp15jc="
        },
        "right-align": {
            "version": "0.1.3",
            "resolved": "https://registry.npmjs.org/right-align/-/right-align-0.1.3.tgz",
            "integrity": "sha1-YTObci/mo1FWiSENJOFMlhSGE+8=",
            "requires": {
                "align-text": "^0.1.1"
            }
        },
        "source-map": {
            "version": "0.5.7",
            "resolved": "https://registry.npmjs.org/source-map/-/source-map-0.5.7.tgz",
            "integrity": "sha1-igOdLRAh0i0eoUyA2OpGi6LvP8w="
        },
        "tiny-binary-search": {
            "version": "1.0.3",
            "resolved": "https://registry.npmjs.org/tiny-binary-search/-/tiny-binary-search-1.0.3.tgz",
            "integrity": "sha512-STSHX/L5nI9WTLv6wrzJbAPbO7OIISX83KFBh2GVbX1Uz/vgZOU/ANn/8iV6t35yMTpoPzzO+3OQid3mifE0CA=="
        },
        "uglify-js": {
            "version": "2.8.29",
            "resolved": "https://registry.npmjs.org/uglify-js/-/uglify-js-2.8.29.tgz",
            "integrity": "sha1-KcVzMUgFe7Th913zW3qcty5qWd0=",
            "requires": {
                "source-map": "~0.5.1",
                "uglify-to-browserify": "~1.0.0",
                "yargs": "~3.10.0"
            }
        },
        "uglify-to-browserify": {
            "version": "1.0.2",
            "resolved": "https://registry.npmjs.org/uglify-to-browserify/-/uglify-to-browserify-1.0.2.tgz",
            "integrity": "sha1-bgkk1r2mta/jSeOabWMoUKD4grc=",
            "optional": true
        },
        "window-size": {
            "version": "0.1.0",
            "resolved": "https://registry.npmjs.org/window-size/-/window-size-0.1.0.tgz",
            "integrity": "sha1-VDjNLqk7IC76Ohn+iIeu58lPnJ0="
        },
        "wordwrap": {
            "version": "0.0.2",
            "resolved": "https://registry.npmjs.org/wordwrap/-/wordwrap-0.0.2.tgz",
            "integrity": "sha1-t5Zpu0LstAn4PVg8rVLKF+qhZD8="
        },
        "yargs": {
            "version": "3.10.0",
            "resolved": "https://registry.npmjs.org/yargs/-/yargs-3.10.0.tgz",
            "integrity": "sha1-9+572FfdfB0tOMDnTvvWgdFDH9E=",
            "requires": {
                "camelcase": "^1.0.2",
                "cliui": "^2.1.0",
                "decamelize": "^1.0.0",
                "window-size": "0.1.0"
            }
        }
    }
}
