{
    "name": "@wq/map",
    "version": "1.3.0-beta.0",
    "lockfileVersion": 1,
    "requires": true,
    "dependencies": {
        "@babel/runtime": {
            "version": "7.11.2",
            "resolved": "https://registry.npmjs.org/@babel/runtime/-/runtime-7.11.2.tgz",
            "integrity": "sha512-TeWkU52so0mPtDcaCTxNBI/IHiz0pZgr8VEFqXFtZWpYD08ZB6FaSwVAS8MKRQAP3bYKiVjwysOJgMFY28o6Tw==",
            "requires": {
                "regenerator-runtime": "^0.13.4"
            }
        },
        "@wq/model": {
            "version": "1.3.0-alpha.3",
            "resolved": "https://registry.npmjs.org/@wq/model/-/model-1.3.0-alpha.3.tgz",
            "integrity": "sha512-njiWWCzb3pMXVvZy04OtWgsnpQAMb2fsv+bvj7C6LojLzajAzFFDTNXLMd0Wz8x+TstiFQIiUAzs9DUW8grV6g==",
            "requires": {
                "@wq/store": "^1.3.0-alpha.2",
                "deepcopy": "^2.1.0",
                "redux-orm": "https://github.com/redux-orm/redux-orm/archive/29f1826.tar.gz"
            }
        },
        "@wq/react": {
            "version": "1.3.0-beta.0",
            "resolved": "https://registry.npmjs.org/@wq/react/-/react-1.3.0-beta.0.tgz",
            "integrity": "sha512-JeOWh1o1pAqdwOJNuDW2pMR8vF8PhNaftS/SSx2pNfs7dZZKE35nvm0II5CpJ0FjLZMGj3OAGpW9KHatfYdEvw==",
            "requires": {
                "@wq/model": "^1.3.0-alpha.3",
                "capital-case": "^1.0.3",
                "formik": "^2.1.5",
                "param-case": "^3.0.3",
                "pascal-case": "^3.1.1",
                "react-redux": "^7.2.1",
                "redux-first-router-link": "^2.1.1"
            }
        },
        "@wq/store": {
            "version": "1.3.0-alpha.2",
            "resolved": "https://registry.npmjs.org/@wq/store/-/store-1.3.0-alpha.2.tgz",
            "integrity": "sha512-a7aPCJOyPT8RKuWK4YAOZHyRUGBG584yzx9i1wYoMSQDeNwiCtFjuqG8G5f37Wlc1tsbC5/7MSA7AwhKzLW8/Q==",
            "requires": {
                "localforage": "^1.9.0",
                "redux": "^4.0.5",
                "redux-logger": "^3.0.6",
                "redux-persist": "^6.0.0",
                "whatwg-fetch": "^3.4.0"
            }
        },
        "capital-case": {
            "version": "1.0.4",
            "resolved": "https://registry.npmjs.org/capital-case/-/capital-case-1.0.4.tgz",
            "integrity": "sha512-ds37W8CytHgwnhGGTi88pcPyR15qoNkOpYwmMMfnWqqWgESapLqvDx6huFjQ5vqWSn2Z06173XNA7LtMOeUh1A==",
            "requires": {
                "no-case": "^3.0.4",
                "tslib": "^2.0.3",
                "upper-case-first": "^2.0.2"
            }
        },
        "deep-diff": {
            "version": "0.3.8",
            "resolved": "https://registry.npmjs.org/deep-diff/-/deep-diff-0.3.8.tgz",
            "integrity": "sha1-wB3mPvsO7JeYgB1Ax+Da4ltYLIQ="
        },
        "deepcopy": {
            "version": "2.1.0",
            "resolved": "https://registry.npmjs.org/deepcopy/-/deepcopy-2.1.0.tgz",
            "integrity": "sha512-8cZeTb1ZKC3bdSCP6XOM1IsTczIO73fdqtwa2B0N15eAz7gmyhQo+mc5gnFuulsgN3vIQYmTgbmQVKalH1dKvQ==",
            "requires": {
                "type-detect": "^4.0.8"
            }
        },
        "deepmerge": {
            "version": "2.2.1",
            "resolved": "https://registry.npmjs.org/deepmerge/-/deepmerge-2.2.1.tgz",
            "integrity": "sha512-R9hc1Xa/NOBi9WRVUWg19rl1UB7Tt4kuPd+thNJgFZoxXsTz7ncaPaeIm+40oSGuP33DfMb4sZt1QIGiJzC4EA=="
        },
        "dot-case": {
            "version": "3.0.4",
            "resolved": "https://registry.npmjs.org/dot-case/-/dot-case-3.0.4.tgz",
            "integrity": "sha512-Kv5nKlh6yRrdrGvxeJ2e5y2eRUpkUosIW4A2AS38zwSz27zu7ufDwQPi5Jhs3XAlGNetl3bmnGhQsMtkKJnj3w==",
            "requires": {
                "no-case": "^3.0.4",
                "tslib": "^2.0.3"
            }
        },
        "formik": {
            "version": "2.2.6",
            "resolved": "https://registry.npmjs.org/formik/-/formik-2.2.6.tgz",
            "integrity": "sha512-Kxk2zQRafy56zhLmrzcbryUpMBvT0tal5IvcifK5+4YNGelKsnrODFJ0sZQRMQboblWNym4lAW3bt+tf2vApSA==",
            "requires": {
                "deepmerge": "^2.1.1",
                "hoist-non-react-statics": "^3.3.0",
                "lodash": "^4.17.14",
                "lodash-es": "^4.17.14",
                "react-fast-compare": "^2.0.1",
                "tiny-warning": "^1.0.2",
                "tslib": "^1.10.0"
            },
            "dependencies": {
                "tslib": {
                    "version": "1.14.1",
                    "resolved": "https://registry.npmjs.org/tslib/-/tslib-1.14.1.tgz",
                    "integrity": "sha512-Xni35NKzjgMrwevysHTCArtLDpPvye8zV/0E4EyYn43P7/7qvQwPh9BGkHewbMulVntbigmcT7rdX3BNo9wRJg=="
                }
            }
        },
        "hoist-non-react-statics": {
            "version": "3.3.2",
            "resolved": "https://registry.npmjs.org/hoist-non-react-statics/-/hoist-non-react-statics-3.3.2.tgz",
            "integrity": "sha512-/gGivxi8JPKWNm/W0jSmzcMPpfpPLc3dY/6GxhX2hQ9iGj3aDfklV4ET7NjKpSinLpJ5vafa9iiGIEZg10SfBw==",
            "requires": {
                "react-is": "^16.7.0"
            }
        },
        "immediate": {
            "version": "3.0.6",
            "resolved": "https://registry.npmjs.org/immediate/-/immediate-3.0.6.tgz",
            "integrity": "sha1-nbHb0Pr43m++D13V5Wu2BigN5ps="
        },
        "immutable-ops": {
            "version": "0.7.0",
            "resolved": "https://registry.npmjs.org/immutable-ops/-/immutable-ops-0.7.0.tgz",
            "integrity": "sha512-5tOOKVgMr3fzSX92vMJTf8CchlVxSmMm1m7nnv4pXZ6w5feLmBFIAFA1arQ+TM785kd0nzV1kUvDWlytpEnQZw==",
            "requires": {
                "@babel/runtime": "^7.0.0",
                "ramda": "^0.26.1"
            }
        },
        "invariant": {
            "version": "2.2.4",
            "resolved": "https://registry.npmjs.org/invariant/-/invariant-2.2.4.tgz",
            "integrity": "sha512-phJfQVBuaJM5raOpJjSfkiD6BpbCE4Ns//LaXl6wGYtUBY83nWS6Rf9tXm2e8VaK60JEjYldbPif/A2B1C2gNA==",
            "requires": {
                "loose-envify": "^1.0.0"
            }
        },
        "isarray": {
            "version": "0.0.1",
            "resolved": "https://registry.npmjs.org/isarray/-/isarray-0.0.1.tgz",
            "integrity": "sha1-ihis/Kmo9Bd+Cav8YDiTmwXR7t8="
        },
        "js-tokens": {
            "version": "4.0.0",
            "resolved": "https://registry.npmjs.org/js-tokens/-/js-tokens-4.0.0.tgz",
            "integrity": "sha512-RdJUflcE3cUzKiMqQgsCu06FPu9UdIJO0beYbPhHN4k6apgJtifcoCtT9bcxOpYBtpD2kCM6Sbzg4CausW/PKQ=="
        },
        "lie": {
            "version": "3.1.1",
            "resolved": "https://registry.npmjs.org/lie/-/lie-3.1.1.tgz",
            "integrity": "sha1-mkNrLMd0bKWd56QfpGmz77dr2H4=",
            "requires": {
                "immediate": "~3.0.5"
            }
        },
        "localforage": {
            "version": "1.9.0",
            "resolved": "https://registry.npmjs.org/localforage/-/localforage-1.9.0.tgz",
            "integrity": "sha512-rR1oyNrKulpe+VM9cYmcFn6tsHuokyVHFaCM3+osEmxaHTbEk8oQu6eGDfS6DQLWi/N67XRmB8ECG37OES368g==",
            "requires": {
                "lie": "3.1.1"
            }
        },
        "lodash": {
            "version": "4.17.20",
            "resolved": "https://registry.npmjs.org/lodash/-/lodash-4.17.20.tgz",
            "integrity": "sha512-PlhdFcillOINfeV7Ni6oF1TAEayyZBoZ8bcshTHqOYJYlrqzRK5hagpagky5o4HfCzzd1TRkXPMFq6cKk9rGmA=="
        },
        "lodash-es": {
            "version": "4.17.15",
            "resolved": "https://registry.npmjs.org/lodash-es/-/lodash-es-4.17.15.tgz",
            "integrity": "sha512-rlrc3yU3+JNOpZ9zj5pQtxnx2THmvRykwL4Xlxoa8I9lHBlVbbyPhgyPMioxVZ4NqyxaVVtaJnzsyOidQIhyyQ=="
        },
        "loose-envify": {
            "version": "1.4.0",
            "resolved": "https://registry.npmjs.org/loose-envify/-/loose-envify-1.4.0.tgz",
            "integrity": "sha512-lyuxPGr/Wfhrlem2CL/UcnUc1zcqKAImBDzukY7Y5F/yQiNdko6+fRLevlw1HgMySw7f611UIY408EtxRSoK3Q==",
            "requires": {
                "js-tokens": "^3.0.0 || ^4.0.0"
            }
        },
        "lower-case": {
            "version": "2.0.2",
            "resolved": "https://registry.npmjs.org/lower-case/-/lower-case-2.0.2.tgz",
            "integrity": "sha512-7fm3l3NAF9WfN6W3JOmf5drwpVqX78JtoGJ3A6W0a6ZnldM41w2fV5D490psKFTpMds8TJse/eHLFFsNHHjHgg==",
            "requires": {
                "tslib": "^2.0.3"
            }
        },
        "mustache": {
            "version": "4.0.1",
            "resolved": "https://registry.npmjs.org/mustache/-/mustache-4.0.1.tgz",
            "integrity": "sha512-yL5VE97+OXn4+Er3THSmTdCFCtx5hHWzrolvH+JObZnUYwuaG7XV+Ch4fR2cIrcYI0tFHxS7iyFYl14bW8y2sA=="
        },
        "no-case": {
            "version": "3.0.4",
            "resolved": "https://registry.npmjs.org/no-case/-/no-case-3.0.4.tgz",
            "integrity": "sha512-fgAN3jGAh+RoxUGZHTSOLJIqUc2wmoBwGR4tbpNAKmmovFoWq0OdRkb0VkldReO2a2iBT/OEulG9XSUc10r3zg==",
            "requires": {
                "lower-case": "^2.0.2",
                "tslib": "^2.0.3"
            }
        },
        "object-assign": {
            "version": "4.1.1",
            "resolved": "https://registry.npmjs.org/object-assign/-/object-assign-4.1.1.tgz",
            "integrity": "sha1-IQmtx5ZYh8/AXLvUQsrIv7s2CGM="
        },
        "param-case": {
            "version": "3.0.4",
            "resolved": "https://registry.npmjs.org/param-case/-/param-case-3.0.4.tgz",
            "integrity": "sha512-RXlj7zCYokReqWpOPH9oYivUzLYZ5vAPIfEmCTNViosC78F8F0H9y7T7gG2M39ymgutxF5gcFEsyZQSph9Bp3A==",
            "requires": {
                "dot-case": "^3.0.4",
                "tslib": "^2.0.3"
            }
        },
        "pascal-case": {
            "version": "3.1.2",
            "resolved": "https://registry.npmjs.org/pascal-case/-/pascal-case-3.1.2.tgz",
            "integrity": "sha512-uWlGT3YSnK9x3BQJaOdcZwrnV6hPpd8jFH1/ucpiLRPh/2zCVJKS19E4GvYHvaCcACn3foXZ0cLB9Wrx1KGe5g==",
            "requires": {
                "no-case": "^3.0.4",
                "tslib": "^2.0.3"
            }
        },
        "path-to-regexp": {
            "version": "1.8.0",
            "resolved": "https://registry.npmjs.org/path-to-regexp/-/path-to-regexp-1.8.0.tgz",
            "integrity": "sha512-n43JRhlUKUAlibEJhPeir1ncUID16QnEjNpwzNdO3Lm4ywrBpBZ5oLD0I6br9evr1Y9JTqwRtAh7JLoOzAQdVA==",
            "requires": {
                "isarray": "0.0.1"
            }
        },
        "prop-types": {
            "version": "15.7.2",
            "resolved": "https://registry.npmjs.org/prop-types/-/prop-types-15.7.2.tgz",
            "integrity": "sha512-8QQikdH7//R2vurIJSutZ1smHYTcLpRWEOlHnzcWHmBYrOGUysKwSsrC89BCiFj3CbrfJ/nXFdJepOVrY1GCHQ==",
            "requires": {
                "loose-envify": "^1.4.0",
                "object-assign": "^4.1.1",
                "react-is": "^16.8.1"
            }
        },
        "ramda": {
            "version": "0.26.1",
            "resolved": "https://registry.npmjs.org/ramda/-/ramda-0.26.1.tgz",
            "integrity": "sha512-hLWjpy7EnsDBb0p+Z3B7rPi3GDeRG5ZtiI33kJhTt+ORCd38AbAIjB/9zRIUoeTbE/AVX5ZkU7m6bznsvrf8eQ=="
        },
        "re-reselect": {
            "version": "4.0.0",
            "resolved": "https://registry.npmjs.org/re-reselect/-/re-reselect-4.0.0.tgz",
            "integrity": "sha512-wuygyq8TXUlSdVXv2kigXxQNOgdb9m7LbIjwfTNGSpaY1riLd5e+VeQjlQMyUtrk0oiyhi1AqIVynworl3qxHA=="
        },
        "react-fast-compare": {
            "version": "2.0.4",
            "resolved": "https://registry.npmjs.org/react-fast-compare/-/react-fast-compare-2.0.4.tgz",
            "integrity": "sha512-suNP+J1VU1MWFKcyt7RtjiSWUjvidmQSlqu+eHslq+342xCbGTYmC0mEhPCOHxlW0CywylOC1u2DFAT+bv4dBw=="
        },
        "react-is": {
            "version": "16.13.1",
            "resolved": "https://registry.npmjs.org/react-is/-/react-is-16.13.1.tgz",
            "integrity": "sha512-24e6ynE2H+OKt4kqsOvNd8kBpV65zoxbA4BVsEOB3ARVWQki/DHzaUoC5KuON/BiccDaCCTZBuOcfZs70kR8bQ=="
        },
        "react-redux": {
            "version": "7.2.2",
            "resolved": "https://registry.npmjs.org/react-redux/-/react-redux-7.2.2.tgz",
            "integrity": "sha512-8+CQ1EvIVFkYL/vu6Olo7JFLWop1qRUeb46sGtIMDCSpgwPQq8fPLpirIB0iTqFe9XYEFPHssdX8/UwN6pAkEA==",
            "requires": {
                "@babel/runtime": "^7.12.1",
                "hoist-non-react-statics": "^3.3.2",
                "loose-envify": "^1.4.0",
                "prop-types": "^15.7.2",
                "react-is": "^16.13.1"
            },
            "dependencies": {
                "@babel/runtime": {
                    "version": "7.12.5",
                    "resolved": "https://registry.npmjs.org/@babel/runtime/-/runtime-7.12.5.tgz",
                    "integrity": "sha512-plcc+hbExy3McchJCEQG3knOsuh3HH+Prx1P6cLIkET/0dLuQDEnrT+s27Axgc9bqfsmNUNHfscgMUdBpC9xfg==",
                    "requires": {
                        "regenerator-runtime": "^0.13.4"
                    }
                }
            }
        },
        "redux": {
            "version": "4.0.5",
            "resolved": "https://registry.npmjs.org/redux/-/redux-4.0.5.tgz",
            "integrity": "sha512-VSz1uMAH24DM6MF72vcojpYPtrTUu3ByVWfPL1nPfVRb5mZVTve5GnNCUV53QM/BZ66xfWrm0CTWoM+Xlz8V1w==",
            "requires": {
                "loose-envify": "^1.4.0",
                "symbol-observable": "^1.2.0"
            }
        },
        "redux-first-router-link": {
            "version": "2.1.1",
            "resolved": "https://registry.npmjs.org/redux-first-router-link/-/redux-first-router-link-2.1.1.tgz",
            "integrity": "sha512-WjOuaMPWhdeWCFGpkcwSJqhhNa5+v9XJwZOrfZki+Nv51QO+klDb11xQEPiLFRPZvQ9yqv5waqRrnbCCZe7d0A==",
            "requires": {
                "path-to-regexp": "^1.7.0",
                "prop-types": "^15.5.10",
                "rudy-history": "^1.0.0",
                "rudy-match-path": "^0.3.0"
            }
        },
        "redux-logger": {
            "version": "3.0.6",
            "resolved": "https://registry.npmjs.org/redux-logger/-/redux-logger-3.0.6.tgz",
            "integrity": "sha1-91VZZvMJjzyIYExEnPC69XeCdL8=",
            "requires": {
                "deep-diff": "^0.3.5"
            }
        },
        "redux-orm": {
            "version": "https://github.com/redux-orm/redux-orm/archive/29f1826.tar.gz",
            "integrity": "sha512-Q3UFx+Uk5vIN9G0BQqExKhXHgtyfhjEaquWllfLKmcF5w7+Iqa9Rz81WygJR0cyGufJXgkP5/o9UFEOy0FWcgg==",
            "requires": {
                "@babel/runtime": "^7.11.2",
                "immutable-ops": "^0.7.0",
                "lodash": "^4.17.19",
                "re-reselect": "^4.0.0",
                "reselect": "^3.0.1"
            }
        },
        "redux-persist": {
            "version": "6.0.0",
            "resolved": "https://registry.npmjs.org/redux-persist/-/redux-persist-6.0.0.tgz",
            "integrity": "sha512-71LLMbUq2r02ng2We9S215LtPu3fY0KgaGE0k8WRgl6RkqxtGfl7HUozz1Dftwsb0D/5mZ8dwAaPbtnzfvbEwQ=="
        },
        "regenerator-runtime": {
            "version": "0.13.7",
            "resolved": "https://registry.npmjs.org/regenerator-runtime/-/regenerator-runtime-0.13.7.tgz",
            "integrity": "sha512-a54FxoJDIr27pgf7IgeQGxmqUNYrcV338lf/6gH456HZ/PhX+5BcwHXG9ajESmwe6WRO0tAzRUrRmNONWgkrew=="
        },
        "reselect": {
            "version": "3.0.1",
            "resolved": "https://registry.npmjs.org/reselect/-/reselect-3.0.1.tgz",
            "integrity": "sha1-79qpjqdFEyTQkrKyFjpqHXqaIUc="
        },
        "resolve-pathname": {
            "version": "2.2.0",
            "resolved": "https://registry.npmjs.org/resolve-pathname/-/resolve-pathname-2.2.0.tgz",
            "integrity": "sha512-bAFz9ld18RzJfddgrO2e/0S2O81710++chRMUxHjXOYKF6jTAMrUNZrEZ1PvV0zlhfjidm08iRPdTLPno1FuRg=="
        },
        "rudy-history": {
            "version": "1.0.0",
            "resolved": "https://registry.npmjs.org/rudy-history/-/rudy-history-1.0.0.tgz",
            "integrity": "sha512-UTW+bwDNXurwxBaLl7hixG8OW3nwhbtUFipGJ6hmyHFASihWiZQbcg0noqe3gqmmk+zVRBblls9sguAvTx+ciQ==",
            "requires": {
                "invariant": "^2.2.1",
                "loose-envify": "^1.2.0",
                "resolve-pathname": "^2.2.0",
                "value-equal": "^0.4.0",
                "warning": "^3.0.0"
            }
        },
        "rudy-match-path": {
            "version": "0.3.0",
            "resolved": "https://registry.npmjs.org/rudy-match-path/-/rudy-match-path-0.3.0.tgz",
            "integrity": "sha512-xxdsPJZr7JtOibXCBYFmAgiEOvw1QK1rLSQ5sHiBvyzyD08rwjIZwg00Lt4G80g/4mhu639CSxRxQA4H+d1OHw==",
            "requires": {
                "path-to-regexp": "^1.7.0"
            }
        },
        "symbol-observable": {
            "version": "1.2.0",
            "resolved": "https://registry.npmjs.org/symbol-observable/-/symbol-observable-1.2.0.tgz",
            "integrity": "sha512-e900nM8RRtGhlV36KGEU9k65K3mPb1WV70OdjfxlG2EAuM1noi/E/BaW/uMhL7bPEssK8QV57vN3esixjUvcXQ=="
        },
        "tiny-warning": {
            "version": "1.0.3",
            "resolved": "https://registry.npmjs.org/tiny-warning/-/tiny-warning-1.0.3.tgz",
            "integrity": "sha512-lBN9zLN/oAf68o3zNXYrdCt1kP8WsiGW8Oo2ka41b2IM5JL/S1CTyX1rW0mb/zSuJun0ZUrDxx4sqvYS2FWzPA=="
        },
        "tslib": {
            "version": "2.0.3",
            "resolved": "https://registry.npmjs.org/tslib/-/tslib-2.0.3.tgz",
            "integrity": "sha512-uZtkfKblCEQtZKBF6EBXVZeQNl82yqtDQdv+eck8u7tdPxjLu2/lp5/uPW+um2tpuxINHWy3GhiccY7QgEaVHQ=="
        },
        "type-detect": {
            "version": "4.0.8",
            "resolved": "https://registry.npmjs.org/type-detect/-/type-detect-4.0.8.tgz",
            "integrity": "sha512-0fr/mIH1dlO+x7TlcMy+bIDqKPsw/70tVyeHW787goQjhmqaZe10uwLujubK9q9Lg6Fiho1KUKDYz0Z7k7g5/g=="
        },
        "upper-case-first": {
            "version": "2.0.2",
            "resolved": "https://registry.npmjs.org/upper-case-first/-/upper-case-first-2.0.2.tgz",
            "integrity": "sha512-514ppYHBaKwfJRK/pNC6c/OxfGa0obSnAl106u97Ed0I625Nin96KAjttZF6ZL3e1XLtphxnqrOi9iWgm+u+bg==",
            "requires": {
                "tslib": "^2.0.3"
            }
        },
        "value-equal": {
            "version": "0.4.0",
            "resolved": "https://registry.npmjs.org/value-equal/-/value-equal-0.4.0.tgz",
            "integrity": "sha512-x+cYdNnaA3CxvMaTX0INdTCN8m8aF2uY9BvEqmxuYp8bL09cs/kWVQPVGcA35fMktdOsP69IgU7wFj/61dJHEw=="
        },
        "warning": {
            "version": "3.0.0",
            "resolved": "https://registry.npmjs.org/warning/-/warning-3.0.0.tgz",
            "integrity": "sha1-MuU3fLVy3kqwR1O9+IIcAe1gW3w=",
            "requires": {
                "loose-envify": "^1.0.0"
            }
        },
        "whatwg-fetch": {
            "version": "3.4.0",
            "resolved": "https://registry.npmjs.org/whatwg-fetch/-/whatwg-fetch-3.4.0.tgz",
            "integrity": "sha512-rsum2ulz2iuZH08mJkT0Yi6JnKhwdw4oeyMjokgxd+mmqYSd9cPpOQf01TIWgjxG/U4+QR+AwKq6lSbXVxkyoQ=="
        }
    }
}
