{
    "name": "@wq/template",
    "version": "1.2.0-alpha.1",
    "lockfileVersion": 1,
    "requires": true,
    "dependencies": {
        "@wq/jquery-mobile": {
            "version": "1.2.0-alpha.1",
            "requires": {
                "jquery": "1.12.4"
            },
            "dependencies": {
                "@wq/jest-env-jsdom-idb": {
                    "bundled": true,
                    "requires": {
                        "fake-indexeddb": "2.0.3"
                    },
                    "dependencies": {
                        "core-js": {
                            "version": "2.6.9",
                            "bundled": true
                        },
                        "fake-indexeddb": {
                            "version": "2.0.3",
                            "bundled": true,
                            "requires": {
                                "core-js": "2.6.9",
                                "realistic-structured-clone": "1.0.1",
                                "setimmediate": "1.0.5"
                            }
                        },
                        "lodash._basefor": {
                            "version": "3.0.3",
                            "bundled": true
                        },
                        "lodash.isarguments": {
                            "version": "3.1.0",
                            "bundled": true
                        },
                        "lodash.isarray": {
                            "version": "3.0.4",
                            "bundled": true
                        },
                        "lodash.isplainobject": {
                            "version": "3.2.0",
                            "bundled": true,
                            "requires": {
                                "lodash._basefor": "3.0.3",
                                "lodash.isarguments": "3.1.0",
                                "lodash.keysin": "3.0.8"
                            }
                        },
                        "lodash.keysin": {
                            "version": "3.0.8",
                            "bundled": true,
                            "requires": {
                                "lodash.isarguments": "3.1.0",
                                "lodash.isarray": "3.0.4"
                            }
                        },
                        "realistic-structured-clone": {
                            "version": "1.0.1",
                            "bundled": true,
                            "requires": {
                                "lodash.isplainobject": "3.2.0"
                            }
                        },
                        "setimmediate": {
                            "version": "1.0.5",
                            "bundled": true
                        }
                    }
                },
                "jquery": {
                    "version": "1.12.4",
                    "bundled": true
                }
            }
        },
        "mustache": {
            "version": "3.1.0",
            "resolved": "https://registry.npmjs.org/mustache/-/mustache-3.1.0.tgz",
            "integrity": "sha512-3Bxq1R5LBZp7fbFPZzFe5WN4s0q3+gxZaZuZVY+QctYJiCiVgXHOTIC0/HgZuOPFt/6BQcx5u0H2CUOxT/RoGQ=="
        }
    }
}
