{
    "name": "@wq/template",
    "version": "1.2.0",
    "lockfileVersion": 1,
    "requires": true,
    "dependencies": {
        "@wq/jquery-mobile": {
            "version": "1.2.0",
            "resolved": "https://registry.npmjs.org/@wq/jquery-mobile/-/jquery-mobile-1.2.0.tgz",
            "integrity": "sha512-duQf1f02TvarbBHSUymbBOkRKMM3CHrkviZ++n1ck3ikok+DaPuvnLzlLk1nEVU/cgN6Ib0ZbxPb4nJqfQfiUg==",
            "requires": {
                "jquery": "^1.12.4"
            }
        },
        "jquery": {
            "version": "1.12.4",
            "resolved": "https://registry.npmjs.org/jquery/-/jquery-1.12.4.tgz",
            "integrity": "sha1-AeHfuikP5z3rp3zurLD5ui/sngw="
        },
        "mustache": {
            "version": "3.1.0",
            "resolved": "https://registry.npmjs.org/mustache/-/mustache-3.1.0.tgz",
            "integrity": "sha512-3Bxq1R5LBZp7fbFPZzFe5WN4s0q3+gxZaZuZVY+QctYJiCiVgXHOTIC0/HgZuOPFt/6BQcx5u0H2CUOxT/RoGQ=="
        }
    }
}
