{
    "name": "@wq/router",
    "version": "1.1.2",
    "lockfileVersion": 1,
    "requires": true,
    "dependencies": {
        "@wq/jquery-mobile": {
            "version": "1.1.2",
            "resolved": "https://registry.npmjs.org/@wq/jquery-mobile/-/jquery-mobile-1.1.2.tgz",
            "integrity": "sha512-U1rOqr+9ET16ex6/WajBnLJ+C+wHzLSqP5vPKKim66AIDGVXY+7B24kC8B8XS3CYiq82Kmo6yX5S8AsIfxhFnA==",
            "requires": {
                "@wq/jest-env-jsdom-idb": "0.1.1",
                "jquery": "1.12.4"
            },
            "dependencies": {
                "@wq/jest-env-jsdom-idb": {
                    "version": "0.1.1",
                    "resolved": "https://registry.npmjs.org/@wq/jest-env-jsdom-idb/-/jest-env-jsdom-idb-0.1.1.tgz",
                    "integrity": "sha512-foIe+GLGV2QOsMyA5zyyyRze+OlhKUcAtrSTWQxBdWnNaMrFDRuLuZk09/e+CMH9Wf+KkIpIrJH2QlaDN57FHg==",
                    "requires": {
                        "fake-indexeddb": "2.0.3"
                    }
                },
                "jquery": {
                    "version": "1.12.4",
                    "resolved": "https://registry.npmjs.org/jquery/-/jquery-1.12.4.tgz",
                    "integrity": "sha1-AeHfuikP5z3rp3zurLD5ui/sngw="
                }
            }
        },
        "@wq/store": {
            "version": "1.1.2",
            "resolved": "https://registry.npmjs.org/@wq/store/-/store-1.1.2.tgz",
            "integrity": "sha512-NpFkR52mQQzfyXHN8bCIRmfZ+Y1odJ/mFhRxwe66MECReYVSSw1OCOCMlCGWLP8g2jAHy88tFSO8okdn/IdvYw==",
            "requires": {
                "localforage": "1.7.3",
                "localforage-memoryStorageDriver": "0.9.2",
                "whatwg-fetch": "2.0.4"
            }
        },
        "@wq/template": {
            "version": "1.1.2",
            "resolved": "https://registry.npmjs.org/@wq/template/-/template-1.1.2.tgz",
            "integrity": "sha512-Gd3AtOfb2Qbj9OPeSJob9zHQ5SEqfDjXt7tGW13iVyNCMWaGmQfsn1u3Ua3PbNRKydPwsTZvbfzlUo+NB5oDHw==",
            "requires": {
                "@wq/jquery-mobile": "1.1.2",
                "mustache": "3.0.1"
            }
        },
        "core-js": {
            "version": "2.6.2",
            "resolved": "https://registry.npmjs.org/core-js/-/core-js-2.6.2.tgz",
            "integrity": "sha512-NdBPF/RVwPW6jr0NCILuyN9RiqLo2b1mddWHkUL+VnvcB7dzlnBJ1bXYntjpTGOgkZiiLWj2JxmOr7eGE3qK6g=="
        },
        "decode-uri-component": {
            "version": "0.2.0",
            "resolved": "https://registry.npmjs.org/decode-uri-component/-/decode-uri-component-0.2.0.tgz",
            "integrity": "sha1-6zkTMzRYd1y4TNGh+uBiEGu4dUU="
        },
        "fake-indexeddb": {
            "version": "2.0.3",
            "resolved": "https://registry.npmjs.org/fake-indexeddb/-/fake-indexeddb-2.0.3.tgz",
            "integrity": "sha1-YxmwzBaxxjQ/Ri1c+VKRyxGktYs=",
            "requires": {
                "core-js": "2.6.2",
                "realistic-structured-clone": "1.0.1",
                "setimmediate": "1.0.5"
            }
        },
        "immediate": {
            "version": "3.0.6",
            "resolved": "https://registry.npmjs.org/immediate/-/immediate-3.0.6.tgz",
            "integrity": "sha1-nbHb0Pr43m++D13V5Wu2BigN5ps="
        },
        "invariant": {
            "version": "2.2.4",
            "resolved": "https://registry.npmjs.org/invariant/-/invariant-2.2.4.tgz",
            "integrity": "sha512-phJfQVBuaJM5raOpJjSfkiD6BpbCE4Ns//LaXl6wGYtUBY83nWS6Rf9tXm2e8VaK60JEjYldbPif/A2B1C2gNA==",
            "requires": {
                "loose-envify": "1.4.0"
            }
        },
        "isarray": {
            "version": "0.0.1",
            "resolved": "https://registry.npmjs.org/isarray/-/isarray-0.0.1.tgz",
            "integrity": "sha1-ihis/Kmo9Bd+Cav8YDiTmwXR7t8="
        },
        "js-tokens": {
            "version": "4.0.0",
            "resolved": "https://registry.npmjs.org/js-tokens/-/js-tokens-4.0.0.tgz",
            "integrity": "sha512-RdJUflcE3cUzKiMqQgsCu06FPu9UdIJO0beYbPhHN4k6apgJtifcoCtT9bcxOpYBtpD2kCM6Sbzg4CausW/PKQ=="
        },
        "lie": {
            "version": "3.1.1",
            "resolved": "https://registry.npmjs.org/lie/-/lie-3.1.1.tgz",
            "integrity": "sha1-mkNrLMd0bKWd56QfpGmz77dr2H4=",
            "requires": {
                "immediate": "3.0.6"
            }
        },
        "localforage": {
            "version": "1.7.3",
            "resolved": "https://registry.npmjs.org/localforage/-/localforage-1.7.3.tgz",
            "integrity": "sha512-1TulyYfc4udS7ECSBT2vwJksWbkwwTX8BzeUIiq8Y07Riy7bDAAnxDaPU/tWyOVmQAcWJIEIFP9lPfBGqVoPgQ==",
            "requires": {
                "lie": "3.1.1"
            }
        },
        "localforage-memoryStorageDriver": {
            "version": "0.9.2",
            "resolved": "https://registry.npmjs.org/localforage-memoryStorageDriver/-/localforage-memoryStorageDriver-0.9.2.tgz",
            "integrity": "sha1-Lg9/8qyw6f9egsUsni6z1juZjTA=",
            "requires": {
                "localforage": "1.7.3"
            }
        },
        "lodash._basefor": {
            "version": "3.0.3",
            "resolved": "https://registry.npmjs.org/lodash._basefor/-/lodash._basefor-3.0.3.tgz",
            "integrity": "sha1-dVC06SGO8J+tJDQ7YSAhx5tMIMI="
        },
        "lodash.isarguments": {
            "version": "3.1.0",
            "resolved": "https://registry.npmjs.org/lodash.isarguments/-/lodash.isarguments-3.1.0.tgz",
            "integrity": "sha1-L1c9hcaiQon/AGY7SRwdM4/zRYo="
        },
        "lodash.isarray": {
            "version": "3.0.4",
            "resolved": "https://registry.npmjs.org/lodash.isarray/-/lodash.isarray-3.0.4.tgz",
            "integrity": "sha1-eeTriMNqgSKvhvhEqpvNhRtfu1U="
        },
        "lodash.isplainobject": {
            "version": "3.2.0",
            "resolved": "https://registry.npmjs.org/lodash.isplainobject/-/lodash.isplainobject-3.2.0.tgz",
            "integrity": "sha1-moI4rhayAEMpYM1zRlEtASP79MU=",
            "requires": {
                "lodash._basefor": "3.0.3",
                "lodash.isarguments": "3.1.0",
                "lodash.keysin": "3.0.8"
            }
        },
        "lodash.keysin": {
            "version": "3.0.8",
            "resolved": "https://registry.npmjs.org/lodash.keysin/-/lodash.keysin-3.0.8.tgz",
            "integrity": "sha1-IsRJPrvtsUJ5YqVLRFssinZ/tH8=",
            "requires": {
                "lodash.isarguments": "3.1.0",
                "lodash.isarray": "3.0.4"
            }
        },
        "loose-envify": {
            "version": "1.4.0",
            "resolved": "https://registry.npmjs.org/loose-envify/-/loose-envify-1.4.0.tgz",
            "integrity": "sha512-lyuxPGr/Wfhrlem2CL/UcnUc1zcqKAImBDzukY7Y5F/yQiNdko6+fRLevlw1HgMySw7f611UIY408EtxRSoK3Q==",
            "requires": {
                "js-tokens": "4.0.0"
            }
        },
        "mustache": {
            "version": "3.0.1",
            "resolved": "https://registry.npmjs.org/mustache/-/mustache-3.0.1.tgz",
            "integrity": "sha512-jFI/4UVRsRYdUbuDTKT7KzfOp7FiD5WzYmmwNwXyUVypC0xjoTL78Fqc0jHUPIvvGD+6DQSPHIt1NE7D1ArsqA=="
        },
        "path-to-regexp": {
            "version": "1.7.0",
            "resolved": "https://registry.npmjs.org/path-to-regexp/-/path-to-regexp-1.7.0.tgz",
            "integrity": "sha1-Wf3g9DW62suhA6hOnTvGTpa5k30=",
            "requires": {
                "isarray": "0.0.1"
            }
        },
        "query-string": {
            "version": "6.7.0",
            "resolved": "https://registry.npmjs.org/query-string/-/query-string-6.7.0.tgz",
            "integrity": "sha512-oQ01H1jrgDRbPq5SjtJF470S418GOrKkds+fpvAt6DQatHXl7bmkaJulHbTIM+QNGtoPpa8f5k9W3Zk50zXRPQ==",
            "requires": {
                "decode-uri-component": "0.2.0",
                "split-on-first": "1.1.0",
                "strict-uri-encode": "2.0.0"
            }
        },
        "realistic-structured-clone": {
            "version": "1.0.1",
            "resolved": "https://registry.npmjs.org/realistic-structured-clone/-/realistic-structured-clone-1.0.1.tgz",
            "integrity": "sha1-Gr6CrwuAzXsQn9r10pMIAyhS1F0=",
            "requires": {
                "lodash.isplainobject": "3.2.0"
            }
        },
        "redux-first-router": {
            "version": "2.1.2",
            "resolved": "https://registry.npmjs.org/redux-first-router/-/redux-first-router-2.1.2.tgz",
            "integrity": "sha512-X0v4qtWloSI6GTEuaLImlBWCcLlKPC+p9SJ9VQosgATnY1tbu+Y3BTCUi891x/svnfe8VOtD59C3SVlHlBTx2g==",
            "requires": {
                "rudy-history": "1.0.0",
                "rudy-match-path": "0.3.0"
            }
        },
        "resolve-pathname": {
            "version": "2.2.0",
            "resolved": "https://registry.npmjs.org/resolve-pathname/-/resolve-pathname-2.2.0.tgz",
            "integrity": "sha512-bAFz9ld18RzJfddgrO2e/0S2O81710++chRMUxHjXOYKF6jTAMrUNZrEZ1PvV0zlhfjidm08iRPdTLPno1FuRg=="
        },
        "rudy-history": {
            "version": "1.0.0",
            "resolved": "https://registry.npmjs.org/rudy-history/-/rudy-history-1.0.0.tgz",
            "integrity": "sha512-UTW+bwDNXurwxBaLl7hixG8OW3nwhbtUFipGJ6hmyHFASihWiZQbcg0noqe3gqmmk+zVRBblls9sguAvTx+ciQ==",
            "requires": {
                "invariant": "2.2.4",
                "loose-envify": "1.4.0",
                "resolve-pathname": "2.2.0",
                "value-equal": "0.4.0",
                "warning": "3.0.0"
            }
        },
        "rudy-match-path": {
            "version": "0.3.0",
            "resolved": "https://registry.npmjs.org/rudy-match-path/-/rudy-match-path-0.3.0.tgz",
            "integrity": "sha512-xxdsPJZr7JtOibXCBYFmAgiEOvw1QK1rLSQ5sHiBvyzyD08rwjIZwg00Lt4G80g/4mhu639CSxRxQA4H+d1OHw==",
            "requires": {
                "path-to-regexp": "1.7.0"
            }
        },
        "setimmediate": {
            "version": "1.0.5",
            "resolved": "https://registry.npmjs.org/setimmediate/-/setimmediate-1.0.5.tgz",
            "integrity": "sha1-KQy7Iy4waULX1+qbg3Mqt4VvgoU="
        },
        "split-on-first": {
            "version": "1.1.0",
            "resolved": "https://registry.npmjs.org/split-on-first/-/split-on-first-1.1.0.tgz",
            "integrity": "sha512-43ZssAJaMusuKWL8sKUBQXHWOpq8d6CfN/u1p4gUzfJkM05C8rxTmYrkIPTXapZpORA6LkkzcUulJ8FqA7Uudw=="
        },
        "strict-uri-encode": {
            "version": "2.0.0",
            "resolved": "https://registry.npmjs.org/strict-uri-encode/-/strict-uri-encode-2.0.0.tgz",
            "integrity": "sha1-ucczDHBChi9rFC3CdLvMWGbONUY="
        },
        "value-equal": {
            "version": "0.4.0",
            "resolved": "https://registry.npmjs.org/value-equal/-/value-equal-0.4.0.tgz",
            "integrity": "sha512-x+cYdNnaA3CxvMaTX0INdTCN8m8aF2uY9BvEqmxuYp8bL09cs/kWVQPVGcA35fMktdOsP69IgU7wFj/61dJHEw=="
        },
        "warning": {
            "version": "3.0.0",
            "resolved": "https://registry.npmjs.org/warning/-/warning-3.0.0.tgz",
            "integrity": "sha1-MuU3fLVy3kqwR1O9+IIcAe1gW3w=",
            "requires": {
                "loose-envify": "1.4.0"
            }
        },
        "whatwg-fetch": {
            "version": "2.0.4",
            "resolved": "https://registry.npmjs.org/whatwg-fetch/-/whatwg-fetch-2.0.4.tgz",
            "integrity": "sha512-dcQ1GWpOD/eEQ97k66aiEVpNnapVj90/+R+SXTPYGHpYBBypfKJEQjLrvMZ7YXbKm21gXd4NcuxUTjiv1YtLng=="
        }
    }
}
