{
  "requires": true,
  "lockfileVersion": 1,
  "dependencies": {
    "highlight.js": {
      "version": "9.15.6",
      "resolved": "https://registry.npmjs.org/highlight.js/-/highlight.js-9.15.6.tgz",
      "integrity": "sha512-zozTAWM1D6sozHo8kqhfYgsac+B+q0PmsjXeyDrYIHHcBN0zTVT66+s2GW1GZv7DbyaROdLXKdabwS/WqPyIdQ=="
    },
    "marked": {
      "version": "0.6.2",
      "resolved": "https://registry.npmjs.org/marked/-/marked-0.6.2.tgz",
      "integrity": "sha512-LqxwVH3P/rqKX4EKGz7+c2G9r98WeM/SW34ybhgNGhUQNKtf1GmmSkJ6cDGJ/t6tiyae49qRkpyTw2B9HOrgUA=="
    }
  }
}
