{
    "name": "@wq/outbox",
    "version": "1.3.0",
    "lockfileVersion": 2,
    "requires": true,
    "packages": {
        "": {
            "name": "@wq/outbox",
            "version": "1.3.0",
            "license": "MIT",
            "dependencies": {
                "@redux-offline/redux-offline": "2.6.0-native.0",
                "@wq/model": "^1.3.0",
                "@wq/store": "^1.3.0"
            },
            "devDependencies": {
                "@wq/router": "^1.3.0-alpha.2"
            }
        },
        "node_modules/@babel/runtime": {
            "version": "7.11.2",
            "resolved": "https://registry.npmjs.org/@babel/runtime/-/runtime-7.11.2.tgz",
            "integrity": "sha512-TeWkU52so0mPtDcaCTxNBI/IHiz0pZgr8VEFqXFtZWpYD08ZB6FaSwVAS8MKRQAP3bYKiVjwysOJgMFY28o6Tw==",
            "dependencies": {
                "regenerator-runtime": "^0.13.4"
            }
        },
        "node_modules/@redux-offline/redux-offline": {
            "version": "2.6.0-native.0",
            "resolved": "https://registry.npmjs.org/@redux-offline/redux-offline/-/redux-offline-2.6.0-native.0.tgz",
            "integrity": "sha512-NzJLUSelz9ad8ccg8nCo7gtz7bYP4LRrODp94PVP3eCVhwsFL8poez6j1t+hNDX6VHX6f404s6kdoEq7lob+Fg==",
            "dependencies": {
                "@babel/runtime": "^7.9.6",
                "redux-persist": "^4.6.0"
            },
            "peerDependencies": {
                "redux": ">=3"
            }
        },
        "node_modules/@wq/model": {
            "version": "1.3.0",
            "resolved": "https://registry.npmjs.org/@wq/model/-/model-1.3.0.tgz",
            "integrity": "sha512-N3gnhXKpe4d9zs30ASgeYf4LFiO8JOhLy7r+CDxmglPJ2lV65ZlgbIeoFHBcMpamsGitufycflzSJTFh3Jg/Sg==",
            "dependencies": {
                "@wq/store": "^1.3.0",
                "deepcopy": "^2.1.0",
                "redux-orm": "https://github.com/redux-orm/redux-orm/archive/29f1826.tar.gz"
            }
        },
        "node_modules/@wq/router": {
            "version": "1.3.0-alpha.2",
            "resolved": "https://registry.npmjs.org/@wq/router/-/router-1.3.0-alpha.2.tgz",
            "integrity": "sha512-pVoRC+6k0pNfZpegg7xqiF6g8I78frZdjQS+cUzEPkALYJoNwxO2fArVeGs30HPwQnLlxo1fkmXDLO1Dc/x6Xg==",
            "dev": true,
            "dependencies": {
                "@wq/store": "^1.3.0-alpha.2",
                "query-string": "^6.13.1",
                "redux-first-router": "^2.1.5"
            }
        },
        "node_modules/@wq/store": {
            "version": "1.3.0",
            "resolved": "https://registry.npmjs.org/@wq/store/-/store-1.3.0.tgz",
            "integrity": "sha512-WaYyXm3usiobl2g1NWSKSh5FsJxioeVsC75FM9aEfyCTUzDpVq4EmX0wzIHOKsvklCuCRhz4xPRHPvf6rokEyw==",
            "dependencies": {
                "localforage": "^1.9.0",
                "redux": "^4.0.5",
                "redux-logger": "^3.0.6",
                "redux-persist": "^6.0.0",
                "whatwg-fetch": "^3.4.0"
            }
        },
        "node_modules/@wq/store/node_modules/redux-persist": {
            "version": "6.0.0",
            "resolved": "https://registry.npmjs.org/redux-persist/-/redux-persist-6.0.0.tgz",
            "integrity": "sha512-71LLMbUq2r02ng2We9S215LtPu3fY0KgaGE0k8WRgl6RkqxtGfl7HUozz1Dftwsb0D/5mZ8dwAaPbtnzfvbEwQ==",
            "peerDependencies": {
                "redux": ">4.0.0"
            }
        },
        "node_modules/decode-uri-component": {
            "version": "0.2.0",
            "resolved": "https://registry.npmjs.org/decode-uri-component/-/decode-uri-component-0.2.0.tgz",
            "integrity": "sha1-6zkTMzRYd1y4TNGh+uBiEGu4dUU=",
            "dev": true,
            "engines": {
                "node": ">=0.10"
            }
        },
        "node_modules/deep-diff": {
            "version": "0.3.8",
            "resolved": "https://registry.npmjs.org/deep-diff/-/deep-diff-0.3.8.tgz",
            "integrity": "sha1-wB3mPvsO7JeYgB1Ax+Da4ltYLIQ="
        },
        "node_modules/deepcopy": {
            "version": "2.1.0",
            "resolved": "https://registry.npmjs.org/deepcopy/-/deepcopy-2.1.0.tgz",
            "integrity": "sha512-8cZeTb1ZKC3bdSCP6XOM1IsTczIO73fdqtwa2B0N15eAz7gmyhQo+mc5gnFuulsgN3vIQYmTgbmQVKalH1dKvQ==",
            "dependencies": {
                "type-detect": "^4.0.8"
            }
        },
        "node_modules/immediate": {
            "version": "3.0.6",
            "resolved": "https://registry.npmjs.org/immediate/-/immediate-3.0.6.tgz",
            "integrity": "sha1-nbHb0Pr43m++D13V5Wu2BigN5ps="
        },
        "node_modules/immutable-ops": {
            "version": "0.7.0",
            "resolved": "https://registry.npmjs.org/immutable-ops/-/immutable-ops-0.7.0.tgz",
            "integrity": "sha512-5tOOKVgMr3fzSX92vMJTf8CchlVxSmMm1m7nnv4pXZ6w5feLmBFIAFA1arQ+TM785kd0nzV1kUvDWlytpEnQZw==",
            "dependencies": {
                "@babel/runtime": "^7.0.0",
                "ramda": "^0.26.1"
            }
        },
        "node_modules/invariant": {
            "version": "2.2.4",
            "resolved": "https://registry.npmjs.org/invariant/-/invariant-2.2.4.tgz",
            "integrity": "sha512-phJfQVBuaJM5raOpJjSfkiD6BpbCE4Ns//LaXl6wGYtUBY83nWS6Rf9tXm2e8VaK60JEjYldbPif/A2B1C2gNA==",
            "dev": true,
            "dependencies": {
                "loose-envify": "^1.0.0"
            }
        },
        "node_modules/isarray": {
            "version": "0.0.1",
            "resolved": "https://registry.npmjs.org/isarray/-/isarray-0.0.1.tgz",
            "integrity": "sha1-ihis/Kmo9Bd+Cav8YDiTmwXR7t8=",
            "dev": true
        },
        "node_modules/js-tokens": {
            "version": "4.0.0",
            "resolved": "https://registry.npmjs.org/js-tokens/-/js-tokens-4.0.0.tgz",
            "integrity": "sha512-RdJUflcE3cUzKiMqQgsCu06FPu9UdIJO0beYbPhHN4k6apgJtifcoCtT9bcxOpYBtpD2kCM6Sbzg4CausW/PKQ==",
            "dev": true
        },
        "node_modules/json-stringify-safe": {
            "version": "5.0.1",
            "resolved": "https://registry.npmjs.org/json-stringify-safe/-/json-stringify-safe-5.0.1.tgz",
            "integrity": "sha1-Epai1Y/UXxmg9s4B1lcB4sc1tus="
        },
        "node_modules/lie": {
            "version": "3.1.1",
            "resolved": "https://registry.npmjs.org/lie/-/lie-3.1.1.tgz",
            "integrity": "sha1-mkNrLMd0bKWd56QfpGmz77dr2H4=",
            "dependencies": {
                "immediate": "~3.0.5"
            }
        },
        "node_modules/localforage": {
            "version": "1.10.0",
            "resolved": "https://registry.npmjs.org/localforage/-/localforage-1.10.0.tgz",
            "integrity": "sha512-14/H1aX7hzBBmmh7sGPd+AOMkkIrHM3Z1PAyGgZigA1H1p5O5ANnMyWzvpAETtG68/dC4pC0ncy3+PPGzXZHPg==",
            "dependencies": {
                "lie": "3.1.1"
            }
        },
        "node_modules/lodash": {
            "version": "4.17.20",
            "resolved": "https://registry.npmjs.org/lodash/-/lodash-4.17.20.tgz",
            "integrity": "sha512-PlhdFcillOINfeV7Ni6oF1TAEayyZBoZ8bcshTHqOYJYlrqzRK5hagpagky5o4HfCzzd1TRkXPMFq6cKk9rGmA=="
        },
        "node_modules/lodash-es": {
            "version": "4.17.15",
            "resolved": "https://registry.npmjs.org/lodash-es/-/lodash-es-4.17.15.tgz",
            "integrity": "sha512-rlrc3yU3+JNOpZ9zj5pQtxnx2THmvRykwL4Xlxoa8I9lHBlVbbyPhgyPMioxVZ4NqyxaVVtaJnzsyOidQIhyyQ=="
        },
        "node_modules/loose-envify": {
            "version": "1.4.0",
            "resolved": "https://registry.npmjs.org/loose-envify/-/loose-envify-1.4.0.tgz",
            "integrity": "sha512-lyuxPGr/Wfhrlem2CL/UcnUc1zcqKAImBDzukY7Y5F/yQiNdko6+fRLevlw1HgMySw7f611UIY408EtxRSoK3Q==",
            "dev": true,
            "dependencies": {
                "js-tokens": "^3.0.0 || ^4.0.0"
            },
            "bin": {
                "loose-envify": "cli.js"
            }
        },
        "node_modules/path-to-regexp": {
            "version": "1.8.0",
            "resolved": "https://registry.npmjs.org/path-to-regexp/-/path-to-regexp-1.8.0.tgz",
            "integrity": "sha512-n43JRhlUKUAlibEJhPeir1ncUID16QnEjNpwzNdO3Lm4ywrBpBZ5oLD0I6br9evr1Y9JTqwRtAh7JLoOzAQdVA==",
            "dev": true,
            "dependencies": {
                "isarray": "0.0.1"
            }
        },
        "node_modules/query-string": {
            "version": "6.13.1",
            "resolved": "https://registry.npmjs.org/query-string/-/query-string-6.13.1.tgz",
            "integrity": "sha512-RfoButmcK+yCta1+FuU8REvisx1oEzhMKwhLUNcepQTPGcNMp1sIqjnfCtfnvGSQZQEhaBHvccujtWoUV3TTbA==",
            "dev": true,
            "dependencies": {
                "decode-uri-component": "^0.2.0",
                "split-on-first": "^1.0.0",
                "strict-uri-encode": "^2.0.0"
            },
            "engines": {
                "node": ">=6"
            },
            "funding": {
                "url": "https://github.com/sponsors/sindresorhus"
            }
        },
        "node_modules/ramda": {
            "version": "0.26.1",
            "resolved": "https://registry.npmjs.org/ramda/-/ramda-0.26.1.tgz",
            "integrity": "sha512-hLWjpy7EnsDBb0p+Z3B7rPi3GDeRG5ZtiI33kJhTt+ORCd38AbAIjB/9zRIUoeTbE/AVX5ZkU7m6bznsvrf8eQ=="
        },
        "node_modules/re-reselect": {
            "version": "4.0.0",
            "resolved": "https://registry.npmjs.org/re-reselect/-/re-reselect-4.0.0.tgz",
            "integrity": "sha512-wuygyq8TXUlSdVXv2kigXxQNOgdb9m7LbIjwfTNGSpaY1riLd5e+VeQjlQMyUtrk0oiyhi1AqIVynworl3qxHA==",
            "peerDependencies": {
                "reselect": ">1.0.0"
            }
        },
        "node_modules/redux": {
            "version": "4.1.2",
            "resolved": "https://registry.npmjs.org/redux/-/redux-4.1.2.tgz",
            "integrity": "sha512-SH8PglcebESbd/shgf6mii6EIoRM0zrQyjcuQ+ojmfxjTtE0z9Y8pa62iA/OJ58qjP6j27uyW4kUF4jl/jd6sw==",
            "dependencies": {
                "@babel/runtime": "^7.9.2"
            }
        },
        "node_modules/redux-first-router": {
            "version": "2.1.5",
            "resolved": "https://registry.npmjs.org/redux-first-router/-/redux-first-router-2.1.5.tgz",
            "integrity": "sha512-roA/oYBLiJwdUf9c8pDmd4/xk2Jw8qe4MnSWPSHOuYPqyDmk30Pv9hZouwS6fZrPWL6VGJjrx67SwU6zBN/MKw==",
            "dev": true,
            "dependencies": {
                "rudy-history": "^1.0.0",
                "rudy-match-path": "^0.3.0"
            },
            "engines": {
                "node": ">=6.0.0"
            },
            "peerDependencies": {
                "redux": "*"
            }
        },
        "node_modules/redux-logger": {
            "version": "3.0.6",
            "resolved": "https://registry.npmjs.org/redux-logger/-/redux-logger-3.0.6.tgz",
            "integrity": "sha1-91VZZvMJjzyIYExEnPC69XeCdL8=",
            "dependencies": {
                "deep-diff": "^0.3.5"
            }
        },
        "node_modules/redux-orm": {
            "version": "0.16.2",
            "resolved": "https://github.com/redux-orm/redux-orm/archive/29f1826.tar.gz",
            "integrity": "sha512-Q3UFx+Uk5vIN9G0BQqExKhXHgtyfhjEaquWllfLKmcF5w7+Iqa9Rz81WygJR0cyGufJXgkP5/o9UFEOy0FWcgg==",
            "license": "MIT",
            "dependencies": {
                "@babel/runtime": "^7.11.2",
                "immutable-ops": "^0.7.0",
                "lodash": "^4.17.19",
                "re-reselect": "^4.0.0",
                "reselect": "^3.0.1"
            }
        },
        "node_modules/redux-persist": {
            "version": "4.10.2",
            "resolved": "https://registry.npmjs.org/redux-persist/-/redux-persist-4.10.2.tgz",
            "integrity": "sha512-U+e0ieMGC69Zr72929iJW40dEld7Mflh6mu0eJtVMLGfMq/aJqjxUM1hzyUWMR1VUyAEEdPHuQmeq5ti9krIgg==",
            "dependencies": {
                "json-stringify-safe": "^5.0.1",
                "lodash": "^4.17.4",
                "lodash-es": "^4.17.4"
            }
        },
        "node_modules/regenerator-runtime": {
            "version": "0.13.7",
            "resolved": "https://registry.npmjs.org/regenerator-runtime/-/regenerator-runtime-0.13.7.tgz",
            "integrity": "sha512-a54FxoJDIr27pgf7IgeQGxmqUNYrcV338lf/6gH456HZ/PhX+5BcwHXG9ajESmwe6WRO0tAzRUrRmNONWgkrew=="
        },
        "node_modules/reselect": {
            "version": "3.0.1",
            "resolved": "https://registry.npmjs.org/reselect/-/reselect-3.0.1.tgz",
            "integrity": "sha1-79qpjqdFEyTQkrKyFjpqHXqaIUc="
        },
        "node_modules/resolve-pathname": {
            "version": "2.2.0",
            "resolved": "https://registry.npmjs.org/resolve-pathname/-/resolve-pathname-2.2.0.tgz",
            "integrity": "sha512-bAFz9ld18RzJfddgrO2e/0S2O81710++chRMUxHjXOYKF6jTAMrUNZrEZ1PvV0zlhfjidm08iRPdTLPno1FuRg==",
            "dev": true
        },
        "node_modules/rudy-history": {
            "version": "1.0.0",
            "resolved": "https://registry.npmjs.org/rudy-history/-/rudy-history-1.0.0.tgz",
            "integrity": "sha512-UTW+bwDNXurwxBaLl7hixG8OW3nwhbtUFipGJ6hmyHFASihWiZQbcg0noqe3gqmmk+zVRBblls9sguAvTx+ciQ==",
            "dev": true,
            "dependencies": {
                "invariant": "^2.2.1",
                "loose-envify": "^1.2.0",
                "resolve-pathname": "^2.2.0",
                "value-equal": "^0.4.0",
                "warning": "^3.0.0"
            }
        },
        "node_modules/rudy-match-path": {
            "version": "0.3.0",
            "resolved": "https://registry.npmjs.org/rudy-match-path/-/rudy-match-path-0.3.0.tgz",
            "integrity": "sha512-xxdsPJZr7JtOibXCBYFmAgiEOvw1QK1rLSQ5sHiBvyzyD08rwjIZwg00Lt4G80g/4mhu639CSxRxQA4H+d1OHw==",
            "dev": true,
            "dependencies": {
                "path-to-regexp": "^1.7.0"
            }
        },
        "node_modules/split-on-first": {
            "version": "1.1.0",
            "resolved": "https://registry.npmjs.org/split-on-first/-/split-on-first-1.1.0.tgz",
            "integrity": "sha512-43ZssAJaMusuKWL8sKUBQXHWOpq8d6CfN/u1p4gUzfJkM05C8rxTmYrkIPTXapZpORA6LkkzcUulJ8FqA7Uudw==",
            "dev": true,
            "engines": {
                "node": ">=6"
            }
        },
        "node_modules/strict-uri-encode": {
            "version": "2.0.0",
            "resolved": "https://registry.npmjs.org/strict-uri-encode/-/strict-uri-encode-2.0.0.tgz",
            "integrity": "sha1-ucczDHBChi9rFC3CdLvMWGbONUY=",
            "dev": true,
            "engines": {
                "node": ">=4"
            }
        },
        "node_modules/type-detect": {
            "version": "4.0.8",
            "resolved": "https://registry.npmjs.org/type-detect/-/type-detect-4.0.8.tgz",
            "integrity": "sha512-0fr/mIH1dlO+x7TlcMy+bIDqKPsw/70tVyeHW787goQjhmqaZe10uwLujubK9q9Lg6Fiho1KUKDYz0Z7k7g5/g==",
            "engines": {
                "node": ">=4"
            }
        },
        "node_modules/value-equal": {
            "version": "0.4.0",
            "resolved": "https://registry.npmjs.org/value-equal/-/value-equal-0.4.0.tgz",
            "integrity": "sha512-x+cYdNnaA3CxvMaTX0INdTCN8m8aF2uY9BvEqmxuYp8bL09cs/kWVQPVGcA35fMktdOsP69IgU7wFj/61dJHEw==",
            "dev": true
        },
        "node_modules/warning": {
            "version": "3.0.0",
            "resolved": "https://registry.npmjs.org/warning/-/warning-3.0.0.tgz",
            "integrity": "sha1-MuU3fLVy3kqwR1O9+IIcAe1gW3w=",
            "dev": true,
            "dependencies": {
                "loose-envify": "^1.0.0"
            }
        },
        "node_modules/whatwg-fetch": {
            "version": "3.6.2",
            "resolved": "https://registry.npmjs.org/whatwg-fetch/-/whatwg-fetch-3.6.2.tgz",
            "integrity": "sha512-bJlen0FcuU/0EMLrdbJ7zOnW6ITZLrZMIarMUVmdKtsGvZna8vxKYaexICWPfZ8qwf9fzNq+UEIZrnSaApt6RA=="
        }
    },
    "dependencies": {
        "@babel/runtime": {
            "version": "7.11.2",
            "resolved": "https://registry.npmjs.org/@babel/runtime/-/runtime-7.11.2.tgz",
            "integrity": "sha512-TeWkU52so0mPtDcaCTxNBI/IHiz0pZgr8VEFqXFtZWpYD08ZB6FaSwVAS8MKRQAP3bYKiVjwysOJgMFY28o6Tw==",
            "requires": {
                "regenerator-runtime": "^0.13.4"
            }
        },
        "@redux-offline/redux-offline": {
            "version": "2.6.0-native.0",
            "resolved": "https://registry.npmjs.org/@redux-offline/redux-offline/-/redux-offline-2.6.0-native.0.tgz",
            "integrity": "sha512-NzJLUSelz9ad8ccg8nCo7gtz7bYP4LRrODp94PVP3eCVhwsFL8poez6j1t+hNDX6VHX6f404s6kdoEq7lob+Fg==",
            "requires": {
                "@babel/runtime": "^7.9.6",
                "redux-persist": "^4.6.0"
            }
        },
        "@wq/model": {
            "version": "1.3.0",
            "resolved": "https://registry.npmjs.org/@wq/model/-/model-1.3.0.tgz",
            "integrity": "sha512-N3gnhXKpe4d9zs30ASgeYf4LFiO8JOhLy7r+CDxmglPJ2lV65ZlgbIeoFHBcMpamsGitufycflzSJTFh3Jg/Sg==",
            "requires": {
                "@wq/store": "^1.3.0",
                "deepcopy": "^2.1.0",
                "redux-orm": "https://github.com/redux-orm/redux-orm/archive/29f1826.tar.gz"
            }
        },
        "@wq/router": {
            "version": "1.3.0-alpha.2",
            "resolved": "https://registry.npmjs.org/@wq/router/-/router-1.3.0-alpha.2.tgz",
            "integrity": "sha512-pVoRC+6k0pNfZpegg7xqiF6g8I78frZdjQS+cUzEPkALYJoNwxO2fArVeGs30HPwQnLlxo1fkmXDLO1Dc/x6Xg==",
            "dev": true,
            "requires": {
                "@wq/store": "^1.3.0-alpha.2",
                "query-string": "^6.13.1",
                "redux-first-router": "^2.1.5"
            }
        },
        "@wq/store": {
            "version": "1.3.0",
            "resolved": "https://registry.npmjs.org/@wq/store/-/store-1.3.0.tgz",
            "integrity": "sha512-WaYyXm3usiobl2g1NWSKSh5FsJxioeVsC75FM9aEfyCTUzDpVq4EmX0wzIHOKsvklCuCRhz4xPRHPvf6rokEyw==",
            "requires": {
                "localforage": "^1.9.0",
                "redux": "^4.0.5",
                "redux-logger": "^3.0.6",
                "redux-persist": "^6.0.0",
                "whatwg-fetch": "^3.4.0"
            },
            "dependencies": {
                "redux-persist": {
                    "version": "6.0.0",
                    "resolved": "https://registry.npmjs.org/redux-persist/-/redux-persist-6.0.0.tgz",
                    "integrity": "sha512-71LLMbUq2r02ng2We9S215LtPu3fY0KgaGE0k8WRgl6RkqxtGfl7HUozz1Dftwsb0D/5mZ8dwAaPbtnzfvbEwQ==",
                    "requires": {}
                }
            }
        },
        "decode-uri-component": {
            "version": "0.2.0",
            "resolved": "https://registry.npmjs.org/decode-uri-component/-/decode-uri-component-0.2.0.tgz",
            "integrity": "sha1-6zkTMzRYd1y4TNGh+uBiEGu4dUU=",
            "dev": true
        },
        "deep-diff": {
            "version": "0.3.8",
            "resolved": "https://registry.npmjs.org/deep-diff/-/deep-diff-0.3.8.tgz",
            "integrity": "sha1-wB3mPvsO7JeYgB1Ax+Da4ltYLIQ="
        },
        "deepcopy": {
            "version": "2.1.0",
            "resolved": "https://registry.npmjs.org/deepcopy/-/deepcopy-2.1.0.tgz",
            "integrity": "sha512-8cZeTb1ZKC3bdSCP6XOM1IsTczIO73fdqtwa2B0N15eAz7gmyhQo+mc5gnFuulsgN3vIQYmTgbmQVKalH1dKvQ==",
            "requires": {
                "type-detect": "^4.0.8"
            }
        },
        "immediate": {
            "version": "3.0.6",
            "resolved": "https://registry.npmjs.org/immediate/-/immediate-3.0.6.tgz",
            "integrity": "sha1-nbHb0Pr43m++D13V5Wu2BigN5ps="
        },
        "immutable-ops": {
            "version": "0.7.0",
            "resolved": "https://registry.npmjs.org/immutable-ops/-/immutable-ops-0.7.0.tgz",
            "integrity": "sha512-5tOOKVgMr3fzSX92vMJTf8CchlVxSmMm1m7nnv4pXZ6w5feLmBFIAFA1arQ+TM785kd0nzV1kUvDWlytpEnQZw==",
            "requires": {
                "@babel/runtime": "^7.0.0",
                "ramda": "^0.26.1"
            }
        },
        "invariant": {
            "version": "2.2.4",
            "resolved": "https://registry.npmjs.org/invariant/-/invariant-2.2.4.tgz",
            "integrity": "sha512-phJfQVBuaJM5raOpJjSfkiD6BpbCE4Ns//LaXl6wGYtUBY83nWS6Rf9tXm2e8VaK60JEjYldbPif/A2B1C2gNA==",
            "dev": true,
            "requires": {
                "loose-envify": "^1.0.0"
            }
        },
        "isarray": {
            "version": "0.0.1",
            "resolved": "https://registry.npmjs.org/isarray/-/isarray-0.0.1.tgz",
            "integrity": "sha1-ihis/Kmo9Bd+Cav8YDiTmwXR7t8=",
            "dev": true
        },
        "js-tokens": {
            "version": "4.0.0",
            "resolved": "https://registry.npmjs.org/js-tokens/-/js-tokens-4.0.0.tgz",
            "integrity": "sha512-RdJUflcE3cUzKiMqQgsCu06FPu9UdIJO0beYbPhHN4k6apgJtifcoCtT9bcxOpYBtpD2kCM6Sbzg4CausW/PKQ==",
            "dev": true
        },
        "json-stringify-safe": {
            "version": "5.0.1",
            "resolved": "https://registry.npmjs.org/json-stringify-safe/-/json-stringify-safe-5.0.1.tgz",
            "integrity": "sha1-Epai1Y/UXxmg9s4B1lcB4sc1tus="
        },
        "lie": {
            "version": "3.1.1",
            "resolved": "https://registry.npmjs.org/lie/-/lie-3.1.1.tgz",
            "integrity": "sha1-mkNrLMd0bKWd56QfpGmz77dr2H4=",
            "requires": {
                "immediate": "~3.0.5"
            }
        },
        "localforage": {
            "version": "1.10.0",
            "resolved": "https://registry.npmjs.org/localforage/-/localforage-1.10.0.tgz",
            "integrity": "sha512-14/H1aX7hzBBmmh7sGPd+AOMkkIrHM3Z1PAyGgZigA1H1p5O5ANnMyWzvpAETtG68/dC4pC0ncy3+PPGzXZHPg==",
            "requires": {
                "lie": "3.1.1"
            }
        },
        "lodash": {
            "version": "4.17.20",
            "resolved": "https://registry.npmjs.org/lodash/-/lodash-4.17.20.tgz",
            "integrity": "sha512-PlhdFcillOINfeV7Ni6oF1TAEayyZBoZ8bcshTHqOYJYlrqzRK5hagpagky5o4HfCzzd1TRkXPMFq6cKk9rGmA=="
        },
        "lodash-es": {
            "version": "4.17.15",
            "resolved": "https://registry.npmjs.org/lodash-es/-/lodash-es-4.17.15.tgz",
            "integrity": "sha512-rlrc3yU3+JNOpZ9zj5pQtxnx2THmvRykwL4Xlxoa8I9lHBlVbbyPhgyPMioxVZ4NqyxaVVtaJnzsyOidQIhyyQ=="
        },
        "loose-envify": {
            "version": "1.4.0",
            "resolved": "https://registry.npmjs.org/loose-envify/-/loose-envify-1.4.0.tgz",
            "integrity": "sha512-lyuxPGr/Wfhrlem2CL/UcnUc1zcqKAImBDzukY7Y5F/yQiNdko6+fRLevlw1HgMySw7f611UIY408EtxRSoK3Q==",
            "dev": true,
            "requires": {
                "js-tokens": "^3.0.0 || ^4.0.0"
            }
        },
        "path-to-regexp": {
            "version": "1.8.0",
            "resolved": "https://registry.npmjs.org/path-to-regexp/-/path-to-regexp-1.8.0.tgz",
            "integrity": "sha512-n43JRhlUKUAlibEJhPeir1ncUID16QnEjNpwzNdO3Lm4ywrBpBZ5oLD0I6br9evr1Y9JTqwRtAh7JLoOzAQdVA==",
            "dev": true,
            "requires": {
                "isarray": "0.0.1"
            }
        },
        "query-string": {
            "version": "6.13.1",
            "resolved": "https://registry.npmjs.org/query-string/-/query-string-6.13.1.tgz",
            "integrity": "sha512-RfoButmcK+yCta1+FuU8REvisx1oEzhMKwhLUNcepQTPGcNMp1sIqjnfCtfnvGSQZQEhaBHvccujtWoUV3TTbA==",
            "dev": true,
            "requires": {
                "decode-uri-component": "^0.2.0",
                "split-on-first": "^1.0.0",
                "strict-uri-encode": "^2.0.0"
            }
        },
        "ramda": {
            "version": "0.26.1",
            "resolved": "https://registry.npmjs.org/ramda/-/ramda-0.26.1.tgz",
            "integrity": "sha512-hLWjpy7EnsDBb0p+Z3B7rPi3GDeRG5ZtiI33kJhTt+ORCd38AbAIjB/9zRIUoeTbE/AVX5ZkU7m6bznsvrf8eQ=="
        },
        "re-reselect": {
            "version": "4.0.0",
            "resolved": "https://registry.npmjs.org/re-reselect/-/re-reselect-4.0.0.tgz",
            "integrity": "sha512-wuygyq8TXUlSdVXv2kigXxQNOgdb9m7LbIjwfTNGSpaY1riLd5e+VeQjlQMyUtrk0oiyhi1AqIVynworl3qxHA==",
            "requires": {}
        },
        "redux": {
            "version": "4.1.2",
            "resolved": "https://registry.npmjs.org/redux/-/redux-4.1.2.tgz",
            "integrity": "sha512-SH8PglcebESbd/shgf6mii6EIoRM0zrQyjcuQ+ojmfxjTtE0z9Y8pa62iA/OJ58qjP6j27uyW4kUF4jl/jd6sw==",
            "requires": {
                "@babel/runtime": "^7.9.2"
            }
        },
        "redux-first-router": {
            "version": "2.1.5",
            "resolved": "https://registry.npmjs.org/redux-first-router/-/redux-first-router-2.1.5.tgz",
            "integrity": "sha512-roA/oYBLiJwdUf9c8pDmd4/xk2Jw8qe4MnSWPSHOuYPqyDmk30Pv9hZouwS6fZrPWL6VGJjrx67SwU6zBN/MKw==",
            "dev": true,
            "requires": {
                "rudy-history": "^1.0.0",
                "rudy-match-path": "^0.3.0"
            }
        },
        "redux-logger": {
            "version": "3.0.6",
            "resolved": "https://registry.npmjs.org/redux-logger/-/redux-logger-3.0.6.tgz",
            "integrity": "sha1-91VZZvMJjzyIYExEnPC69XeCdL8=",
            "requires": {
                "deep-diff": "^0.3.5"
            }
        },
        "redux-orm": {
            "version": "https://github.com/redux-orm/redux-orm/archive/29f1826.tar.gz",
            "integrity": "sha512-Q3UFx+Uk5vIN9G0BQqExKhXHgtyfhjEaquWllfLKmcF5w7+Iqa9Rz81WygJR0cyGufJXgkP5/o9UFEOy0FWcgg==",
            "requires": {
                "@babel/runtime": "^7.11.2",
                "immutable-ops": "^0.7.0",
                "lodash": "^4.17.19",
                "re-reselect": "^4.0.0",
                "reselect": "^3.0.1"
            }
        },
        "redux-persist": {
            "version": "4.10.2",
            "resolved": "https://registry.npmjs.org/redux-persist/-/redux-persist-4.10.2.tgz",
            "integrity": "sha512-U+e0ieMGC69Zr72929iJW40dEld7Mflh6mu0eJtVMLGfMq/aJqjxUM1hzyUWMR1VUyAEEdPHuQmeq5ti9krIgg==",
            "requires": {
                "json-stringify-safe": "^5.0.1",
                "lodash": "^4.17.4",
                "lodash-es": "^4.17.4"
            }
        },
        "regenerator-runtime": {
            "version": "0.13.7",
            "resolved": "https://registry.npmjs.org/regenerator-runtime/-/regenerator-runtime-0.13.7.tgz",
            "integrity": "sha512-a54FxoJDIr27pgf7IgeQGxmqUNYrcV338lf/6gH456HZ/PhX+5BcwHXG9ajESmwe6WRO0tAzRUrRmNONWgkrew=="
        },
        "reselect": {
            "version": "3.0.1",
            "resolved": "https://registry.npmjs.org/reselect/-/reselect-3.0.1.tgz",
            "integrity": "sha1-79qpjqdFEyTQkrKyFjpqHXqaIUc="
        },
        "resolve-pathname": {
            "version": "2.2.0",
            "resolved": "https://registry.npmjs.org/resolve-pathname/-/resolve-pathname-2.2.0.tgz",
            "integrity": "sha512-bAFz9ld18RzJfddgrO2e/0S2O81710++chRMUxHjXOYKF6jTAMrUNZrEZ1PvV0zlhfjidm08iRPdTLPno1FuRg==",
            "dev": true
        },
        "rudy-history": {
            "version": "1.0.0",
            "resolved": "https://registry.npmjs.org/rudy-history/-/rudy-history-1.0.0.tgz",
            "integrity": "sha512-UTW+bwDNXurwxBaLl7hixG8OW3nwhbtUFipGJ6hmyHFASihWiZQbcg0noqe3gqmmk+zVRBblls9sguAvTx+ciQ==",
            "dev": true,
            "requires": {
                "invariant": "^2.2.1",
                "loose-envify": "^1.2.0",
                "resolve-pathname": "^2.2.0",
                "value-equal": "^0.4.0",
                "warning": "^3.0.0"
            }
        },
        "rudy-match-path": {
            "version": "0.3.0",
            "resolved": "https://registry.npmjs.org/rudy-match-path/-/rudy-match-path-0.3.0.tgz",
            "integrity": "sha512-xxdsPJZr7JtOibXCBYFmAgiEOvw1QK1rLSQ5sHiBvyzyD08rwjIZwg00Lt4G80g/4mhu639CSxRxQA4H+d1OHw==",
            "dev": true,
            "requires": {
                "path-to-regexp": "^1.7.0"
            }
        },
        "split-on-first": {
            "version": "1.1.0",
            "resolved": "https://registry.npmjs.org/split-on-first/-/split-on-first-1.1.0.tgz",
            "integrity": "sha512-43ZssAJaMusuKWL8sKUBQXHWOpq8d6CfN/u1p4gUzfJkM05C8rxTmYrkIPTXapZpORA6LkkzcUulJ8FqA7Uudw==",
            "dev": true
        },
        "strict-uri-encode": {
            "version": "2.0.0",
            "resolved": "https://registry.npmjs.org/strict-uri-encode/-/strict-uri-encode-2.0.0.tgz",
            "integrity": "sha1-ucczDHBChi9rFC3CdLvMWGbONUY=",
            "dev": true
        },
        "type-detect": {
            "version": "4.0.8",
            "resolved": "https://registry.npmjs.org/type-detect/-/type-detect-4.0.8.tgz",
            "integrity": "sha512-0fr/mIH1dlO+x7TlcMy+bIDqKPsw/70tVyeHW787goQjhmqaZe10uwLujubK9q9Lg6Fiho1KUKDYz0Z7k7g5/g=="
        },
        "value-equal": {
            "version": "0.4.0",
            "resolved": "https://registry.npmjs.org/value-equal/-/value-equal-0.4.0.tgz",
            "integrity": "sha512-x+cYdNnaA3CxvMaTX0INdTCN8m8aF2uY9BvEqmxuYp8bL09cs/kWVQPVGcA35fMktdOsP69IgU7wFj/61dJHEw==",
            "dev": true
        },
        "warning": {
            "version": "3.0.0",
            "resolved": "https://registry.npmjs.org/warning/-/warning-3.0.0.tgz",
            "integrity": "sha1-MuU3fLVy3kqwR1O9+IIcAe1gW3w=",
            "dev": true,
            "requires": {
                "loose-envify": "^1.0.0"
            }
        },
        "whatwg-fetch": {
            "version": "3.6.2",
            "resolved": "https://registry.npmjs.org/whatwg-fetch/-/whatwg-fetch-3.6.2.tgz",
            "integrity": "sha512-bJlen0FcuU/0EMLrdbJ7zOnW6ITZLrZMIarMUVmdKtsGvZna8vxKYaexICWPfZ8qwf9fzNq+UEIZrnSaApt6RA=="
        }
    }
}
