{
    "name": "@wq/outbox",
    "version": "1.3.0-alpha.1",
    "lockfileVersion": 1,
    "requires": true,
    "dependencies": {
        "@babel/runtime": {
            "version": "7.11.2",
            "resolved": "https://registry.npmjs.org/@babel/runtime/-/runtime-7.11.2.tgz",
            "integrity": "sha512-TeWkU52so0mPtDcaCTxNBI/IHiz0pZgr8VEFqXFtZWpYD08ZB6FaSwVAS8MKRQAP3bYKiVjwysOJgMFY28o6Tw==",
            "requires": {
                "regenerator-runtime": "^0.13.4"
            }
        },
        "@redux-offline/redux-offline": {
            "version": "2.6.0-native.0",
            "resolved": "https://registry.npmjs.org/@redux-offline/redux-offline/-/redux-offline-2.6.0-native.0.tgz",
            "integrity": "sha512-NzJLUSelz9ad8ccg8nCo7gtz7bYP4LRrODp94PVP3eCVhwsFL8poez6j1t+hNDX6VHX6f404s6kdoEq7lob+Fg==",
            "requires": {
                "@babel/runtime": "^7.9.6",
                "redux-persist": "^4.6.0"
            }
        },
        "@wq/model": {
            "version": "1.3.0-alpha.2",
            "resolved": "https://registry.npmjs.org/@wq/model/-/model-1.3.0-alpha.2.tgz",
            "integrity": "sha512-iWR6h3StxzkVoUl4kMwtV9EUUyBJ8Zun2CdzGPQE47+eDzhmoVnkyHlnB/WFyB+35ZFbxgCcHF9qF8zPfjAiUg==",
            "requires": {
                "@wq/store": "^1.3.0-alpha.1",
                "deepcopy": "^2.1.0",
                "redux-orm": "https://github.com/redux-orm/redux-orm/archive/f45cb13.tar.gz"
            }
        },
        "@wq/router": {
            "version": "1.3.0-alpha.1",
            "resolved": "https://registry.npmjs.org/@wq/router/-/router-1.3.0-alpha.1.tgz",
            "integrity": "sha512-q6hPJdHAmg+w7TM7DDw4fJQYbwb25ZNxY+9SX53uVEwlo+/QwGG+1jZwicIgDqC0mOpWeoqgUapDrlo57XHr3g==",
            "dev": true,
            "requires": {
                "@wq/store": "^1.3.0-alpha.1",
                "query-string": "^6.13.1",
                "redux-first-router": "^2.1.5"
            }
        },
        "@wq/store": {
            "version": "1.3.0-alpha.1",
            "resolved": "https://registry.npmjs.org/@wq/store/-/store-1.3.0-alpha.1.tgz",
            "integrity": "sha512-6UhDu1OZIxVbr1YLVGog5LSfJKwLfnVOuYRu8blxJ6B/myoVwZPzSC33LcR3vGzQUElpkZcU7SxdRVI/fZzQFw==",
            "requires": {
                "localforage": "^1.9.0",
                "redux": "^4.0.5",
                "redux-logger": "^3.0.6",
                "redux-persist": "^6.0.0",
                "whatwg-fetch": "^3.4.0"
            },
            "dependencies": {
                "redux-persist": {
                    "version": "6.0.0",
                    "resolved": "https://registry.npmjs.org/redux-persist/-/redux-persist-6.0.0.tgz",
                    "integrity": "sha512-71LLMbUq2r02ng2We9S215LtPu3fY0KgaGE0k8WRgl6RkqxtGfl7HUozz1Dftwsb0D/5mZ8dwAaPbtnzfvbEwQ=="
                }
            }
        },
        "decode-uri-component": {
            "version": "0.2.0",
            "resolved": "https://registry.npmjs.org/decode-uri-component/-/decode-uri-component-0.2.0.tgz",
            "integrity": "sha1-6zkTMzRYd1y4TNGh+uBiEGu4dUU=",
            "dev": true
        },
        "deep-diff": {
            "version": "0.3.8",
            "resolved": "https://registry.npmjs.org/deep-diff/-/deep-diff-0.3.8.tgz",
            "integrity": "sha1-wB3mPvsO7JeYgB1Ax+Da4ltYLIQ="
        },
        "deepcopy": {
            "version": "2.1.0",
            "resolved": "https://registry.npmjs.org/deepcopy/-/deepcopy-2.1.0.tgz",
            "integrity": "sha512-8cZeTb1ZKC3bdSCP6XOM1IsTczIO73fdqtwa2B0N15eAz7gmyhQo+mc5gnFuulsgN3vIQYmTgbmQVKalH1dKvQ==",
            "requires": {
                "type-detect": "^4.0.8"
            }
        },
        "immediate": {
            "version": "3.0.6",
            "resolved": "https://registry.npmjs.org/immediate/-/immediate-3.0.6.tgz",
            "integrity": "sha1-nbHb0Pr43m++D13V5Wu2BigN5ps="
        },
        "immutable-ops": {
            "version": "0.7.0",
            "resolved": "https://registry.npmjs.org/immutable-ops/-/immutable-ops-0.7.0.tgz",
            "integrity": "sha512-5tOOKVgMr3fzSX92vMJTf8CchlVxSmMm1m7nnv4pXZ6w5feLmBFIAFA1arQ+TM785kd0nzV1kUvDWlytpEnQZw==",
            "requires": {
                "@babel/runtime": "^7.0.0",
                "ramda": "^0.26.1"
            }
        },
        "invariant": {
            "version": "2.2.4",
            "resolved": "https://registry.npmjs.org/invariant/-/invariant-2.2.4.tgz",
            "integrity": "sha512-phJfQVBuaJM5raOpJjSfkiD6BpbCE4Ns//LaXl6wGYtUBY83nWS6Rf9tXm2e8VaK60JEjYldbPif/A2B1C2gNA==",
            "dev": true,
            "requires": {
                "loose-envify": "^1.0.0"
            }
        },
        "isarray": {
            "version": "0.0.1",
            "resolved": "https://registry.npmjs.org/isarray/-/isarray-0.0.1.tgz",
            "integrity": "sha1-ihis/Kmo9Bd+Cav8YDiTmwXR7t8=",
            "dev": true
        },
        "js-tokens": {
            "version": "4.0.0",
            "resolved": "https://registry.npmjs.org/js-tokens/-/js-tokens-4.0.0.tgz",
            "integrity": "sha512-RdJUflcE3cUzKiMqQgsCu06FPu9UdIJO0beYbPhHN4k6apgJtifcoCtT9bcxOpYBtpD2kCM6Sbzg4CausW/PKQ=="
        },
        "json-stringify-safe": {
            "version": "5.0.1",
            "resolved": "https://registry.npmjs.org/json-stringify-safe/-/json-stringify-safe-5.0.1.tgz",
            "integrity": "sha1-Epai1Y/UXxmg9s4B1lcB4sc1tus="
        },
        "lie": {
            "version": "3.1.1",
            "resolved": "https://registry.npmjs.org/lie/-/lie-3.1.1.tgz",
            "integrity": "sha1-mkNrLMd0bKWd56QfpGmz77dr2H4=",
            "requires": {
                "immediate": "~3.0.5"
            }
        },
        "localforage": {
            "version": "1.9.0",
            "resolved": "https://registry.npmjs.org/localforage/-/localforage-1.9.0.tgz",
            "integrity": "sha512-rR1oyNrKulpe+VM9cYmcFn6tsHuokyVHFaCM3+osEmxaHTbEk8oQu6eGDfS6DQLWi/N67XRmB8ECG37OES368g==",
            "requires": {
                "lie": "3.1.1"
            }
        },
        "lodash": {
            "version": "4.17.20",
            "resolved": "https://registry.npmjs.org/lodash/-/lodash-4.17.20.tgz",
            "integrity": "sha512-PlhdFcillOINfeV7Ni6oF1TAEayyZBoZ8bcshTHqOYJYlrqzRK5hagpagky5o4HfCzzd1TRkXPMFq6cKk9rGmA=="
        },
        "lodash-es": {
            "version": "4.17.15",
            "resolved": "https://registry.npmjs.org/lodash-es/-/lodash-es-4.17.15.tgz",
            "integrity": "sha512-rlrc3yU3+JNOpZ9zj5pQtxnx2THmvRykwL4Xlxoa8I9lHBlVbbyPhgyPMioxVZ4NqyxaVVtaJnzsyOidQIhyyQ=="
        },
        "loose-envify": {
            "version": "1.4.0",
            "resolved": "https://registry.npmjs.org/loose-envify/-/loose-envify-1.4.0.tgz",
            "integrity": "sha512-lyuxPGr/Wfhrlem2CL/UcnUc1zcqKAImBDzukY7Y5F/yQiNdko6+fRLevlw1HgMySw7f611UIY408EtxRSoK3Q==",
            "requires": {
                "js-tokens": "^3.0.0 || ^4.0.0"
            }
        },
        "path-to-regexp": {
            "version": "1.8.0",
            "resolved": "https://registry.npmjs.org/path-to-regexp/-/path-to-regexp-1.8.0.tgz",
            "integrity": "sha512-n43JRhlUKUAlibEJhPeir1ncUID16QnEjNpwzNdO3Lm4ywrBpBZ5oLD0I6br9evr1Y9JTqwRtAh7JLoOzAQdVA==",
            "dev": true,
            "requires": {
                "isarray": "0.0.1"
            }
        },
        "query-string": {
            "version": "6.13.1",
            "resolved": "https://registry.npmjs.org/query-string/-/query-string-6.13.1.tgz",
            "integrity": "sha512-RfoButmcK+yCta1+FuU8REvisx1oEzhMKwhLUNcepQTPGcNMp1sIqjnfCtfnvGSQZQEhaBHvccujtWoUV3TTbA==",
            "dev": true,
            "requires": {
                "decode-uri-component": "^0.2.0",
                "split-on-first": "^1.0.0",
                "strict-uri-encode": "^2.0.0"
            }
        },
        "ramda": {
            "version": "0.26.1",
            "resolved": "https://registry.npmjs.org/ramda/-/ramda-0.26.1.tgz",
            "integrity": "sha512-hLWjpy7EnsDBb0p+Z3B7rPi3GDeRG5ZtiI33kJhTt+ORCd38AbAIjB/9zRIUoeTbE/AVX5ZkU7m6bznsvrf8eQ=="
        },
        "re-reselect": {
            "version": "4.0.0",
            "resolved": "https://registry.npmjs.org/re-reselect/-/re-reselect-4.0.0.tgz",
            "integrity": "sha512-wuygyq8TXUlSdVXv2kigXxQNOgdb9m7LbIjwfTNGSpaY1riLd5e+VeQjlQMyUtrk0oiyhi1AqIVynworl3qxHA=="
        },
        "redux": {
            "version": "4.0.5",
            "resolved": "https://registry.npmjs.org/redux/-/redux-4.0.5.tgz",
            "integrity": "sha512-VSz1uMAH24DM6MF72vcojpYPtrTUu3ByVWfPL1nPfVRb5mZVTve5GnNCUV53QM/BZ66xfWrm0CTWoM+Xlz8V1w==",
            "requires": {
                "loose-envify": "^1.4.0",
                "symbol-observable": "^1.2.0"
            }
        },
        "redux-first-router": {
            "version": "2.1.5",
            "resolved": "https://registry.npmjs.org/redux-first-router/-/redux-first-router-2.1.5.tgz",
            "integrity": "sha512-roA/oYBLiJwdUf9c8pDmd4/xk2Jw8qe4MnSWPSHOuYPqyDmk30Pv9hZouwS6fZrPWL6VGJjrx67SwU6zBN/MKw==",
            "dev": true,
            "requires": {
                "rudy-history": "^1.0.0",
                "rudy-match-path": "^0.3.0"
            }
        },
        "redux-logger": {
            "version": "3.0.6",
            "resolved": "https://registry.npmjs.org/redux-logger/-/redux-logger-3.0.6.tgz",
            "integrity": "sha1-91VZZvMJjzyIYExEnPC69XeCdL8=",
            "requires": {
                "deep-diff": "^0.3.5"
            }
        },
        "redux-orm": {
            "version": "https://github.com/redux-orm/redux-orm/archive/f45cb13.tar.gz",
            "integrity": "sha512-s/odvR9MCc+QEV3XfpIRpvEeTE7M2rWGSagzJHlrz6YlHWu16YdWKhcyd5r/t9n+YMvyC9CE+02Nln1Ap95KoQ==",
            "requires": {
                "@babel/runtime": "^7.11.2",
                "immutable-ops": "^0.7.0",
                "lodash": "^4.17.19",
                "re-reselect": "^4.0.0",
                "reselect": "^4.0.0"
            }
        },
        "redux-persist": {
            "version": "4.10.2",
            "resolved": "https://registry.npmjs.org/redux-persist/-/redux-persist-4.10.2.tgz",
            "integrity": "sha512-U+e0ieMGC69Zr72929iJW40dEld7Mflh6mu0eJtVMLGfMq/aJqjxUM1hzyUWMR1VUyAEEdPHuQmeq5ti9krIgg==",
            "requires": {
                "json-stringify-safe": "^5.0.1",
                "lodash": "^4.17.4",
                "lodash-es": "^4.17.4"
            }
        },
        "regenerator-runtime": {
            "version": "0.13.7",
            "resolved": "https://registry.npmjs.org/regenerator-runtime/-/regenerator-runtime-0.13.7.tgz",
            "integrity": "sha512-a54FxoJDIr27pgf7IgeQGxmqUNYrcV338lf/6gH456HZ/PhX+5BcwHXG9ajESmwe6WRO0tAzRUrRmNONWgkrew=="
        },
        "reselect": {
            "version": "4.0.0",
            "resolved": "https://registry.npmjs.org/reselect/-/reselect-4.0.0.tgz",
            "integrity": "sha512-qUgANli03jjAyGlnbYVAV5vvnOmJnODyABz51RdBN7M4WaVu8mecZWgyQNkG8Yqe3KRGRt0l4K4B3XVEULC4CA=="
        },
        "resolve-pathname": {
            "version": "2.2.0",
            "resolved": "https://registry.npmjs.org/resolve-pathname/-/resolve-pathname-2.2.0.tgz",
            "integrity": "sha512-bAFz9ld18RzJfddgrO2e/0S2O81710++chRMUxHjXOYKF6jTAMrUNZrEZ1PvV0zlhfjidm08iRPdTLPno1FuRg==",
            "dev": true
        },
        "rudy-history": {
            "version": "1.0.0",
            "resolved": "https://registry.npmjs.org/rudy-history/-/rudy-history-1.0.0.tgz",
            "integrity": "sha512-UTW+bwDNXurwxBaLl7hixG8OW3nwhbtUFipGJ6hmyHFASihWiZQbcg0noqe3gqmmk+zVRBblls9sguAvTx+ciQ==",
            "dev": true,
            "requires": {
                "invariant": "^2.2.1",
                "loose-envify": "^1.2.0",
                "resolve-pathname": "^2.2.0",
                "value-equal": "^0.4.0",
                "warning": "^3.0.0"
            }
        },
        "rudy-match-path": {
            "version": "0.3.0",
            "resolved": "https://registry.npmjs.org/rudy-match-path/-/rudy-match-path-0.3.0.tgz",
            "integrity": "sha512-xxdsPJZr7JtOibXCBYFmAgiEOvw1QK1rLSQ5sHiBvyzyD08rwjIZwg00Lt4G80g/4mhu639CSxRxQA4H+d1OHw==",
            "dev": true,
            "requires": {
                "path-to-regexp": "^1.7.0"
            }
        },
        "split-on-first": {
            "version": "1.1.0",
            "resolved": "https://registry.npmjs.org/split-on-first/-/split-on-first-1.1.0.tgz",
            "integrity": "sha512-43ZssAJaMusuKWL8sKUBQXHWOpq8d6CfN/u1p4gUzfJkM05C8rxTmYrkIPTXapZpORA6LkkzcUulJ8FqA7Uudw==",
            "dev": true
        },
        "strict-uri-encode": {
            "version": "2.0.0",
            "resolved": "https://registry.npmjs.org/strict-uri-encode/-/strict-uri-encode-2.0.0.tgz",
            "integrity": "sha1-ucczDHBChi9rFC3CdLvMWGbONUY=",
            "dev": true
        },
        "symbol-observable": {
            "version": "1.2.0",
            "resolved": "https://registry.npmjs.org/symbol-observable/-/symbol-observable-1.2.0.tgz",
            "integrity": "sha512-e900nM8RRtGhlV36KGEU9k65K3mPb1WV70OdjfxlG2EAuM1noi/E/BaW/uMhL7bPEssK8QV57vN3esixjUvcXQ=="
        },
        "type-detect": {
            "version": "4.0.8",
            "resolved": "https://registry.npmjs.org/type-detect/-/type-detect-4.0.8.tgz",
            "integrity": "sha512-0fr/mIH1dlO+x7TlcMy+bIDqKPsw/70tVyeHW787goQjhmqaZe10uwLujubK9q9Lg6Fiho1KUKDYz0Z7k7g5/g=="
        },
        "value-equal": {
            "version": "0.4.0",
            "resolved": "https://registry.npmjs.org/value-equal/-/value-equal-0.4.0.tgz",
            "integrity": "sha512-x+cYdNnaA3CxvMaTX0INdTCN8m8aF2uY9BvEqmxuYp8bL09cs/kWVQPVGcA35fMktdOsP69IgU7wFj/61dJHEw==",
            "dev": true
        },
        "warning": {
            "version": "3.0.0",
            "resolved": "https://registry.npmjs.org/warning/-/warning-3.0.0.tgz",
            "integrity": "sha1-MuU3fLVy3kqwR1O9+IIcAe1gW3w=",
            "dev": true,
            "requires": {
                "loose-envify": "^1.0.0"
            }
        },
        "whatwg-fetch": {
            "version": "3.4.0",
            "resolved": "https://registry.npmjs.org/whatwg-fetch/-/whatwg-fetch-3.4.0.tgz",
            "integrity": "sha512-rsum2ulz2iuZH08mJkT0Yi6JnKhwdw4oeyMjokgxd+mmqYSd9cPpOQf01TIWgjxG/U4+QR+AwKq6lSbXVxkyoQ=="
        }
    }
}
