{
    "name": "@wq/store",
    "version": "1.3.0",
    "lockfileVersion": 2,
    "requires": true,
    "packages": {
        "": {
            "name": "@wq/store",
            "version": "1.3.0",
            "license": "MIT",
            "dependencies": {
                "localforage": "^1.9.0",
                "redux": "^4.0.5",
                "redux-logger": "^3.0.6",
                "redux-persist": "^6.0.0",
                "whatwg-fetch": "^3.4.0"
            }
        },
        "node_modules/deep-diff": {
            "version": "0.3.8",
            "resolved": "https://registry.npmjs.org/deep-diff/-/deep-diff-0.3.8.tgz",
            "integrity": "sha1-wB3mPvsO7JeYgB1Ax+Da4ltYLIQ="
        },
        "node_modules/immediate": {
            "version": "3.0.6",
            "resolved": "https://registry.npmjs.org/immediate/-/immediate-3.0.6.tgz",
            "integrity": "sha1-nbHb0Pr43m++D13V5Wu2BigN5ps="
        },
        "node_modules/js-tokens": {
            "version": "4.0.0",
            "resolved": "https://registry.npmjs.org/js-tokens/-/js-tokens-4.0.0.tgz",
            "integrity": "sha512-RdJUflcE3cUzKiMqQgsCu06FPu9UdIJO0beYbPhHN4k6apgJtifcoCtT9bcxOpYBtpD2kCM6Sbzg4CausW/PKQ=="
        },
        "node_modules/lie": {
            "version": "3.1.1",
            "resolved": "https://registry.npmjs.org/lie/-/lie-3.1.1.tgz",
            "integrity": "sha1-mkNrLMd0bKWd56QfpGmz77dr2H4=",
            "dependencies": {
                "immediate": "~3.0.5"
            }
        },
        "node_modules/localforage": {
            "version": "1.9.0",
            "resolved": "https://registry.npmjs.org/localforage/-/localforage-1.9.0.tgz",
            "integrity": "sha512-rR1oyNrKulpe+VM9cYmcFn6tsHuokyVHFaCM3+osEmxaHTbEk8oQu6eGDfS6DQLWi/N67XRmB8ECG37OES368g==",
            "dependencies": {
                "lie": "3.1.1"
            }
        },
        "node_modules/loose-envify": {
            "version": "1.4.0",
            "resolved": "https://registry.npmjs.org/loose-envify/-/loose-envify-1.4.0.tgz",
            "integrity": "sha512-lyuxPGr/Wfhrlem2CL/UcnUc1zcqKAImBDzukY7Y5F/yQiNdko6+fRLevlw1HgMySw7f611UIY408EtxRSoK3Q==",
            "dependencies": {
                "js-tokens": "^3.0.0 || ^4.0.0"
            },
            "bin": {
                "loose-envify": "cli.js"
            }
        },
        "node_modules/redux": {
            "version": "4.0.5",
            "resolved": "https://registry.npmjs.org/redux/-/redux-4.0.5.tgz",
            "integrity": "sha512-VSz1uMAH24DM6MF72vcojpYPtrTUu3ByVWfPL1nPfVRb5mZVTve5GnNCUV53QM/BZ66xfWrm0CTWoM+Xlz8V1w==",
            "dependencies": {
                "loose-envify": "^1.4.0",
                "symbol-observable": "^1.2.0"
            }
        },
        "node_modules/redux-logger": {
            "version": "3.0.6",
            "resolved": "https://registry.npmjs.org/redux-logger/-/redux-logger-3.0.6.tgz",
            "integrity": "sha1-91VZZvMJjzyIYExEnPC69XeCdL8=",
            "dependencies": {
                "deep-diff": "^0.3.5"
            }
        },
        "node_modules/redux-persist": {
            "version": "6.0.0",
            "resolved": "https://registry.npmjs.org/redux-persist/-/redux-persist-6.0.0.tgz",
            "integrity": "sha512-71LLMbUq2r02ng2We9S215LtPu3fY0KgaGE0k8WRgl6RkqxtGfl7HUozz1Dftwsb0D/5mZ8dwAaPbtnzfvbEwQ==",
            "peerDependencies": {
                "redux": ">4.0.0"
            }
        },
        "node_modules/symbol-observable": {
            "version": "1.2.0",
            "resolved": "https://registry.npmjs.org/symbol-observable/-/symbol-observable-1.2.0.tgz",
            "integrity": "sha512-e900nM8RRtGhlV36KGEU9k65K3mPb1WV70OdjfxlG2EAuM1noi/E/BaW/uMhL7bPEssK8QV57vN3esixjUvcXQ==",
            "engines": {
                "node": ">=0.10.0"
            }
        },
        "node_modules/whatwg-fetch": {
            "version": "3.4.0",
            "resolved": "https://registry.npmjs.org/whatwg-fetch/-/whatwg-fetch-3.4.0.tgz",
            "integrity": "sha512-rsum2ulz2iuZH08mJkT0Yi6JnKhwdw4oeyMjokgxd+mmqYSd9cPpOQf01TIWgjxG/U4+QR+AwKq6lSbXVxkyoQ=="
        }
    },
    "dependencies": {
        "deep-diff": {
            "version": "0.3.8",
            "resolved": "https://registry.npmjs.org/deep-diff/-/deep-diff-0.3.8.tgz",
            "integrity": "sha1-wB3mPvsO7JeYgB1Ax+Da4ltYLIQ="
        },
        "immediate": {
            "version": "3.0.6",
            "resolved": "https://registry.npmjs.org/immediate/-/immediate-3.0.6.tgz",
            "integrity": "sha1-nbHb0Pr43m++D13V5Wu2BigN5ps="
        },
        "js-tokens": {
            "version": "4.0.0",
            "resolved": "https://registry.npmjs.org/js-tokens/-/js-tokens-4.0.0.tgz",
            "integrity": "sha512-RdJUflcE3cUzKiMqQgsCu06FPu9UdIJO0beYbPhHN4k6apgJtifcoCtT9bcxOpYBtpD2kCM6Sbzg4CausW/PKQ=="
        },
        "lie": {
            "version": "3.1.1",
            "resolved": "https://registry.npmjs.org/lie/-/lie-3.1.1.tgz",
            "integrity": "sha1-mkNrLMd0bKWd56QfpGmz77dr2H4=",
            "requires": {
                "immediate": "~3.0.5"
            }
        },
        "localforage": {
            "version": "1.9.0",
            "resolved": "https://registry.npmjs.org/localforage/-/localforage-1.9.0.tgz",
            "integrity": "sha512-rR1oyNrKulpe+VM9cYmcFn6tsHuokyVHFaCM3+osEmxaHTbEk8oQu6eGDfS6DQLWi/N67XRmB8ECG37OES368g==",
            "requires": {
                "lie": "3.1.1"
            }
        },
        "loose-envify": {
            "version": "1.4.0",
            "resolved": "https://registry.npmjs.org/loose-envify/-/loose-envify-1.4.0.tgz",
            "integrity": "sha512-lyuxPGr/Wfhrlem2CL/UcnUc1zcqKAImBDzukY7Y5F/yQiNdko6+fRLevlw1HgMySw7f611UIY408EtxRSoK3Q==",
            "requires": {
                "js-tokens": "^3.0.0 || ^4.0.0"
            }
        },
        "redux": {
            "version": "4.0.5",
            "resolved": "https://registry.npmjs.org/redux/-/redux-4.0.5.tgz",
            "integrity": "sha512-VSz1uMAH24DM6MF72vcojpYPtrTUu3ByVWfPL1nPfVRb5mZVTve5GnNCUV53QM/BZ66xfWrm0CTWoM+Xlz8V1w==",
            "requires": {
                "loose-envify": "^1.4.0",
                "symbol-observable": "^1.2.0"
            }
        },
        "redux-logger": {
            "version": "3.0.6",
            "resolved": "https://registry.npmjs.org/redux-logger/-/redux-logger-3.0.6.tgz",
            "integrity": "sha1-91VZZvMJjzyIYExEnPC69XeCdL8=",
            "requires": {
                "deep-diff": "^0.3.5"
            }
        },
        "redux-persist": {
            "version": "6.0.0",
            "resolved": "https://registry.npmjs.org/redux-persist/-/redux-persist-6.0.0.tgz",
            "integrity": "sha512-71LLMbUq2r02ng2We9S215LtPu3fY0KgaGE0k8WRgl6RkqxtGfl7HUozz1Dftwsb0D/5mZ8dwAaPbtnzfvbEwQ==",
            "requires": {}
        },
        "symbol-observable": {
            "version": "1.2.0",
            "resolved": "https://registry.npmjs.org/symbol-observable/-/symbol-observable-1.2.0.tgz",
            "integrity": "sha512-e900nM8RRtGhlV36KGEU9k65K3mPb1WV70OdjfxlG2EAuM1noi/E/BaW/uMhL7bPEssK8QV57vN3esixjUvcXQ=="
        },
        "whatwg-fetch": {
            "version": "3.4.0",
            "resolved": "https://registry.npmjs.org/whatwg-fetch/-/whatwg-fetch-3.4.0.tgz",
            "integrity": "sha512-rsum2ulz2iuZH08mJkT0Yi6JnKhwdw4oeyMjokgxd+mmqYSd9cPpOQf01TIWgjxG/U4+QR+AwKq6lSbXVxkyoQ=="
        }
    }
}
