{
    "name": "@wq/mapbox",
    "version": "1.3.0-dev",
    "lockfileVersion": 1,
    "requires": true,
    "dependencies": {
        "@esri/arcgis-to-geojson-utils": {
            "version": "1.3.0",
            "resolved": "https://registry.npmjs.org/@esri/arcgis-to-geojson-utils/-/arcgis-to-geojson-utils-1.3.0.tgz",
            "integrity": "sha512-8yPorlHeU63U6aT7RJbgSfXGKTZtnQz7Os8Qw96PW2lXJ+g1CRe5L/G8h5qtYHqt5VM4yCUGIhzHHYxdGzanLQ=="
        },
        "@mapbox/geojson-area": {
            "version": "0.2.2",
            "resolved": "https://registry.npmjs.org/@mapbox/geojson-area/-/geojson-area-0.2.2.tgz",
            "integrity": "sha1-GNeBSqNr8j+7zDefjiaiKSfevxA=",
            "requires": {
                "wgs84": "0.0.0"
            }
        },
        "@mapbox/geojson-rewind": {
            "version": "0.4.0",
            "resolved": "https://registry.npmjs.org/@mapbox/geojson-rewind/-/geojson-rewind-0.4.0.tgz",
            "integrity": "sha512-b+1uPWBERW4Pet/969BNu61ZPDyH2ilIxBjJDFzxyS9TyszF9UrTQyYIl/G38clux3rtpAGGFSGTCSF/qR6UjA==",
            "requires": {
                "@mapbox/geojson-area": "0.2.2",
                "concat-stream": "1.6.2",
                "minimist": "1.2.0",
                "sharkdown": "0.1.1"
            },
            "dependencies": {
                "minimist": {
                    "version": "1.2.0",
                    "resolved": "https://registry.npmjs.org/minimist/-/minimist-1.2.0.tgz",
                    "integrity": "sha1-o1AIsg9BOD7sH7kU9M1d95omQoQ="
                }
            }
        },
        "@mapbox/geojson-types": {
            "version": "1.0.2",
            "resolved": "https://registry.npmjs.org/@mapbox/geojson-types/-/geojson-types-1.0.2.tgz",
            "integrity": "sha512-e9EBqHHv3EORHrSfbR9DqecPNn+AmuAoQxV6aL8Xu30bJMJR1o8PZLZzpk1Wq7/NfCbuhmakHTPYRhoqLsXRnw=="
        },
        "@mapbox/jsonlint-lines-primitives": {
            "version": "2.0.2",
            "resolved": "https://registry.npmjs.org/@mapbox/jsonlint-lines-primitives/-/jsonlint-lines-primitives-2.0.2.tgz",
            "integrity": "sha1-zlblOfg1UrWNENZy6k1vya3HsjQ="
        },
        "@mapbox/mapbox-gl-supported": {
            "version": "1.4.1",
            "resolved": "https://registry.npmjs.org/@mapbox/mapbox-gl-supported/-/mapbox-gl-supported-1.4.1.tgz",
            "integrity": "sha512-yyKza9S6z3ELKuf6w5n6VNUB0Osu6Z93RXPfMHLIlNWohu3KqxewLOq4lMXseYJ92GwkRAxd207Pr/Z98cwmvw=="
        },
        "@mapbox/point-geometry": {
            "version": "0.1.0",
            "resolved": "https://registry.npmjs.org/@mapbox/point-geometry/-/point-geometry-0.1.0.tgz",
            "integrity": "sha1-ioP5M1x4YO/6Lu7KJUMyqgru2PI="
        },
        "@mapbox/tiny-sdf": {
            "version": "1.1.1",
            "resolved": "https://registry.npmjs.org/@mapbox/tiny-sdf/-/tiny-sdf-1.1.1.tgz",
            "integrity": "sha512-Ihn1nZcGIswJ5XGbgFAvVumOgWpvIjBX9jiRlIl46uQG9vJOF51ViBYHF95rEZupuyQbEmhLaDPLQlU7fUTsBg=="
        },
        "@mapbox/unitbezier": {
            "version": "0.0.0",
            "resolved": "https://registry.npmjs.org/@mapbox/unitbezier/-/unitbezier-0.0.0.tgz",
            "integrity": "sha1-FWUb1VOme4WB+zmIEMmK2Go0Uk4="
        },
        "@mapbox/vector-tile": {
            "version": "1.3.1",
            "resolved": "https://registry.npmjs.org/@mapbox/vector-tile/-/vector-tile-1.3.1.tgz",
            "integrity": "sha512-MCEddb8u44/xfQ3oD+Srl/tNcQoqTw3goGk2oLsrFxOTc3dUp+kAnby3PvAeeBYSMSjSPD1nd1AJA6W49WnoUw==",
            "requires": {
                "@mapbox/point-geometry": "0.1.0"
            }
        },
        "@mapbox/whoots-js": {
            "version": "3.1.0",
            "resolved": "https://registry.npmjs.org/@mapbox/whoots-js/-/whoots-js-3.1.0.tgz",
            "integrity": "sha512-Es6WcD0nO5l+2BOQS4uLfNPYQaNDfbot3X1XUoloz+x0mPDS3eeORZJl06HXjwBG1fOGwCRnzK88LMdxKRrd6Q=="
        },
        "@turf/bbox": {
            "version": "4.7.3",
            "resolved": "https://registry.npmjs.org/@turf/bbox/-/bbox-4.7.3.tgz",
            "integrity": "sha1-461PEKfptBtSKIDTMIMZgZkFkGc=",
            "requires": {
                "@turf/meta": "4.7.4"
            }
        },
        "@turf/helpers": {
            "version": "4.7.3",
            "resolved": "https://registry.npmjs.org/@turf/helpers/-/helpers-4.7.3.tgz",
            "integrity": "sha1-vDEqxDyrPFMqSDFRxMOCxWSUKek="
        },
        "@turf/meta": {
            "version": "4.7.4",
            "resolved": "https://registry.npmjs.org/@turf/meta/-/meta-4.7.4.tgz",
            "integrity": "sha1-beLx6YkLj2S2aeS0fAmyCJMGOXc="
        },
        "@wq/jquery-mobile": {
            "version": "1.2.0-beta.1",
            "resolved": "https://registry.npmjs.org/@wq/jquery-mobile/-/jquery-mobile-1.2.0-beta.1.tgz",
            "integrity": "sha512-bxsIjH2pQJT7HtSyLSrnqoElIL7T588T0pRc8lT9CvZ4TwqzGG6SQOHDdRDATTARgNKQ0RdJQmm3VWoUCMcCcQ==",
            "requires": {
                "jquery": "1.12.4"
            }
        },
        "@wq/map": {
            "version": "1.2.0-beta.1",
            "resolved": "https://registry.npmjs.org/@wq/map/-/map-1.2.0-beta.1.tgz",
            "integrity": "sha512-eFzArso77pxIAx/J1S65x9oe8cp7KyEVifoxZj15cFmzDupSjoGx4TKC7l24ifG6ez7VhjiR08jyDiJ/h/tD5g==",
            "requires": {
                "@wq/template": "1.2.0-beta.1",
                "esri-leaflet": "2.3.2",
                "leaflet": "1.6.0",
                "leaflet-draw": "1.0.4",
                "leaflet.markercluster": "1.4.1",
                "leaflet.wms": "0.2.0"
            }
        },
        "@wq/template": {
            "version": "1.2.0-beta.1",
            "resolved": "https://registry.npmjs.org/@wq/template/-/template-1.2.0-beta.1.tgz",
            "integrity": "sha512-/O3+zAKuOe+JOglYsR4Lgm0UhDebGWFuFyAIa9Q8LR/8piSPzI6rbBbLF2Tqf/uQ3iG7HNYFymMyNxSNvjE+vg==",
            "requires": {
                "@wq/jquery-mobile": "1.2.0-beta.1",
                "mustache": "3.1.0"
            }
        },
        "align-text": {
            "version": "0.1.4",
            "resolved": "https://registry.npmjs.org/align-text/-/align-text-0.1.4.tgz",
            "integrity": "sha1-DNkKVhCT810KmSVsIrcGlDP60Rc=",
            "requires": {
                "kind-of": "3.2.2",
                "longest": "1.0.1",
                "repeat-string": "1.6.1"
            }
        },
        "ansicolors": {
            "version": "0.2.1",
            "resolved": "https://registry.npmjs.org/ansicolors/-/ansicolors-0.2.1.tgz",
            "integrity": "sha1-vgiVmQl7dKXJxKhKDNvNtivYeu8="
        },
        "buffer-from": {
            "version": "1.1.1",
            "resolved": "https://registry.npmjs.org/buffer-from/-/buffer-from-1.1.1.tgz",
            "integrity": "sha512-MQcXEUbCKtEo7bhqEs6560Hyd4XaovZlO/k9V3hjVUF/zwW7KBVdSK4gIt/bzwS9MbR5qob+F5jusZsb0YQK2A=="
        },
        "camelcase": {
            "version": "1.2.1",
            "resolved": "https://registry.npmjs.org/camelcase/-/camelcase-1.2.1.tgz",
            "integrity": "sha1-m7UwTS4LVmmLLHWLCKPqqdqlijk="
        },
        "cardinal": {
            "version": "0.4.4",
            "resolved": "https://registry.npmjs.org/cardinal/-/cardinal-0.4.4.tgz",
            "integrity": "sha1-ylu2iltRG5D+k7ms6km97lwyv+I=",
            "requires": {
                "ansicolors": "0.2.1",
                "redeyed": "0.4.4"
            }
        },
        "center-align": {
            "version": "0.1.3",
            "resolved": "https://registry.npmjs.org/center-align/-/center-align-0.1.3.tgz",
            "integrity": "sha1-qg0yYptu6XIgBBHL1EYckHvCt60=",
            "requires": {
                "align-text": "0.1.4",
                "lazy-cache": "1.0.4"
            }
        },
        "cliui": {
            "version": "2.1.0",
            "resolved": "https://registry.npmjs.org/cliui/-/cliui-2.1.0.tgz",
            "integrity": "sha1-S0dXYP+AJkx2LDoXGQMukcf+oNE=",
            "requires": {
                "center-align": "0.1.3",
                "right-align": "0.1.3",
                "wordwrap": "0.0.2"
            }
        },
        "concat-stream": {
            "version": "1.6.2",
            "resolved": "https://registry.npmjs.org/concat-stream/-/concat-stream-1.6.2.tgz",
            "integrity": "sha512-27HBghJxjiZtIk3Ycvn/4kbJk/1uZuJFfuPEns6LaEvpvG1f0hTea8lilrouyo9mVc2GWdcEZ8OLoGmSADlrCw==",
            "requires": {
                "buffer-from": "1.1.1",
                "inherits": "2.0.4",
                "readable-stream": "2.3.6",
                "typedarray": "0.0.6"
            }
        },
        "core-util-is": {
            "version": "1.0.2",
            "resolved": "https://registry.npmjs.org/core-util-is/-/core-util-is-1.0.2.tgz",
            "integrity": "sha1-tf1UIgqivFq1eqtxQMlAdUUDwac="
        },
        "csscolorparser": {
            "version": "1.0.3",
            "resolved": "https://registry.npmjs.org/csscolorparser/-/csscolorparser-1.0.3.tgz",
            "integrity": "sha1-s085HupNqPPpgjHizNjfnAQfFxs="
        },
        "decamelize": {
            "version": "1.2.0",
            "resolved": "https://registry.npmjs.org/decamelize/-/decamelize-1.2.0.tgz",
            "integrity": "sha1-9lNNFRSCabIDUue+4m9QH5oZEpA="
        },
        "deep-equal": {
            "version": "1.0.1",
            "resolved": "https://registry.npmjs.org/deep-equal/-/deep-equal-1.0.1.tgz",
            "integrity": "sha1-9dJgKStmDghO/0zbyfCK0yR0SLU="
        },
        "earcut": {
            "version": "2.2.1",
            "resolved": "https://registry.npmjs.org/earcut/-/earcut-2.2.1.tgz",
            "integrity": "sha512-5jIMi2RB3HtGPHcYd9Yyl0cczo84y+48lgKPxMijliNQaKAHEZJbdzLmKmdxG/mCdS/YD9DQ1gihL8mxzR0F9w=="
        },
        "esprima": {
            "version": "1.0.4",
            "resolved": "https://registry.npmjs.org/esprima/-/esprima-1.0.4.tgz",
            "integrity": "sha1-n1V+CPw7TSbs6d00+Pv0drYlha0="
        },
        "esri-leaflet": {
            "version": "2.3.2",
            "resolved": "https://registry.npmjs.org/esri-leaflet/-/esri-leaflet-2.3.2.tgz",
            "integrity": "sha512-9lCR/rHL6Lznqvat8cMAoZmMMUTV501WJWtG+8vSj/psayiJLNRTOUno0ibCDoXWHie5RH80241FiNdRNlX00g==",
            "requires": {
                "@esri/arcgis-to-geojson-utils": "1.3.0",
                "leaflet-virtual-grid": "1.0.7",
                "tiny-binary-search": "1.0.3"
            }
        },
        "geojson-vt": {
            "version": "3.2.1",
            "resolved": "https://registry.npmjs.org/geojson-vt/-/geojson-vt-3.2.1.tgz",
            "integrity": "sha512-EvGQQi/zPrDA6zr6BnJD/YhwAkBP8nnJ9emh3EnHQKVMfg/MRVtPbMYdgVy/IaEmn4UfagD2a6fafPDL5hbtwg=="
        },
        "gl-matrix": {
            "version": "3.1.0",
            "resolved": "https://registry.npmjs.org/gl-matrix/-/gl-matrix-3.1.0.tgz",
            "integrity": "sha512-526NA+3EA+ztAQi0IZpSWiM0fyQXIp7IbRvfJ4wS/TjjQD0uv0fVybXwwqqSOlq33UckivI0yMDlVtboWm3k7A=="
        },
        "grid-index": {
            "version": "1.1.0",
            "resolved": "https://registry.npmjs.org/grid-index/-/grid-index-1.1.0.tgz",
            "integrity": "sha512-HZRwumpOGUrHyxO5bqKZL0B0GlUpwtCAzZ42sgxUPniu33R1LSFH5yrIcBCHjkctCAh3mtWKcKd9J4vDDdeVHA=="
        },
        "ieee754": {
            "version": "1.1.13",
            "resolved": "https://registry.npmjs.org/ieee754/-/ieee754-1.1.13.tgz",
            "integrity": "sha512-4vf7I2LYV/HaWerSo3XmlMkp5eZ83i+/CDluXi/IGTs/O1sejBNhTtnxzmRZfvOUqj7lZjqHkeTvpgSFDlWZTg=="
        },
        "inherits": {
            "version": "2.0.4",
            "resolved": "https://registry.npmjs.org/inherits/-/inherits-2.0.4.tgz",
            "integrity": "sha512-k/vGaX4/Yla3WzyMCvTQOXYeIHvqOKtnqBduzTHpzpQZzAskKMhZ2K+EnBiSM9zGSoIFeMpXKxa4dYeZIQqewQ=="
        },
        "is-buffer": {
            "version": "1.1.6",
            "resolved": "https://registry.npmjs.org/is-buffer/-/is-buffer-1.1.6.tgz",
            "integrity": "sha512-NcdALwpXkTm5Zvvbk7owOUSvVvBKDgKP5/ewfXEznmQFfs4ZRmanOeKBTjRVjka3QFoN6XJ+9F3USqfHqTaU5w=="
        },
        "isarray": {
            "version": "1.0.0",
            "resolved": "https://registry.npmjs.org/isarray/-/isarray-1.0.0.tgz",
            "integrity": "sha1-u5NdSFgsuhaMBoNJV6VKPgcSTxE="
        },
        "jquery": {
            "version": "1.12.4",
            "resolved": "https://registry.npmjs.org/jquery/-/jquery-1.12.4.tgz",
            "integrity": "sha1-AeHfuikP5z3rp3zurLD5ui/sngw="
        },
        "kdbush": {
            "version": "3.0.0",
            "resolved": "https://registry.npmjs.org/kdbush/-/kdbush-3.0.0.tgz",
            "integrity": "sha512-hRkd6/XW4HTsA9vjVpY9tuXJYLSlelnkTmVFu4M9/7MIYQtFcHpbugAU7UbOfjOiVSVYl2fqgBuJ32JUmRo5Ew=="
        },
        "kind-of": {
            "version": "3.2.2",
            "resolved": "https://registry.npmjs.org/kind-of/-/kind-of-3.2.2.tgz",
            "integrity": "sha1-MeohpzS6ubuw8yRm2JOupR5KPGQ=",
            "requires": {
                "is-buffer": "1.1.6"
            }
        },
        "lazy-cache": {
            "version": "1.0.4",
            "resolved": "https://registry.npmjs.org/lazy-cache/-/lazy-cache-1.0.4.tgz",
            "integrity": "sha1-odePw6UEdMuAhF07O24dpJpEbo4="
        },
        "leaflet": {
            "version": "1.6.0",
            "resolved": "https://registry.npmjs.org/leaflet/-/leaflet-1.6.0.tgz",
            "integrity": "sha512-CPkhyqWUKZKFJ6K8umN5/D2wrJ2+/8UIpXppY7QDnUZW5bZL5+SEI2J7GBpwh4LIupOKqbNSQXgqmrEJopHVNQ=="
        },
        "leaflet-draw": {
            "version": "1.0.4",
            "resolved": "https://registry.npmjs.org/leaflet-draw/-/leaflet-draw-1.0.4.tgz",
            "integrity": "sha512-rsQ6saQO5ST5Aj6XRFylr5zvarWgzWnrg46zQ1MEOEIHsppdC/8hnN8qMoFvACsPvTioAuysya/TVtog15tyAQ=="
        },
        "leaflet-virtual-grid": {
            "version": "1.0.7",
            "resolved": "https://registry.npmjs.org/leaflet-virtual-grid/-/leaflet-virtual-grid-1.0.7.tgz",
            "integrity": "sha512-sJxWYPcIKwMTewE+z8OFzfZHsbZcniQgTcreVdIQnxSRf+1XpMp+c4QKAWRKTBRmWOhEGyQO0Z90CLANJ9jRUQ==",
            "requires": {
                "leaflet": "1.6.0"
            }
        },
        "leaflet.markercluster": {
            "version": "1.4.1",
            "resolved": "https://registry.npmjs.org/leaflet.markercluster/-/leaflet.markercluster-1.4.1.tgz",
            "integrity": "sha512-ZSEpE/EFApR0bJ1w/dUGwTSUvWlpalKqIzkaYdYB7jaftQA/Y2Jav+eT4CMtEYFj+ZK4mswP13Q2acnPBnhGOw=="
        },
        "leaflet.wms": {
            "version": "0.2.0",
            "resolved": "https://registry.npmjs.org/leaflet.wms/-/leaflet.wms-0.2.0.tgz",
            "integrity": "sha1-tGfrJKF++nkJhZtG+nJtkS6X0rw=",
            "requires": {
                "uglify-js": "2.8.29"
            }
        },
        "longest": {
            "version": "1.0.1",
            "resolved": "https://registry.npmjs.org/longest/-/longest-1.0.1.tgz",
            "integrity": "sha1-MKCy2jj3N3DoKUoNIuZiXtd9AJc="
        },
        "mapbox-gl": {
            "version": "1.5.0",
            "resolved": "https://registry.npmjs.org/mapbox-gl/-/mapbox-gl-1.5.0.tgz",
            "integrity": "sha512-seTQUttE7XaL93on+zfLv06HmROsIdTh3riEPrBdbylSirLmBRnofG+iV873ZbJQElf+d2USyHpWAJm37RehEQ==",
            "requires": {
                "@mapbox/geojson-rewind": "0.4.0",
                "@mapbox/geojson-types": "1.0.2",
                "@mapbox/jsonlint-lines-primitives": "2.0.2",
                "@mapbox/mapbox-gl-supported": "1.4.1",
                "@mapbox/point-geometry": "0.1.0",
                "@mapbox/tiny-sdf": "1.1.1",
                "@mapbox/unitbezier": "0.0.0",
                "@mapbox/vector-tile": "1.3.1",
                "@mapbox/whoots-js": "3.1.0",
                "csscolorparser": "1.0.3",
                "earcut": "2.2.1",
                "geojson-vt": "3.2.1",
                "gl-matrix": "3.1.0",
                "grid-index": "1.1.0",
                "minimist": "0.0.8",
                "murmurhash-js": "1.0.0",
                "pbf": "3.2.1",
                "potpack": "1.0.1",
                "quickselect": "2.0.0",
                "rw": "1.3.3",
                "supercluster": "6.0.2",
                "tinyqueue": "2.0.3",
                "vt-pbf": "3.1.1"
            }
        },
        "minimist": {
            "version": "0.0.8",
            "resolved": "https://registry.npmjs.org/minimist/-/minimist-0.0.8.tgz",
            "integrity": "sha1-hX/Kv8M5fSYluCKCYuhqp6ARsF0="
        },
        "murmurhash-js": {
            "version": "1.0.0",
            "resolved": "https://registry.npmjs.org/murmurhash-js/-/murmurhash-js-1.0.0.tgz",
            "integrity": "sha1-sGJ44h/Gw3+lMTcysEEry2rhX1E="
        },
        "mustache": {
            "version": "3.1.0",
            "resolved": "https://registry.npmjs.org/mustache/-/mustache-3.1.0.tgz",
            "integrity": "sha512-3Bxq1R5LBZp7fbFPZzFe5WN4s0q3+gxZaZuZVY+QctYJiCiVgXHOTIC0/HgZuOPFt/6BQcx5u0H2CUOxT/RoGQ=="
        },
        "pbf": {
            "version": "3.2.1",
            "resolved": "https://registry.npmjs.org/pbf/-/pbf-3.2.1.tgz",
            "integrity": "sha512-ClrV7pNOn7rtmoQVF4TS1vyU0WhYRnP92fzbfF75jAIwpnzdJXf8iTd4CMEqO4yUenH6NDqLiwjqlh6QgZzgLQ==",
            "requires": {
                "ieee754": "1.1.13",
                "resolve-protobuf-schema": "2.1.0"
            }
        },
        "potpack": {
            "version": "1.0.1",
            "resolved": "https://registry.npmjs.org/potpack/-/potpack-1.0.1.tgz",
            "integrity": "sha512-15vItUAbViaYrmaB/Pbw7z6qX2xENbFSTA7Ii4tgbPtasxm5v6ryKhKtL91tpWovDJzTiZqdwzhcFBCwiMVdVw=="
        },
        "process-nextick-args": {
            "version": "2.0.1",
            "resolved": "https://registry.npmjs.org/process-nextick-args/-/process-nextick-args-2.0.1.tgz",
            "integrity": "sha512-3ouUOpQhtgrbOa17J7+uxOTpITYWaGP7/AhoR3+A+/1e9skrzelGi/dXzEYyvbxubEF6Wn2ypscTKiKJFFn1ag=="
        },
        "protocol-buffers-schema": {
            "version": "3.3.2",
            "resolved": "https://registry.npmjs.org/protocol-buffers-schema/-/protocol-buffers-schema-3.3.2.tgz",
            "integrity": "sha512-Xdayp8sB/mU+sUV4G7ws8xtYMGdQnxbeIfLjyO9TZZRJdztBGhlmbI5x1qcY4TG5hBkIKGnc28i7nXxaugu88w=="
        },
        "quickselect": {
            "version": "2.0.0",
            "resolved": "https://registry.npmjs.org/quickselect/-/quickselect-2.0.0.tgz",
            "integrity": "sha512-RKJ22hX8mHe3Y6wH/N3wCM6BWtjaxIyyUIkpHOvfFnxdI4yD4tBXEBKSbriGujF6jnSVkJrffuo6vxACiSSxIw=="
        },
        "react-mapbox-gl": {
            "version": "4.7.3",
            "resolved": "https://registry.npmjs.org/react-mapbox-gl/-/react-mapbox-gl-4.7.3.tgz",
            "integrity": "sha512-zTt7OFAH5EmFPizOksxBmDz+Q6T2qGKXZCINogvQ2SlzPZh3PPU3pfoVOFaXMvwzmIgcFV/6d42wTiOyJNXfCA==",
            "requires": {
                "@turf/bbox": "4.7.3",
                "@turf/helpers": "4.7.3",
                "deep-equal": "1.0.1",
                "supercluster": "6.0.2"
            }
        },
        "readable-stream": {
            "version": "2.3.6",
            "resolved": "https://registry.npmjs.org/readable-stream/-/readable-stream-2.3.6.tgz",
            "integrity": "sha512-tQtKA9WIAhBF3+VLAseyMqZeBjW0AHJoxOtYqSUZNJxauErmLbVm2FW1y+J/YA9dUrAC39ITejlZWhVIwawkKw==",
            "requires": {
                "core-util-is": "1.0.2",
                "inherits": "2.0.4",
                "isarray": "1.0.0",
                "process-nextick-args": "2.0.1",
                "safe-buffer": "5.1.2",
                "string_decoder": "1.1.1",
                "util-deprecate": "1.0.2"
            }
        },
        "redeyed": {
            "version": "0.4.4",
            "resolved": "https://registry.npmjs.org/redeyed/-/redeyed-0.4.4.tgz",
            "integrity": "sha1-N+mQpvKyGyoRwuakj9QTVpjLqX8=",
            "requires": {
                "esprima": "1.0.4"
            }
        },
        "repeat-string": {
            "version": "1.6.1",
            "resolved": "https://registry.npmjs.org/repeat-string/-/repeat-string-1.6.1.tgz",
            "integrity": "sha1-jcrkcOHIirwtYA//Sndihtp15jc="
        },
        "resolve-protobuf-schema": {
            "version": "2.1.0",
            "resolved": "https://registry.npmjs.org/resolve-protobuf-schema/-/resolve-protobuf-schema-2.1.0.tgz",
            "integrity": "sha512-kI5ffTiZWmJaS/huM8wZfEMer1eRd7oJQhDuxeCLe3t7N7mX3z94CN0xPxBQxFYQTSNz9T0i+v6inKqSdK8xrQ==",
            "requires": {
                "protocol-buffers-schema": "3.3.2"
            }
        },
        "right-align": {
            "version": "0.1.3",
            "resolved": "https://registry.npmjs.org/right-align/-/right-align-0.1.3.tgz",
            "integrity": "sha1-YTObci/mo1FWiSENJOFMlhSGE+8=",
            "requires": {
                "align-text": "0.1.4"
            }
        },
        "rw": {
            "version": "1.3.3",
            "resolved": "https://registry.npmjs.org/rw/-/rw-1.3.3.tgz",
            "integrity": "sha1-P4Yt+pGrdmsUiF700BEkv9oHT7Q="
        },
        "safe-buffer": {
            "version": "5.1.2",
            "resolved": "https://registry.npmjs.org/safe-buffer/-/safe-buffer-5.1.2.tgz",
            "integrity": "sha512-Gd2UZBJDkXlY7GbJxfsE8/nvKkUEU1G38c1siN6QP6a9PT9MmHB8GnpscSmMJSoF8LOIrt8ud/wPtojys4G6+g=="
        },
        "sharkdown": {
            "version": "0.1.1",
            "resolved": "https://registry.npmjs.org/sharkdown/-/sharkdown-0.1.1.tgz",
            "integrity": "sha512-exwooSpmo5s45lrexgz6Q0rFQM574wYIX3iDZ7RLLqOb7IAoQZu9nxlZODU972g19sR69OIpKP2cpHTzU+PHIg==",
            "requires": {
                "cardinal": "0.4.4",
                "minimist": "0.0.5",
                "split": "0.2.10"
            },
            "dependencies": {
                "minimist": {
                    "version": "0.0.5",
                    "resolved": "https://registry.npmjs.org/minimist/-/minimist-0.0.5.tgz",
                    "integrity": "sha1-16oye87PUY+RBqxrjwA/o7zqhWY="
                }
            }
        },
        "source-map": {
            "version": "0.5.7",
            "resolved": "https://registry.npmjs.org/source-map/-/source-map-0.5.7.tgz",
            "integrity": "sha1-igOdLRAh0i0eoUyA2OpGi6LvP8w="
        },
        "split": {
            "version": "0.2.10",
            "resolved": "https://registry.npmjs.org/split/-/split-0.2.10.tgz",
            "integrity": "sha1-Zwl8YB1pfOE2j0GPBs0gHPBSGlc=",
            "requires": {
                "through": "2.3.8"
            }
        },
        "string_decoder": {
            "version": "1.1.1",
            "resolved": "https://registry.npmjs.org/string_decoder/-/string_decoder-1.1.1.tgz",
            "integrity": "sha512-n/ShnvDi6FHbbVfviro+WojiFzv+s8MPMHBczVePfUpDJLwoLT0ht1l4YwBCbi8pJAveEEdnkHyPyTP/mzRfwg==",
            "requires": {
                "safe-buffer": "5.1.2"
            }
        },
        "supercluster": {
            "version": "6.0.2",
            "resolved": "https://registry.npmjs.org/supercluster/-/supercluster-6.0.2.tgz",
            "integrity": "sha512-aa0v2HURjBTOpbcknilcfxGDuArM8khklKSmZ/T8ZXL0BuRwb5aRw95lz+2bmWpFvCXDX/+FzqHxmg0TIaJErw==",
            "requires": {
                "kdbush": "3.0.0"
            }
        },
        "through": {
            "version": "2.3.8",
            "resolved": "https://registry.npmjs.org/through/-/through-2.3.8.tgz",
            "integrity": "sha1-DdTJ/6q8NXlgsbckEV1+Doai4fU="
        },
        "tiny-binary-search": {
            "version": "1.0.3",
            "resolved": "https://registry.npmjs.org/tiny-binary-search/-/tiny-binary-search-1.0.3.tgz",
            "integrity": "sha512-STSHX/L5nI9WTLv6wrzJbAPbO7OIISX83KFBh2GVbX1Uz/vgZOU/ANn/8iV6t35yMTpoPzzO+3OQid3mifE0CA=="
        },
        "tinyqueue": {
            "version": "2.0.3",
            "resolved": "https://registry.npmjs.org/tinyqueue/-/tinyqueue-2.0.3.tgz",
            "integrity": "sha512-ppJZNDuKGgxzkHihX8v9v9G5f+18gzaTfrukGrq6ueg0lmH4nqVnA2IPG0AEH3jKEk2GRJCUhDoqpoiw3PHLBA=="
        },
        "typedarray": {
            "version": "0.0.6",
            "resolved": "https://registry.npmjs.org/typedarray/-/typedarray-0.0.6.tgz",
            "integrity": "sha1-hnrHTjhkGHsdPUfZlqeOxciDB3c="
        },
        "uglify-js": {
            "version": "2.8.29",
            "resolved": "https://registry.npmjs.org/uglify-js/-/uglify-js-2.8.29.tgz",
            "integrity": "sha1-KcVzMUgFe7Th913zW3qcty5qWd0=",
            "requires": {
                "source-map": "0.5.7",
                "uglify-to-browserify": "1.0.2",
                "yargs": "3.10.0"
            }
        },
        "uglify-to-browserify": {
            "version": "1.0.2",
            "resolved": "https://registry.npmjs.org/uglify-to-browserify/-/uglify-to-browserify-1.0.2.tgz",
            "integrity": "sha1-bgkk1r2mta/jSeOabWMoUKD4grc=",
            "optional": true
        },
        "util-deprecate": {
            "version": "1.0.2",
            "resolved": "https://registry.npmjs.org/util-deprecate/-/util-deprecate-1.0.2.tgz",
            "integrity": "sha1-RQ1Nyfpw3nMnYvvS1KKJgUGaDM8="
        },
        "vt-pbf": {
            "version": "3.1.1",
            "resolved": "https://registry.npmjs.org/vt-pbf/-/vt-pbf-3.1.1.tgz",
            "integrity": "sha512-pHjWdrIoxurpmTcbfBWXaPwSmtPAHS105253P1qyEfSTV2HJddqjM+kIHquaT/L6lVJIk9ltTGc0IxR/G47hYA==",
            "requires": {
                "@mapbox/point-geometry": "0.1.0",
                "@mapbox/vector-tile": "1.3.1",
                "pbf": "3.2.1"
            }
        },
        "wgs84": {
            "version": "0.0.0",
            "resolved": "https://registry.npmjs.org/wgs84/-/wgs84-0.0.0.tgz",
            "integrity": "sha1-NP3FVZF7blfPKigu0ENxDASc3HY="
        },
        "window-size": {
            "version": "0.1.0",
            "resolved": "https://registry.npmjs.org/window-size/-/window-size-0.1.0.tgz",
            "integrity": "sha1-VDjNLqk7IC76Ohn+iIeu58lPnJ0="
        },
        "wordwrap": {
            "version": "0.0.2",
            "resolved": "https://registry.npmjs.org/wordwrap/-/wordwrap-0.0.2.tgz",
            "integrity": "sha1-t5Zpu0LstAn4PVg8rVLKF+qhZD8="
        },
        "yargs": {
            "version": "3.10.0",
            "resolved": "https://registry.npmjs.org/yargs/-/yargs-3.10.0.tgz",
            "integrity": "sha1-9+572FfdfB0tOMDnTvvWgdFDH9E=",
            "requires": {
                "camelcase": "1.2.1",
                "cliui": "2.1.0",
                "decamelize": "1.2.0",
                "window-size": "0.1.0"
            }
        }
    }
}
