{
    "name": "@wq/model",
    "version": "1.2.0",
    "lockfileVersion": 1,
    "requires": true,
    "dependencies": {
        "@babel/runtime": {
            "version": "7.4.5",
            "resolved": "https://registry.npmjs.org/@babel/runtime/-/runtime-7.4.5.tgz",
            "integrity": "sha512-TuI4qpWZP6lGOGIuGWtp9sPluqYICmbk8T/1vpSysqJxRPkudh/ofFWyqdcMsDf2s7KvDL4/YHgKyvcS3g9CJQ==",
            "requires": {
                "regenerator-runtime": "^0.13.2"
            }
        },
        "@wq/store": {
            "version": "1.2.0",
            "resolved": "https://registry.npmjs.org/@wq/store/-/store-1.2.0.tgz",
            "integrity": "sha512-O40nEFEH2vW0FFUbaNNsE0PZftVbNt3PVWdcq2wciImY3K0WxAZ9SM+DZuO+io8MhaNcos43hoff2jQHfcWVYg==",
            "requires": {
                "localforage": "^1.7.3",
                "redux": "^4.0.4",
                "redux-logger": "^3.0.6",
                "redux-persist": "^6.0.0",
                "whatwg-fetch": "^3.0.0"
            }
        },
        "deep-diff": {
            "version": "0.3.8",
            "resolved": "https://registry.npmjs.org/deep-diff/-/deep-diff-0.3.8.tgz",
            "integrity": "sha1-wB3mPvsO7JeYgB1Ax+Da4ltYLIQ="
        },
        "deepcopy": {
            "version": "2.0.0",
            "resolved": "https://registry.npmjs.org/deepcopy/-/deepcopy-2.0.0.tgz",
            "integrity": "sha512-d5ZK7pJw7F3k6M5vqDjGiiUS9xliIyWkdzBjnPhnSeRGjkYOGZMCFkdKVwV/WiHOe0NwzB8q+iDo7afvSf0arA==",
            "requires": {
                "type-detect": "^4.0.8"
            }
        },
        "immediate": {
            "version": "3.0.6",
            "resolved": "https://registry.npmjs.org/immediate/-/immediate-3.0.6.tgz",
            "integrity": "sha1-nbHb0Pr43m++D13V5Wu2BigN5ps="
        },
        "immutable-ops": {
            "version": "0.6.0",
            "resolved": "https://registry.npmjs.org/immutable-ops/-/immutable-ops-0.6.0.tgz",
            "integrity": "sha512-GK+dh0Wz4/ZFj08fBPxVVj2Gj/HABzFZNTf0WQW4KXDxOS0taAFxfeJUZgnEHTNbiLcXxi5MHNiq1rAYaVVa1w==",
            "requires": {
                "ramda": "^0.26.1"
            }
        },
        "js-tokens": {
            "version": "4.0.0",
            "resolved": "https://registry.npmjs.org/js-tokens/-/js-tokens-4.0.0.tgz",
            "integrity": "sha512-RdJUflcE3cUzKiMqQgsCu06FPu9UdIJO0beYbPhHN4k6apgJtifcoCtT9bcxOpYBtpD2kCM6Sbzg4CausW/PKQ=="
        },
        "lie": {
            "version": "3.1.1",
            "resolved": "https://registry.npmjs.org/lie/-/lie-3.1.1.tgz",
            "integrity": "sha1-mkNrLMd0bKWd56QfpGmz77dr2H4=",
            "requires": {
                "immediate": "~3.0.5"
            }
        },
        "localforage": {
            "version": "1.7.3",
            "resolved": "https://registry.npmjs.org/localforage/-/localforage-1.7.3.tgz",
            "integrity": "sha512-1TulyYfc4udS7ECSBT2vwJksWbkwwTX8BzeUIiq8Y07Riy7bDAAnxDaPU/tWyOVmQAcWJIEIFP9lPfBGqVoPgQ==",
            "requires": {
                "lie": "3.1.1"
            }
        },
        "lodash": {
            "version": "4.17.11",
            "resolved": "https://registry.npmjs.org/lodash/-/lodash-4.17.11.tgz",
            "integrity": "sha512-cQKh8igo5QUhZ7lg38DYWAxMvjSAKG0A8wGSVimP07SIUEK2UO+arSRKbRZWtelMtN5V0Hkwh5ryOto/SshYIg=="
        },
        "loose-envify": {
            "version": "1.4.0",
            "resolved": "https://registry.npmjs.org/loose-envify/-/loose-envify-1.4.0.tgz",
            "integrity": "sha512-lyuxPGr/Wfhrlem2CL/UcnUc1zcqKAImBDzukY7Y5F/yQiNdko6+fRLevlw1HgMySw7f611UIY408EtxRSoK3Q==",
            "requires": {
                "js-tokens": "^3.0.0 || ^4.0.0"
            }
        },
        "ramda": {
            "version": "0.26.1",
            "resolved": "https://registry.npmjs.org/ramda/-/ramda-0.26.1.tgz",
            "integrity": "sha512-hLWjpy7EnsDBb0p+Z3B7rPi3GDeRG5ZtiI33kJhTt+ORCd38AbAIjB/9zRIUoeTbE/AVX5ZkU7m6bznsvrf8eQ=="
        },
        "redux": {
            "version": "4.0.5",
            "resolved": "https://registry.npmjs.org/redux/-/redux-4.0.5.tgz",
            "integrity": "sha512-VSz1uMAH24DM6MF72vcojpYPtrTUu3ByVWfPL1nPfVRb5mZVTve5GnNCUV53QM/BZ66xfWrm0CTWoM+Xlz8V1w==",
            "requires": {
                "loose-envify": "^1.4.0",
                "symbol-observable": "^1.2.0"
            }
        },
        "redux-logger": {
            "version": "3.0.6",
            "resolved": "https://registry.npmjs.org/redux-logger/-/redux-logger-3.0.6.tgz",
            "integrity": "sha1-91VZZvMJjzyIYExEnPC69XeCdL8=",
            "requires": {
                "deep-diff": "^0.3.5"
            }
        },
        "redux-orm": {
            "version": "0.13.3",
            "resolved": "https://registry.npmjs.org/redux-orm/-/redux-orm-0.13.3.tgz",
            "integrity": "sha512-76PWSJ8tZVcM+ynYUZf0qd1TJVoPXWNIPfjCYHfdiMlJ6N/gEu94W1wJ16einJ/Vng0+0/F1sxEB/3vWgMS0Dg==",
            "requires": {
                "@babel/runtime": "^7.0.0",
                "immutable-ops": "^0.6.0",
                "lodash": "^4.17.11",
                "reselect": "^3.0.1"
            }
        },
        "redux-persist": {
            "version": "6.0.0",
            "resolved": "https://registry.npmjs.org/redux-persist/-/redux-persist-6.0.0.tgz",
            "integrity": "sha512-71LLMbUq2r02ng2We9S215LtPu3fY0KgaGE0k8WRgl6RkqxtGfl7HUozz1Dftwsb0D/5mZ8dwAaPbtnzfvbEwQ=="
        },
        "regenerator-runtime": {
            "version": "0.13.2",
            "resolved": "https://registry.npmjs.org/regenerator-runtime/-/regenerator-runtime-0.13.2.tgz",
            "integrity": "sha512-S/TQAZJO+D3m9xeN1WTI8dLKBBiRgXBlTJvbWjCThHWZj9EvHK70Ff50/tYj2J/fvBY6JtFVwRuazHN2E7M9BA=="
        },
        "reselect": {
            "version": "3.0.1",
            "resolved": "https://registry.npmjs.org/reselect/-/reselect-3.0.1.tgz",
            "integrity": "sha1-79qpjqdFEyTQkrKyFjpqHXqaIUc="
        },
        "symbol-observable": {
            "version": "1.2.0",
            "resolved": "https://registry.npmjs.org/symbol-observable/-/symbol-observable-1.2.0.tgz",
            "integrity": "sha512-e900nM8RRtGhlV36KGEU9k65K3mPb1WV70OdjfxlG2EAuM1noi/E/BaW/uMhL7bPEssK8QV57vN3esixjUvcXQ=="
        },
        "type-detect": {
            "version": "4.0.8",
            "resolved": "https://registry.npmjs.org/type-detect/-/type-detect-4.0.8.tgz",
            "integrity": "sha512-0fr/mIH1dlO+x7TlcMy+bIDqKPsw/70tVyeHW787goQjhmqaZe10uwLujubK9q9Lg6Fiho1KUKDYz0Z7k7g5/g=="
        },
        "whatwg-fetch": {
            "version": "3.0.0",
            "resolved": "https://registry.npmjs.org/whatwg-fetch/-/whatwg-fetch-3.0.0.tgz",
            "integrity": "sha512-9GSJUgz1D4MfyKU7KRqwOjXCXTqWdFNvEr7eUBYchQiVc744mqK/MzXPNR2WsPkmkOa4ywfg8C2n8h+13Bey1Q=="
        }
    }
}
