{
    "name": "@wq/model",
    "version": "1.1.2",
    "lockfileVersion": 1,
    "requires": true,
    "dependencies": {
        "@wq/jest-env-jsdom-idb": {
            "version": "0.1.1",
            "resolved": "https://registry.npmjs.org/@wq/jest-env-jsdom-idb/-/jest-env-jsdom-idb-0.1.1.tgz",
            "integrity": "sha512-foIe+GLGV2QOsMyA5zyyyRze+OlhKUcAtrSTWQxBdWnNaMrFDRuLuZk09/e+CMH9Wf+KkIpIrJH2QlaDN57FHg==",
            "dev": true,
            "requires": {
                "fake-indexeddb": "2.0.3"
            }
        },
        "@wq/store": {
            "version": "1.1.2",
            "resolved": "https://registry.npmjs.org/@wq/store/-/store-1.1.2.tgz",
            "integrity": "sha512-NpFkR52mQQzfyXHN8bCIRmfZ+Y1odJ/mFhRxwe66MECReYVSSw1OCOCMlCGWLP8g2jAHy88tFSO8okdn/IdvYw==",
            "requires": {
                "localforage": "1.7.3",
                "localforage-memoryStorageDriver": "0.9.2",
                "whatwg-fetch": "2.0.4"
            }
        },
        "core-js": {
            "version": "2.6.9",
            "resolved": "https://registry.npmjs.org/core-js/-/core-js-2.6.9.tgz",
            "integrity": "sha512-HOpZf6eXmnl7la+cUdMnLvUxKNqLUzJvgIziQ0DiF3JwSImNphIqdGqzj6hIKyX04MmV0poclQ7+wjWvxQyR2A==",
            "dev": true
        },
        "deepcopy": {
            "version": "1.0.0",
            "resolved": "https://registry.npmjs.org/deepcopy/-/deepcopy-1.0.0.tgz",
            "integrity": "sha512-WJrecobaoqqgQHtvRI2/VCzWoWXPAnFYyAkF/spmL46lZMnd0gW0gLGuyeFVSrqt2B3s0oEEj6i+j2L/2QiS4g==",
            "requires": {
                "type-detect": "4.0.8"
            }
        },
        "fake-indexeddb": {
            "version": "2.0.3",
            "resolved": "https://registry.npmjs.org/fake-indexeddb/-/fake-indexeddb-2.0.3.tgz",
            "integrity": "sha1-YxmwzBaxxjQ/Ri1c+VKRyxGktYs=",
            "dev": true,
            "requires": {
                "core-js": "2.6.9",
                "realistic-structured-clone": "1.0.1",
                "setimmediate": "1.0.5"
            }
        },
        "immediate": {
            "version": "3.0.6",
            "resolved": "https://registry.npmjs.org/immediate/-/immediate-3.0.6.tgz",
            "integrity": "sha1-nbHb0Pr43m++D13V5Wu2BigN5ps="
        },
        "lie": {
            "version": "3.1.1",
            "resolved": "https://registry.npmjs.org/lie/-/lie-3.1.1.tgz",
            "integrity": "sha1-mkNrLMd0bKWd56QfpGmz77dr2H4=",
            "requires": {
                "immediate": "3.0.6"
            }
        },
        "localforage": {
            "version": "1.7.3",
            "resolved": "https://registry.npmjs.org/localforage/-/localforage-1.7.3.tgz",
            "integrity": "sha512-1TulyYfc4udS7ECSBT2vwJksWbkwwTX8BzeUIiq8Y07Riy7bDAAnxDaPU/tWyOVmQAcWJIEIFP9lPfBGqVoPgQ==",
            "requires": {
                "lie": "3.1.1"
            }
        },
        "localforage-memoryStorageDriver": {
            "version": "0.9.2",
            "resolved": "https://registry.npmjs.org/localforage-memoryStorageDriver/-/localforage-memoryStorageDriver-0.9.2.tgz",
            "integrity": "sha1-Lg9/8qyw6f9egsUsni6z1juZjTA=",
            "requires": {
                "localforage": "1.7.3"
            }
        },
        "lodash._basefor": {
            "version": "3.0.3",
            "resolved": "https://registry.npmjs.org/lodash._basefor/-/lodash._basefor-3.0.3.tgz",
            "integrity": "sha1-dVC06SGO8J+tJDQ7YSAhx5tMIMI=",
            "dev": true
        },
        "lodash.isarguments": {
            "version": "3.1.0",
            "resolved": "https://registry.npmjs.org/lodash.isarguments/-/lodash.isarguments-3.1.0.tgz",
            "integrity": "sha1-L1c9hcaiQon/AGY7SRwdM4/zRYo=",
            "dev": true
        },
        "lodash.isarray": {
            "version": "3.0.4",
            "resolved": "https://registry.npmjs.org/lodash.isarray/-/lodash.isarray-3.0.4.tgz",
            "integrity": "sha1-eeTriMNqgSKvhvhEqpvNhRtfu1U=",
            "dev": true
        },
        "lodash.isplainobject": {
            "version": "3.2.0",
            "resolved": "https://registry.npmjs.org/lodash.isplainobject/-/lodash.isplainobject-3.2.0.tgz",
            "integrity": "sha1-moI4rhayAEMpYM1zRlEtASP79MU=",
            "dev": true,
            "requires": {
                "lodash._basefor": "3.0.3",
                "lodash.isarguments": "3.1.0",
                "lodash.keysin": "3.0.8"
            }
        },
        "lodash.keysin": {
            "version": "3.0.8",
            "resolved": "https://registry.npmjs.org/lodash.keysin/-/lodash.keysin-3.0.8.tgz",
            "integrity": "sha1-IsRJPrvtsUJ5YqVLRFssinZ/tH8=",
            "dev": true,
            "requires": {
                "lodash.isarguments": "3.1.0",
                "lodash.isarray": "3.0.4"
            }
        },
        "realistic-structured-clone": {
            "version": "1.0.1",
            "resolved": "https://registry.npmjs.org/realistic-structured-clone/-/realistic-structured-clone-1.0.1.tgz",
            "integrity": "sha1-Gr6CrwuAzXsQn9r10pMIAyhS1F0=",
            "dev": true,
            "requires": {
                "lodash.isplainobject": "3.2.0"
            }
        },
        "setimmediate": {
            "version": "1.0.5",
            "resolved": "https://registry.npmjs.org/setimmediate/-/setimmediate-1.0.5.tgz",
            "integrity": "sha1-KQy7Iy4waULX1+qbg3Mqt4VvgoU=",
            "dev": true
        },
        "type-detect": {
            "version": "4.0.8",
            "resolved": "https://registry.npmjs.org/type-detect/-/type-detect-4.0.8.tgz",
            "integrity": "sha512-0fr/mIH1dlO+x7TlcMy+bIDqKPsw/70tVyeHW787goQjhmqaZe10uwLujubK9q9Lg6Fiho1KUKDYz0Z7k7g5/g=="
        },
        "whatwg-fetch": {
            "version": "2.0.4",
            "resolved": "https://registry.npmjs.org/whatwg-fetch/-/whatwg-fetch-2.0.4.tgz",
            "integrity": "sha512-dcQ1GWpOD/eEQ97k66aiEVpNnapVj90/+R+SXTPYGHpYBBypfKJEQjLrvMZ7YXbKm21gXd4NcuxUTjiv1YtLng=="
        }
    }
}
