{
    "name": "@wq/app",
    "version": "1.2.0",
    "lockfileVersion": 1,
    "requires": true,
    "dependencies": {
        "@babel/runtime": {
            "version": "7.8.3",
            "resolved": "https://registry.npmjs.org/@babel/runtime/-/runtime-7.8.3.tgz",
            "integrity": "sha512-fVHx1rzEmwB130VTkLnxR+HmxcTjGzH12LYQcFFoBwakMd3aOMD4OsRN7tGG/UOYE2ektgFrS8uACAoRk1CY0w==",
            "requires": {
                "regenerator-runtime": "^0.13.2"
            }
        },
        "@redux-offline/redux-offline": {
            "version": "2.5.2",
            "resolved": "https://registry.npmjs.org/@redux-offline/redux-offline/-/redux-offline-2.5.2.tgz",
            "integrity": "sha512-z/YJg/Ajr2bQXZUQZ5xlNixcG3d9AmH6MRQmYT/NxzPn7CI6bCfdrAd4BVzdUdqQ5ce7/CMftKXmNDlsjARdhA==",
            "requires": {
                "@babel/runtime": "^7.5.5",
                "redux-persist": "^4.6.0"
            },
            "dependencies": {
                "redux-persist": {
                    "version": "4.10.2",
                    "resolved": "https://registry.npmjs.org/redux-persist/-/redux-persist-4.10.2.tgz",
                    "integrity": "sha512-U+e0ieMGC69Zr72929iJW40dEld7Mflh6mu0eJtVMLGfMq/aJqjxUM1hzyUWMR1VUyAEEdPHuQmeq5ti9krIgg==",
                    "requires": {
                        "json-stringify-safe": "^5.0.1",
                        "lodash": "^4.17.4",
                        "lodash-es": "^4.17.4"
                    }
                }
            }
        },
        "@wq/jquery-mobile": {
            "version": "1.2.0",
            "resolved": "https://registry.npmjs.org/@wq/jquery-mobile/-/jquery-mobile-1.2.0.tgz",
            "integrity": "sha512-duQf1f02TvarbBHSUymbBOkRKMM3CHrkviZ++n1ck3ikok+DaPuvnLzlLk1nEVU/cgN6Ib0ZbxPb4nJqfQfiUg==",
            "requires": {
                "jquery": "^1.12.4"
            }
        },
        "@wq/model": {
            "version": "1.2.0",
            "resolved": "https://registry.npmjs.org/@wq/model/-/model-1.2.0.tgz",
            "integrity": "sha512-0Tye3WURzdjlsSJGtF/XEXFDkc914GB9Dx11+Lu4+CTu3i6CEjNcHlyx8wKYJBN51eo1Mhd8xxfjaEE+yoIzDw==",
            "requires": {
                "@wq/store": "^1.2.0",
                "deepcopy": "^2.0.0",
                "redux-orm": "^0.13.3"
            }
        },
        "@wq/outbox": {
            "version": "1.2.0",
            "resolved": "https://registry.npmjs.org/@wq/outbox/-/outbox-1.2.0.tgz",
            "integrity": "sha512-kBrLdmvOUrLzmUqefsC7FK4HhY0R2HtNQ8+Ag9XZOUbpRTtL8L8EFINmiffaC2MeKqEaJc//DJdXsJoFfNXPkw==",
            "requires": {
                "@redux-offline/redux-offline": "^2.5.2",
                "@wq/model": "^1.2.0",
                "@wq/store": "^1.2.0",
                "redux": "^4.0.4"
            }
        },
        "@wq/router": {
            "version": "1.2.0",
            "resolved": "https://registry.npmjs.org/@wq/router/-/router-1.2.0.tgz",
            "integrity": "sha512-EYPe1xHrY1X43L8CqbfjdrOzT5d7PQHu4evICkjD5xgp8W92CEIjl8SK78RTL3ImV9i3Wf4o+aShCqG9kTZOaQ==",
            "requires": {
                "@wq/jquery-mobile": "^1.2.0",
                "@wq/store": "^1.2.0",
                "@wq/template": "^1.2.0",
                "query-string": "^6.8.3",
                "redux-first-router": "^2.1.5"
            }
        },
        "@wq/store": {
            "version": "1.2.0",
            "resolved": "https://registry.npmjs.org/@wq/store/-/store-1.2.0.tgz",
            "integrity": "sha512-O40nEFEH2vW0FFUbaNNsE0PZftVbNt3PVWdcq2wciImY3K0WxAZ9SM+DZuO+io8MhaNcos43hoff2jQHfcWVYg==",
            "requires": {
                "localforage": "^1.7.3",
                "redux": "^4.0.4",
                "redux-logger": "^3.0.6",
                "redux-persist": "^6.0.0",
                "whatwg-fetch": "^3.0.0"
            }
        },
        "@wq/template": {
            "version": "1.2.0",
            "resolved": "https://registry.npmjs.org/@wq/template/-/template-1.2.0.tgz",
            "integrity": "sha512-YVLeyvWwKwQS8l08p/r1KkUHpIKaDlvwRn1XsFtLiwj/WAzenMw29G56G4JtlsOP9DIXUvWb7NoxruML4GBZAw==",
            "requires": {
                "@wq/jquery-mobile": "^1.2.0",
                "mustache": "^3.1.0"
            }
        },
        "decode-uri-component": {
            "version": "0.2.0",
            "resolved": "https://registry.npmjs.org/decode-uri-component/-/decode-uri-component-0.2.0.tgz",
            "integrity": "sha1-6zkTMzRYd1y4TNGh+uBiEGu4dUU="
        },
        "deep-diff": {
            "version": "0.3.8",
            "resolved": "https://registry.npmjs.org/deep-diff/-/deep-diff-0.3.8.tgz",
            "integrity": "sha1-wB3mPvsO7JeYgB1Ax+Da4ltYLIQ="
        },
        "deepcopy": {
            "version": "2.0.0",
            "resolved": "https://registry.npmjs.org/deepcopy/-/deepcopy-2.0.0.tgz",
            "integrity": "sha512-d5ZK7pJw7F3k6M5vqDjGiiUS9xliIyWkdzBjnPhnSeRGjkYOGZMCFkdKVwV/WiHOe0NwzB8q+iDo7afvSf0arA==",
            "requires": {
                "type-detect": "^4.0.8"
            }
        },
        "define-properties": {
            "version": "1.1.3",
            "resolved": "https://registry.npmjs.org/define-properties/-/define-properties-1.1.3.tgz",
            "integrity": "sha512-3MqfYKj2lLzdMSf8ZIZE/V+Zuy+BgD6f164e8K2w7dgnpKArBDerGYpM46IYYcjnkdPNMjPk9A6VFB8+3SKlXQ==",
            "dev": true,
            "requires": {
                "object-keys": "^1.0.12"
            }
        },
        "es-abstract": {
            "version": "1.15.0",
            "resolved": "https://registry.npmjs.org/es-abstract/-/es-abstract-1.15.0.tgz",
            "integrity": "sha512-bhkEqWJ2t2lMeaJDuk7okMkJWI/yqgH/EoGwpcvv0XW9RWQsRspI4wt6xuyuvMvvQE3gg/D9HXppgk21w78GyQ==",
            "dev": true,
            "requires": {
                "es-to-primitive": "^1.2.0",
                "function-bind": "^1.1.1",
                "has": "^1.0.3",
                "has-symbols": "^1.0.0",
                "is-callable": "^1.1.4",
                "is-regex": "^1.0.4",
                "object-inspect": "^1.6.0",
                "object-keys": "^1.1.1",
                "string.prototype.trimleft": "^2.1.0",
                "string.prototype.trimright": "^2.1.0"
            }
        },
        "es-to-primitive": {
            "version": "1.2.0",
            "resolved": "https://registry.npmjs.org/es-to-primitive/-/es-to-primitive-1.2.0.tgz",
            "integrity": "sha512-qZryBOJjV//LaxLTV6UC//WewneB3LcXOL9NP++ozKVXsIIIpm/2c13UDiD9Jp2eThsecw9m3jPqDwTyobcdbg==",
            "dev": true,
            "requires": {
                "is-callable": "^1.1.4",
                "is-date-object": "^1.0.1",
                "is-symbol": "^1.0.2"
            }
        },
        "function-bind": {
            "version": "1.1.1",
            "resolved": "https://registry.npmjs.org/function-bind/-/function-bind-1.1.1.tgz",
            "integrity": "sha512-yIovAzMX49sF8Yl58fSCWJ5svSLuaibPxXQJFLmBObTuCr0Mf1KiPopGM9NiFjiYBCbfaa2Fh6breQ6ANVTI0A==",
            "dev": true
        },
        "has": {
            "version": "1.0.3",
            "resolved": "https://registry.npmjs.org/has/-/has-1.0.3.tgz",
            "integrity": "sha512-f2dvO0VU6Oej7RkWJGrehjbzMAjFp5/VKPp5tTpWIV4JHHZK1/BxbFRtf/siA2SWTe09caDmVtYYzWEIbBS4zw==",
            "dev": true,
            "requires": {
                "function-bind": "^1.1.1"
            }
        },
        "has-symbols": {
            "version": "1.0.0",
            "resolved": "https://registry.npmjs.org/has-symbols/-/has-symbols-1.0.0.tgz",
            "integrity": "sha1-uhqPGvKg/DllD1yFA2dwQSIGO0Q=",
            "dev": true
        },
        "immediate": {
            "version": "3.0.6",
            "resolved": "https://registry.npmjs.org/immediate/-/immediate-3.0.6.tgz",
            "integrity": "sha1-nbHb0Pr43m++D13V5Wu2BigN5ps="
        },
        "immutable-ops": {
            "version": "0.6.0",
            "resolved": "https://registry.npmjs.org/immutable-ops/-/immutable-ops-0.6.0.tgz",
            "integrity": "sha512-GK+dh0Wz4/ZFj08fBPxVVj2Gj/HABzFZNTf0WQW4KXDxOS0taAFxfeJUZgnEHTNbiLcXxi5MHNiq1rAYaVVa1w==",
            "requires": {
                "ramda": "^0.26.1"
            }
        },
        "invariant": {
            "version": "2.2.4",
            "resolved": "https://registry.npmjs.org/invariant/-/invariant-2.2.4.tgz",
            "integrity": "sha512-phJfQVBuaJM5raOpJjSfkiD6BpbCE4Ns//LaXl6wGYtUBY83nWS6Rf9tXm2e8VaK60JEjYldbPif/A2B1C2gNA==",
            "requires": {
                "loose-envify": "^1.0.0"
            }
        },
        "is-callable": {
            "version": "1.1.4",
            "resolved": "https://registry.npmjs.org/is-callable/-/is-callable-1.1.4.tgz",
            "integrity": "sha512-r5p9sxJjYnArLjObpjA4xu5EKI3CuKHkJXMhT7kwbpUyIFD1n5PMAsoPvWnvtZiNz7LjkYDRZhd7FlI0eMijEA==",
            "dev": true
        },
        "is-date-object": {
            "version": "1.0.1",
            "resolved": "https://registry.npmjs.org/is-date-object/-/is-date-object-1.0.1.tgz",
            "integrity": "sha1-mqIOtq7rv/d/vTPnTKAbM1gdOhY=",
            "dev": true
        },
        "is-regex": {
            "version": "1.0.4",
            "resolved": "https://registry.npmjs.org/is-regex/-/is-regex-1.0.4.tgz",
            "integrity": "sha1-VRdIm1RwkbCTDglWVM7SXul+lJE=",
            "dev": true,
            "requires": {
                "has": "^1.0.1"
            }
        },
        "is-symbol": {
            "version": "1.0.2",
            "resolved": "https://registry.npmjs.org/is-symbol/-/is-symbol-1.0.2.tgz",
            "integrity": "sha512-HS8bZ9ox60yCJLH9snBpIwv9pYUAkcuLhSA1oero1UB5y9aiQpRA8y2ex945AOtCZL1lJDeIk3G5LthswI46Lw==",
            "dev": true,
            "requires": {
                "has-symbols": "^1.0.0"
            }
        },
        "isarray": {
            "version": "0.0.1",
            "resolved": "https://registry.npmjs.org/isarray/-/isarray-0.0.1.tgz",
            "integrity": "sha1-ihis/Kmo9Bd+Cav8YDiTmwXR7t8="
        },
        "jquery": {
            "version": "1.12.4",
            "resolved": "https://registry.npmjs.org/jquery/-/jquery-1.12.4.tgz",
            "integrity": "sha1-AeHfuikP5z3rp3zurLD5ui/sngw="
        },
        "js-tokens": {
            "version": "4.0.0",
            "resolved": "https://registry.npmjs.org/js-tokens/-/js-tokens-4.0.0.tgz",
            "integrity": "sha512-RdJUflcE3cUzKiMqQgsCu06FPu9UdIJO0beYbPhHN4k6apgJtifcoCtT9bcxOpYBtpD2kCM6Sbzg4CausW/PKQ=="
        },
        "json-stringify-safe": {
            "version": "5.0.1",
            "resolved": "https://registry.npmjs.org/json-stringify-safe/-/json-stringify-safe-5.0.1.tgz",
            "integrity": "sha1-Epai1Y/UXxmg9s4B1lcB4sc1tus="
        },
        "lie": {
            "version": "3.1.1",
            "resolved": "https://registry.npmjs.org/lie/-/lie-3.1.1.tgz",
            "integrity": "sha1-mkNrLMd0bKWd56QfpGmz77dr2H4=",
            "requires": {
                "immediate": "~3.0.5"
            }
        },
        "localforage": {
            "version": "1.7.3",
            "resolved": "https://registry.npmjs.org/localforage/-/localforage-1.7.3.tgz",
            "integrity": "sha512-1TulyYfc4udS7ECSBT2vwJksWbkwwTX8BzeUIiq8Y07Riy7bDAAnxDaPU/tWyOVmQAcWJIEIFP9lPfBGqVoPgQ==",
            "requires": {
                "lie": "3.1.1"
            }
        },
        "lodash": {
            "version": "4.17.15",
            "resolved": "https://registry.npmjs.org/lodash/-/lodash-4.17.15.tgz",
            "integrity": "sha512-8xOcRHvCjnocdS5cpwXQXVzmmh5e5+saE2QGoeQmbKmRS6J3VQppPOIt0MnmE+4xlZoumy0GPG0D0MVIQbNA1A=="
        },
        "lodash-es": {
            "version": "4.17.15",
            "resolved": "https://registry.npmjs.org/lodash-es/-/lodash-es-4.17.15.tgz",
            "integrity": "sha512-rlrc3yU3+JNOpZ9zj5pQtxnx2THmvRykwL4Xlxoa8I9lHBlVbbyPhgyPMioxVZ4NqyxaVVtaJnzsyOidQIhyyQ=="
        },
        "loose-envify": {
            "version": "1.4.0",
            "resolved": "https://registry.npmjs.org/loose-envify/-/loose-envify-1.4.0.tgz",
            "integrity": "sha512-lyuxPGr/Wfhrlem2CL/UcnUc1zcqKAImBDzukY7Y5F/yQiNdko6+fRLevlw1HgMySw7f611UIY408EtxRSoK3Q==",
            "requires": {
                "js-tokens": "^3.0.0 || ^4.0.0"
            }
        },
        "mustache": {
            "version": "3.2.1",
            "resolved": "https://registry.npmjs.org/mustache/-/mustache-3.2.1.tgz",
            "integrity": "sha512-RERvMFdLpaFfSRIEe632yDm5nsd0SDKn8hGmcUwswnyiE5mtdZLDybtHAz6hjJhawokF0hXvGLtx9mrQfm6FkA=="
        },
        "object-inspect": {
            "version": "1.6.0",
            "resolved": "https://registry.npmjs.org/object-inspect/-/object-inspect-1.6.0.tgz",
            "integrity": "sha512-GJzfBZ6DgDAmnuaM3104jR4s1Myxr3Y3zfIyN4z3UdqN69oSRacNK8UhnobDdC+7J2AHCjGwxQubNJfE70SXXQ==",
            "dev": true
        },
        "object-keys": {
            "version": "1.1.1",
            "resolved": "https://registry.npmjs.org/object-keys/-/object-keys-1.1.1.tgz",
            "integrity": "sha512-NuAESUOUMrlIXOfHKzD6bpPu3tYt3xvjNdRIQ+FeT0lNb4K8WR70CaDxhuNguS2XG+GjkyMwOzsN5ZktImfhLA==",
            "dev": true
        },
        "path-to-regexp": {
            "version": "1.8.0",
            "resolved": "https://registry.npmjs.org/path-to-regexp/-/path-to-regexp-1.8.0.tgz",
            "integrity": "sha512-n43JRhlUKUAlibEJhPeir1ncUID16QnEjNpwzNdO3Lm4ywrBpBZ5oLD0I6br9evr1Y9JTqwRtAh7JLoOzAQdVA==",
            "requires": {
                "isarray": "0.0.1"
            }
        },
        "promise.prototype.finally": {
            "version": "3.1.1",
            "resolved": "https://registry.npmjs.org/promise.prototype.finally/-/promise.prototype.finally-3.1.1.tgz",
            "integrity": "sha512-gnt8tThx0heJoI3Ms8a/JdkYBVhYP/wv+T7yQimR+kdOEJL21xTFbiJhMRqnSPcr54UVvMbsscDk2w+ivyaLPw==",
            "dev": true,
            "requires": {
                "define-properties": "^1.1.3",
                "es-abstract": "^1.13.0",
                "function-bind": "^1.1.1"
            }
        },
        "query-string": {
            "version": "6.10.1",
            "resolved": "https://registry.npmjs.org/query-string/-/query-string-6.10.1.tgz",
            "integrity": "sha512-SHTUV6gDlgMXg/AQUuLpTiBtW/etZ9JT6k6RCtCyqADquApLX0Aq5oK/s5UeTUAWBG50IExjIr587GqfXRfM4A==",
            "requires": {
                "decode-uri-component": "^0.2.0",
                "split-on-first": "^1.0.0",
                "strict-uri-encode": "^2.0.0"
            }
        },
        "ramda": {
            "version": "0.26.1",
            "resolved": "https://registry.npmjs.org/ramda/-/ramda-0.26.1.tgz",
            "integrity": "sha512-hLWjpy7EnsDBb0p+Z3B7rPi3GDeRG5ZtiI33kJhTt+ORCd38AbAIjB/9zRIUoeTbE/AVX5ZkU7m6bznsvrf8eQ=="
        },
        "redux": {
            "version": "4.0.5",
            "resolved": "https://registry.npmjs.org/redux/-/redux-4.0.5.tgz",
            "integrity": "sha512-VSz1uMAH24DM6MF72vcojpYPtrTUu3ByVWfPL1nPfVRb5mZVTve5GnNCUV53QM/BZ66xfWrm0CTWoM+Xlz8V1w==",
            "requires": {
                "loose-envify": "^1.4.0",
                "symbol-observable": "^1.2.0"
            }
        },
        "redux-first-router": {
            "version": "2.1.5",
            "resolved": "https://registry.npmjs.org/redux-first-router/-/redux-first-router-2.1.5.tgz",
            "integrity": "sha512-roA/oYBLiJwdUf9c8pDmd4/xk2Jw8qe4MnSWPSHOuYPqyDmk30Pv9hZouwS6fZrPWL6VGJjrx67SwU6zBN/MKw==",
            "requires": {
                "rudy-history": "^1.0.0",
                "rudy-match-path": "^0.3.0"
            }
        },
        "redux-logger": {
            "version": "3.0.6",
            "resolved": "https://registry.npmjs.org/redux-logger/-/redux-logger-3.0.6.tgz",
            "integrity": "sha1-91VZZvMJjzyIYExEnPC69XeCdL8=",
            "requires": {
                "deep-diff": "^0.3.5"
            }
        },
        "redux-orm": {
            "version": "0.13.3",
            "resolved": "https://registry.npmjs.org/redux-orm/-/redux-orm-0.13.3.tgz",
            "integrity": "sha512-76PWSJ8tZVcM+ynYUZf0qd1TJVoPXWNIPfjCYHfdiMlJ6N/gEu94W1wJ16einJ/Vng0+0/F1sxEB/3vWgMS0Dg==",
            "requires": {
                "@babel/runtime": "^7.0.0",
                "immutable-ops": "^0.6.0",
                "lodash": "^4.17.11",
                "reselect": "^3.0.1"
            }
        },
        "redux-persist": {
            "version": "6.0.0",
            "resolved": "https://registry.npmjs.org/redux-persist/-/redux-persist-6.0.0.tgz",
            "integrity": "sha512-71LLMbUq2r02ng2We9S215LtPu3fY0KgaGE0k8WRgl6RkqxtGfl7HUozz1Dftwsb0D/5mZ8dwAaPbtnzfvbEwQ=="
        },
        "regenerator-runtime": {
            "version": "0.13.3",
            "resolved": "https://registry.npmjs.org/regenerator-runtime/-/regenerator-runtime-0.13.3.tgz",
            "integrity": "sha512-naKIZz2GQ8JWh///G7L3X6LaQUAMp2lvb1rvwwsURe/VXwD6VMfr+/1NuNw3ag8v2kY1aQ/go5SNn79O9JU7yw=="
        },
        "reselect": {
            "version": "3.0.1",
            "resolved": "https://registry.npmjs.org/reselect/-/reselect-3.0.1.tgz",
            "integrity": "sha1-79qpjqdFEyTQkrKyFjpqHXqaIUc="
        },
        "resolve-pathname": {
            "version": "2.2.0",
            "resolved": "https://registry.npmjs.org/resolve-pathname/-/resolve-pathname-2.2.0.tgz",
            "integrity": "sha512-bAFz9ld18RzJfddgrO2e/0S2O81710++chRMUxHjXOYKF6jTAMrUNZrEZ1PvV0zlhfjidm08iRPdTLPno1FuRg=="
        },
        "rudy-history": {
            "version": "1.0.0",
            "resolved": "https://registry.npmjs.org/rudy-history/-/rudy-history-1.0.0.tgz",
            "integrity": "sha512-UTW+bwDNXurwxBaLl7hixG8OW3nwhbtUFipGJ6hmyHFASihWiZQbcg0noqe3gqmmk+zVRBblls9sguAvTx+ciQ==",
            "requires": {
                "invariant": "^2.2.1",
                "loose-envify": "^1.2.0",
                "resolve-pathname": "^2.2.0",
                "value-equal": "^0.4.0",
                "warning": "^3.0.0"
            }
        },
        "rudy-match-path": {
            "version": "0.3.0",
            "resolved": "https://registry.npmjs.org/rudy-match-path/-/rudy-match-path-0.3.0.tgz",
            "integrity": "sha512-xxdsPJZr7JtOibXCBYFmAgiEOvw1QK1rLSQ5sHiBvyzyD08rwjIZwg00Lt4G80g/4mhu639CSxRxQA4H+d1OHw==",
            "requires": {
                "path-to-regexp": "^1.7.0"
            }
        },
        "split-on-first": {
            "version": "1.1.0",
            "resolved": "https://registry.npmjs.org/split-on-first/-/split-on-first-1.1.0.tgz",
            "integrity": "sha512-43ZssAJaMusuKWL8sKUBQXHWOpq8d6CfN/u1p4gUzfJkM05C8rxTmYrkIPTXapZpORA6LkkzcUulJ8FqA7Uudw=="
        },
        "strict-uri-encode": {
            "version": "2.0.0",
            "resolved": "https://registry.npmjs.org/strict-uri-encode/-/strict-uri-encode-2.0.0.tgz",
            "integrity": "sha1-ucczDHBChi9rFC3CdLvMWGbONUY="
        },
        "string.prototype.trimleft": {
            "version": "2.1.0",
            "resolved": "https://registry.npmjs.org/string.prototype.trimleft/-/string.prototype.trimleft-2.1.0.tgz",
            "integrity": "sha512-FJ6b7EgdKxxbDxc79cOlok6Afd++TTs5szo+zJTUyow3ycrRfJVE2pq3vcN53XexvKZu/DJMDfeI/qMiZTrjTw==",
            "dev": true,
            "requires": {
                "define-properties": "^1.1.3",
                "function-bind": "^1.1.1"
            }
        },
        "string.prototype.trimright": {
            "version": "2.1.0",
            "resolved": "https://registry.npmjs.org/string.prototype.trimright/-/string.prototype.trimright-2.1.0.tgz",
            "integrity": "sha512-fXZTSV55dNBwv16uw+hh5jkghxSnc5oHq+5K/gXgizHwAvMetdAJlHqqoFC1FSDVPYWLkAKl2cxpUT41sV7nSg==",
            "dev": true,
            "requires": {
                "define-properties": "^1.1.3",
                "function-bind": "^1.1.1"
            }
        },
        "symbol-observable": {
            "version": "1.2.0",
            "resolved": "https://registry.npmjs.org/symbol-observable/-/symbol-observable-1.2.0.tgz",
            "integrity": "sha512-e900nM8RRtGhlV36KGEU9k65K3mPb1WV70OdjfxlG2EAuM1noi/E/BaW/uMhL7bPEssK8QV57vN3esixjUvcXQ=="
        },
        "type-detect": {
            "version": "4.0.8",
            "resolved": "https://registry.npmjs.org/type-detect/-/type-detect-4.0.8.tgz",
            "integrity": "sha512-0fr/mIH1dlO+x7TlcMy+bIDqKPsw/70tVyeHW787goQjhmqaZe10uwLujubK9q9Lg6Fiho1KUKDYz0Z7k7g5/g=="
        },
        "value-equal": {
            "version": "0.4.0",
            "resolved": "https://registry.npmjs.org/value-equal/-/value-equal-0.4.0.tgz",
            "integrity": "sha512-x+cYdNnaA3CxvMaTX0INdTCN8m8aF2uY9BvEqmxuYp8bL09cs/kWVQPVGcA35fMktdOsP69IgU7wFj/61dJHEw=="
        },
        "warning": {
            "version": "3.0.0",
            "resolved": "https://registry.npmjs.org/warning/-/warning-3.0.0.tgz",
            "integrity": "sha1-MuU3fLVy3kqwR1O9+IIcAe1gW3w=",
            "requires": {
                "loose-envify": "^1.0.0"
            }
        },
        "whatwg-fetch": {
            "version": "3.0.0",
            "resolved": "https://registry.npmjs.org/whatwg-fetch/-/whatwg-fetch-3.0.0.tgz",
            "integrity": "sha512-9GSJUgz1D4MfyKU7KRqwOjXCXTqWdFNvEr7eUBYchQiVc744mqK/MzXPNR2WsPkmkOa4ywfg8C2n8h+13Bey1Q=="
        }
    }
}
