{
    "name": "@wq/react",
    "version": "1.3.0-alpha.0",
    "lockfileVersion": 1,
    "requires": true,
    "dependencies": {
        "@babel/runtime": {
            "version": "7.8.4",
            "resolved": "https://registry.npmjs.org/@babel/runtime/-/runtime-7.8.4.tgz",
            "integrity": "sha512-neAp3zt80trRVBI1x0azq6c57aNBqYZH8KhMm3TaB7wEI5Q4A2SHfBHE8w9gOhI/lrqxtEbXZgQIrHP+wvSGwQ==",
            "requires": {
                "regenerator-runtime": "^0.13.2"
            }
        },
        "@wq/jquery-mobile": {
            "version": "1.2.0",
            "resolved": "https://registry.npmjs.org/@wq/jquery-mobile/-/jquery-mobile-1.2.0.tgz",
            "integrity": "sha512-duQf1f02TvarbBHSUymbBOkRKMM3CHrkviZ++n1ck3ikok+DaPuvnLzlLk1nEVU/cgN6Ib0ZbxPb4nJqfQfiUg==",
            "dev": true,
            "requires": {
                "jquery": "^1.12.4"
            }
        },
        "@wq/router": {
            "version": "1.2.0",
            "resolved": "https://registry.npmjs.org/@wq/router/-/router-1.2.0.tgz",
            "integrity": "sha512-EYPe1xHrY1X43L8CqbfjdrOzT5d7PQHu4evICkjD5xgp8W92CEIjl8SK78RTL3ImV9i3Wf4o+aShCqG9kTZOaQ==",
            "dev": true,
            "requires": {
                "@wq/jquery-mobile": "^1.2.0",
                "@wq/store": "^1.2.0",
                "@wq/template": "^1.2.0",
                "query-string": "^6.8.3",
                "redux-first-router": "^2.1.5"
            }
        },
        "@wq/store": {
            "version": "1.2.0",
            "resolved": "https://registry.npmjs.org/@wq/store/-/store-1.2.0.tgz",
            "integrity": "sha512-O40nEFEH2vW0FFUbaNNsE0PZftVbNt3PVWdcq2wciImY3K0WxAZ9SM+DZuO+io8MhaNcos43hoff2jQHfcWVYg==",
            "dev": true,
            "requires": {
                "localforage": "^1.7.3",
                "redux": "^4.0.4",
                "redux-logger": "^3.0.6",
                "redux-persist": "^6.0.0",
                "whatwg-fetch": "^3.0.0"
            }
        },
        "@wq/template": {
            "version": "1.2.0",
            "resolved": "https://registry.npmjs.org/@wq/template/-/template-1.2.0.tgz",
            "integrity": "sha512-YVLeyvWwKwQS8l08p/r1KkUHpIKaDlvwRn1XsFtLiwj/WAzenMw29G56G4JtlsOP9DIXUvWb7NoxruML4GBZAw==",
            "dev": true,
            "requires": {
                "@wq/jquery-mobile": "^1.2.0",
                "mustache": "^3.1.0"
            }
        },
        "capital-case": {
            "version": "1.0.3",
            "resolved": "https://registry.npmjs.org/capital-case/-/capital-case-1.0.3.tgz",
            "integrity": "sha512-OlUSJpUr7SY0uZFOxcwnDOU7/MpHlKTZx2mqnDYQFrDudXLFm0JJ9wr/l4csB+rh2Ug0OPuoSO53PqiZBqno9A==",
            "requires": {
                "no-case": "^3.0.3",
                "tslib": "^1.10.0",
                "upper-case-first": "^2.0.1"
            }
        },
        "decode-uri-component": {
            "version": "0.2.0",
            "resolved": "https://registry.npmjs.org/decode-uri-component/-/decode-uri-component-0.2.0.tgz",
            "integrity": "sha1-6zkTMzRYd1y4TNGh+uBiEGu4dUU=",
            "dev": true
        },
        "deep-diff": {
            "version": "0.3.8",
            "resolved": "https://registry.npmjs.org/deep-diff/-/deep-diff-0.3.8.tgz",
            "integrity": "sha1-wB3mPvsO7JeYgB1Ax+Da4ltYLIQ=",
            "dev": true
        },
        "deepmerge": {
            "version": "2.2.1",
            "resolved": "https://registry.npmjs.org/deepmerge/-/deepmerge-2.2.1.tgz",
            "integrity": "sha512-R9hc1Xa/NOBi9WRVUWg19rl1UB7Tt4kuPd+thNJgFZoxXsTz7ncaPaeIm+40oSGuP33DfMb4sZt1QIGiJzC4EA=="
        },
        "dot-case": {
            "version": "3.0.3",
            "resolved": "https://registry.npmjs.org/dot-case/-/dot-case-3.0.3.tgz",
            "integrity": "sha512-7hwEmg6RiSQfm/GwPL4AAWXKy3YNNZA3oFv2Pdiey0mwkRCPZ9x6SZbkLcn8Ma5PYeVokzoD4Twv2n7LKp5WeA==",
            "requires": {
                "no-case": "^3.0.3",
                "tslib": "^1.10.0"
            }
        },
        "formik": {
            "version": "2.1.4",
            "resolved": "https://registry.npmjs.org/formik/-/formik-2.1.4.tgz",
            "integrity": "sha512-oKz8S+yQBzuQVSEoxkqqJrKQS5XJASWGVn6mrs+oTWrBoHgByVwwI1qHiVc9GKDpZBU9vAxXYAKz2BvujlwunA==",
            "requires": {
                "deepmerge": "^2.1.1",
                "hoist-non-react-statics": "^3.3.0",
                "lodash": "^4.17.14",
                "lodash-es": "^4.17.14",
                "react-fast-compare": "^2.0.1",
                "scheduler": "^0.18.0",
                "tiny-warning": "^1.0.2",
                "tslib": "^1.10.0"
            }
        },
        "hoist-non-react-statics": {
            "version": "3.3.2",
            "resolved": "https://registry.npmjs.org/hoist-non-react-statics/-/hoist-non-react-statics-3.3.2.tgz",
            "integrity": "sha512-/gGivxi8JPKWNm/W0jSmzcMPpfpPLc3dY/6GxhX2hQ9iGj3aDfklV4ET7NjKpSinLpJ5vafa9iiGIEZg10SfBw==",
            "requires": {
                "react-is": "^16.7.0"
            }
        },
        "immediate": {
            "version": "3.0.6",
            "resolved": "https://registry.npmjs.org/immediate/-/immediate-3.0.6.tgz",
            "integrity": "sha1-nbHb0Pr43m++D13V5Wu2BigN5ps=",
            "dev": true
        },
        "immutable-ops": {
            "version": "0.7.0",
            "resolved": "https://registry.npmjs.org/immutable-ops/-/immutable-ops-0.7.0.tgz",
            "integrity": "sha512-5tOOKVgMr3fzSX92vMJTf8CchlVxSmMm1m7nnv4pXZ6w5feLmBFIAFA1arQ+TM785kd0nzV1kUvDWlytpEnQZw==",
            "requires": {
                "@babel/runtime": "^7.0.0",
                "ramda": "^0.26.1"
            }
        },
        "invariant": {
            "version": "2.2.4",
            "resolved": "https://registry.npmjs.org/invariant/-/invariant-2.2.4.tgz",
            "integrity": "sha512-phJfQVBuaJM5raOpJjSfkiD6BpbCE4Ns//LaXl6wGYtUBY83nWS6Rf9tXm2e8VaK60JEjYldbPif/A2B1C2gNA==",
            "requires": {
                "loose-envify": "^1.0.0"
            }
        },
        "isarray": {
            "version": "0.0.1",
            "resolved": "https://registry.npmjs.org/isarray/-/isarray-0.0.1.tgz",
            "integrity": "sha1-ihis/Kmo9Bd+Cav8YDiTmwXR7t8="
        },
        "jquery": {
            "version": "1.12.4",
            "resolved": "https://registry.npmjs.org/jquery/-/jquery-1.12.4.tgz",
            "integrity": "sha1-AeHfuikP5z3rp3zurLD5ui/sngw=",
            "dev": true
        },
        "js-tokens": {
            "version": "4.0.0",
            "resolved": "https://registry.npmjs.org/js-tokens/-/js-tokens-4.0.0.tgz",
            "integrity": "sha512-RdJUflcE3cUzKiMqQgsCu06FPu9UdIJO0beYbPhHN4k6apgJtifcoCtT9bcxOpYBtpD2kCM6Sbzg4CausW/PKQ=="
        },
        "lie": {
            "version": "3.1.1",
            "resolved": "https://registry.npmjs.org/lie/-/lie-3.1.1.tgz",
            "integrity": "sha1-mkNrLMd0bKWd56QfpGmz77dr2H4=",
            "dev": true,
            "requires": {
                "immediate": "~3.0.5"
            }
        },
        "localforage": {
            "version": "1.7.4",
            "resolved": "https://registry.npmjs.org/localforage/-/localforage-1.7.4.tgz",
            "integrity": "sha512-3EmVZatmNVeCo/t6Te7P06h2alGwbq8wXlSkcSXMvDE2/edPmsVqTPlzGnZaqwZZDBs6v+kxWpqjVsqsNJT8jA==",
            "dev": true,
            "requires": {
                "lie": "3.1.1"
            }
        },
        "lodash": {
            "version": "4.17.15",
            "resolved": "https://registry.npmjs.org/lodash/-/lodash-4.17.15.tgz",
            "integrity": "sha512-8xOcRHvCjnocdS5cpwXQXVzmmh5e5+saE2QGoeQmbKmRS6J3VQppPOIt0MnmE+4xlZoumy0GPG0D0MVIQbNA1A=="
        },
        "lodash-es": {
            "version": "4.17.15",
            "resolved": "https://registry.npmjs.org/lodash-es/-/lodash-es-4.17.15.tgz",
            "integrity": "sha512-rlrc3yU3+JNOpZ9zj5pQtxnx2THmvRykwL4Xlxoa8I9lHBlVbbyPhgyPMioxVZ4NqyxaVVtaJnzsyOidQIhyyQ=="
        },
        "loose-envify": {
            "version": "1.4.0",
            "resolved": "https://registry.npmjs.org/loose-envify/-/loose-envify-1.4.0.tgz",
            "integrity": "sha512-lyuxPGr/Wfhrlem2CL/UcnUc1zcqKAImBDzukY7Y5F/yQiNdko6+fRLevlw1HgMySw7f611UIY408EtxRSoK3Q==",
            "requires": {
                "js-tokens": "^3.0.0 || ^4.0.0"
            }
        },
        "lower-case": {
            "version": "2.0.1",
            "resolved": "https://registry.npmjs.org/lower-case/-/lower-case-2.0.1.tgz",
            "integrity": "sha512-LiWgfDLLb1dwbFQZsSglpRj+1ctGnayXz3Uv0/WO8n558JycT5fg6zkNcnW0G68Nn0aEldTFeEfmjCfmqry/rQ==",
            "requires": {
                "tslib": "^1.10.0"
            }
        },
        "mustache": {
            "version": "3.2.1",
            "resolved": "https://registry.npmjs.org/mustache/-/mustache-3.2.1.tgz",
            "integrity": "sha512-RERvMFdLpaFfSRIEe632yDm5nsd0SDKn8hGmcUwswnyiE5mtdZLDybtHAz6hjJhawokF0hXvGLtx9mrQfm6FkA==",
            "dev": true
        },
        "no-case": {
            "version": "3.0.3",
            "resolved": "https://registry.npmjs.org/no-case/-/no-case-3.0.3.tgz",
            "integrity": "sha512-ehY/mVQCf9BL0gKfsJBvFJen+1V//U+0HQMPrWct40ixE4jnv0bfvxDbWtAHL9EcaPEOJHVVYKoQn1TlZUB8Tw==",
            "requires": {
                "lower-case": "^2.0.1",
                "tslib": "^1.10.0"
            }
        },
        "object-assign": {
            "version": "4.1.1",
            "resolved": "https://registry.npmjs.org/object-assign/-/object-assign-4.1.1.tgz",
            "integrity": "sha1-IQmtx5ZYh8/AXLvUQsrIv7s2CGM="
        },
        "param-case": {
            "version": "3.0.3",
            "resolved": "https://registry.npmjs.org/param-case/-/param-case-3.0.3.tgz",
            "integrity": "sha512-VWBVyimc1+QrzappRs7waeN2YmoZFCGXWASRYX1/rGHtXqEcrGEIDm+jqIwFa2fRXNgQEwrxaYuIrX0WcAguTA==",
            "requires": {
                "dot-case": "^3.0.3",
                "tslib": "^1.10.0"
            }
        },
        "pascal-case": {
            "version": "3.1.1",
            "resolved": "https://registry.npmjs.org/pascal-case/-/pascal-case-3.1.1.tgz",
            "integrity": "sha512-XIeHKqIrsquVTQL2crjq3NfJUxmdLasn3TYOU0VBM+UX2a6ztAWBlJQBePLGY7VHW8+2dRadeIPK5+KImwTxQA==",
            "requires": {
                "no-case": "^3.0.3",
                "tslib": "^1.10.0"
            }
        },
        "path-to-regexp": {
            "version": "1.7.0",
            "resolved": "https://registry.npmjs.org/path-to-regexp/-/path-to-regexp-1.7.0.tgz",
            "integrity": "sha1-Wf3g9DW62suhA6hOnTvGTpa5k30=",
            "requires": {
                "isarray": "0.0.1"
            }
        },
        "prop-types": {
            "version": "15.7.2",
            "resolved": "https://registry.npmjs.org/prop-types/-/prop-types-15.7.2.tgz",
            "integrity": "sha512-8QQikdH7//R2vurIJSutZ1smHYTcLpRWEOlHnzcWHmBYrOGUysKwSsrC89BCiFj3CbrfJ/nXFdJepOVrY1GCHQ==",
            "requires": {
                "loose-envify": "^1.4.0",
                "object-assign": "^4.1.1",
                "react-is": "^16.8.1"
            }
        },
        "query-string": {
            "version": "6.13.1",
            "resolved": "https://registry.npmjs.org/query-string/-/query-string-6.13.1.tgz",
            "integrity": "sha512-RfoButmcK+yCta1+FuU8REvisx1oEzhMKwhLUNcepQTPGcNMp1sIqjnfCtfnvGSQZQEhaBHvccujtWoUV3TTbA==",
            "dev": true,
            "requires": {
                "decode-uri-component": "^0.2.0",
                "split-on-first": "^1.0.0",
                "strict-uri-encode": "^2.0.0"
            }
        },
        "ramda": {
            "version": "0.26.1",
            "resolved": "https://registry.npmjs.org/ramda/-/ramda-0.26.1.tgz",
            "integrity": "sha512-hLWjpy7EnsDBb0p+Z3B7rPi3GDeRG5ZtiI33kJhTt+ORCd38AbAIjB/9zRIUoeTbE/AVX5ZkU7m6bznsvrf8eQ=="
        },
        "re-reselect": {
            "version": "3.4.0",
            "resolved": "https://registry.npmjs.org/re-reselect/-/re-reselect-3.4.0.tgz",
            "integrity": "sha512-JsecfN+JlckncVXTWFWjn0Vk6uInl8GSf4eEd9tTk5qXHlgqkPdILpnYpgZcISXNYAzvfvsCZviaDk8AxyS5sg=="
        },
        "react": {
            "version": "16.12.0",
            "resolved": "https://registry.npmjs.org/react/-/react-16.12.0.tgz",
            "integrity": "sha512-fglqy3k5E+81pA8s+7K0/T3DBCF0ZDOher1elBFzF7O6arXJgzyu/FW+COxFvAWXJoJN9KIZbT2LXlukwphYTA==",
            "dev": true,
            "requires": {
                "loose-envify": "^1.1.0",
                "object-assign": "^4.1.1",
                "prop-types": "^15.6.2"
            }
        },
        "react-dom": {
            "version": "16.12.0",
            "resolved": "https://registry.npmjs.org/react-dom/-/react-dom-16.12.0.tgz",
            "integrity": "sha512-LMxFfAGrcS3kETtQaCkTKjMiifahaMySFDn71fZUNpPHZQEzmk/GiAeIT8JSOrHB23fnuCOMruL2a8NYlw+8Gw==",
            "dev": true,
            "requires": {
                "loose-envify": "^1.1.0",
                "object-assign": "^4.1.1",
                "prop-types": "^15.6.2",
                "scheduler": "^0.18.0"
            }
        },
        "react-fast-compare": {
            "version": "2.0.4",
            "resolved": "https://registry.npmjs.org/react-fast-compare/-/react-fast-compare-2.0.4.tgz",
            "integrity": "sha512-suNP+J1VU1MWFKcyt7RtjiSWUjvidmQSlqu+eHslq+342xCbGTYmC0mEhPCOHxlW0CywylOC1u2DFAT+bv4dBw=="
        },
        "react-is": {
            "version": "16.9.0",
            "resolved": "https://registry.npmjs.org/react-is/-/react-is-16.9.0.tgz",
            "integrity": "sha512-tJBzzzIgnnRfEm046qRcURvwQnZVXmuCbscxUO5RWrGTXpon2d4c8mI0D8WE6ydVIm29JiLB6+RslkIvym9Rjw=="
        },
        "react-redux": {
            "version": "7.1.3",
            "resolved": "https://registry.npmjs.org/react-redux/-/react-redux-7.1.3.tgz",
            "integrity": "sha512-uI1wca+ECG9RoVkWQFF4jDMqmaw0/qnvaSvOoL/GA4dNxf6LoV8sUAcNDvE5NWKs4hFpn0t6wswNQnY3f7HT3w==",
            "requires": {
                "@babel/runtime": "^7.5.5",
                "hoist-non-react-statics": "^3.3.0",
                "invariant": "^2.2.4",
                "loose-envify": "^1.4.0",
                "prop-types": "^15.7.2",
                "react-is": "^16.9.0"
            }
        },
        "react-test-renderer": {
            "version": "16.13.0",
            "resolved": "https://registry.npmjs.org/react-test-renderer/-/react-test-renderer-16.13.0.tgz",
            "integrity": "sha512-NQ2S9gdMUa7rgPGpKGyMcwl1d6D9MCF0lftdI3kts6kkiX+qvpC955jNjAZXlIDTjnN9jwFI8A8XhRh/9v0spA==",
            "dev": true,
            "requires": {
                "object-assign": "^4.1.1",
                "prop-types": "^15.6.2",
                "react-is": "^16.8.6",
                "scheduler": "^0.19.0"
            },
            "dependencies": {
                "scheduler": {
                    "version": "0.19.0",
                    "resolved": "https://registry.npmjs.org/scheduler/-/scheduler-0.19.0.tgz",
                    "integrity": "sha512-xowbVaTPe9r7y7RUejcK73/j8tt2jfiyTednOvHbA8JoClvMYCp+r8QegLwK/n8zWQAtZb1fFnER4XLBZXrCxA==",
                    "dev": true,
                    "requires": {
                        "loose-envify": "^1.1.0",
                        "object-assign": "^4.1.1"
                    }
                }
            }
        },
        "redux": {
            "version": "4.0.5",
            "resolved": "https://registry.npmjs.org/redux/-/redux-4.0.5.tgz",
            "integrity": "sha512-VSz1uMAH24DM6MF72vcojpYPtrTUu3ByVWfPL1nPfVRb5mZVTve5GnNCUV53QM/BZ66xfWrm0CTWoM+Xlz8V1w==",
            "dev": true,
            "requires": {
                "loose-envify": "^1.4.0",
                "symbol-observable": "^1.2.0"
            }
        },
        "redux-first-router": {
            "version": "2.1.5",
            "resolved": "https://registry.npmjs.org/redux-first-router/-/redux-first-router-2.1.5.tgz",
            "integrity": "sha512-roA/oYBLiJwdUf9c8pDmd4/xk2Jw8qe4MnSWPSHOuYPqyDmk30Pv9hZouwS6fZrPWL6VGJjrx67SwU6zBN/MKw==",
            "dev": true,
            "requires": {
                "rudy-history": "^1.0.0",
                "rudy-match-path": "^0.3.0"
            }
        },
        "redux-first-router-link": {
            "version": "2.1.1",
            "resolved": "https://registry.npmjs.org/redux-first-router-link/-/redux-first-router-link-2.1.1.tgz",
            "integrity": "sha512-WjOuaMPWhdeWCFGpkcwSJqhhNa5+v9XJwZOrfZki+Nv51QO+klDb11xQEPiLFRPZvQ9yqv5waqRrnbCCZe7d0A==",
            "requires": {
                "path-to-regexp": "^1.7.0",
                "prop-types": "^15.5.10",
                "rudy-history": "^1.0.0",
                "rudy-match-path": "^0.3.0"
            }
        },
        "redux-logger": {
            "version": "3.0.6",
            "resolved": "https://registry.npmjs.org/redux-logger/-/redux-logger-3.0.6.tgz",
            "integrity": "sha1-91VZZvMJjzyIYExEnPC69XeCdL8=",
            "dev": true,
            "requires": {
                "deep-diff": "^0.3.5"
            }
        },
        "redux-orm": {
            "version": "0.16.1",
            "resolved": "https://registry.npmjs.org/redux-orm/-/redux-orm-0.16.1.tgz",
            "integrity": "sha512-bXzGW10g67LVO5YXaVpF3GMLwMRYyXfspsZmIBNZrwhzaQM0nmTb5cGrWTj5VUv9TkHihMyFk2kJQCLtiQDRlg==",
            "requires": {
                "@babel/runtime": "^7.8.0",
                "immutable-ops": "^0.7.0",
                "lodash": "^4.17.15",
                "re-reselect": "^3.4.0",
                "reselect": "^3.0.1"
            }
        },
        "redux-persist": {
            "version": "6.0.0",
            "resolved": "https://registry.npmjs.org/redux-persist/-/redux-persist-6.0.0.tgz",
            "integrity": "sha512-71LLMbUq2r02ng2We9S215LtPu3fY0KgaGE0k8WRgl6RkqxtGfl7HUozz1Dftwsb0D/5mZ8dwAaPbtnzfvbEwQ==",
            "dev": true
        },
        "regenerator-runtime": {
            "version": "0.13.3",
            "resolved": "https://registry.npmjs.org/regenerator-runtime/-/regenerator-runtime-0.13.3.tgz",
            "integrity": "sha512-naKIZz2GQ8JWh///G7L3X6LaQUAMp2lvb1rvwwsURe/VXwD6VMfr+/1NuNw3ag8v2kY1aQ/go5SNn79O9JU7yw=="
        },
        "reselect": {
            "version": "3.0.1",
            "resolved": "https://registry.npmjs.org/reselect/-/reselect-3.0.1.tgz",
            "integrity": "sha1-79qpjqdFEyTQkrKyFjpqHXqaIUc="
        },
        "resolve-pathname": {
            "version": "2.2.0",
            "resolved": "https://registry.npmjs.org/resolve-pathname/-/resolve-pathname-2.2.0.tgz",
            "integrity": "sha512-bAFz9ld18RzJfddgrO2e/0S2O81710++chRMUxHjXOYKF6jTAMrUNZrEZ1PvV0zlhfjidm08iRPdTLPno1FuRg=="
        },
        "rudy-history": {
            "version": "1.0.0",
            "resolved": "https://registry.npmjs.org/rudy-history/-/rudy-history-1.0.0.tgz",
            "integrity": "sha512-UTW+bwDNXurwxBaLl7hixG8OW3nwhbtUFipGJ6hmyHFASihWiZQbcg0noqe3gqmmk+zVRBblls9sguAvTx+ciQ==",
            "requires": {
                "invariant": "^2.2.1",
                "loose-envify": "^1.2.0",
                "resolve-pathname": "^2.2.0",
                "value-equal": "^0.4.0",
                "warning": "^3.0.0"
            }
        },
        "rudy-match-path": {
            "version": "0.3.0",
            "resolved": "https://registry.npmjs.org/rudy-match-path/-/rudy-match-path-0.3.0.tgz",
            "integrity": "sha512-xxdsPJZr7JtOibXCBYFmAgiEOvw1QK1rLSQ5sHiBvyzyD08rwjIZwg00Lt4G80g/4mhu639CSxRxQA4H+d1OHw==",
            "requires": {
                "path-to-regexp": "^1.7.0"
            }
        },
        "scheduler": {
            "version": "0.18.0",
            "resolved": "https://registry.npmjs.org/scheduler/-/scheduler-0.18.0.tgz",
            "integrity": "sha512-agTSHR1Nbfi6ulI0kYNK0203joW2Y5W4po4l+v03tOoiJKpTBbxpNhWDvqc/4IcOw+KLmSiQLTasZ4cab2/UWQ==",
            "requires": {
                "loose-envify": "^1.1.0",
                "object-assign": "^4.1.1"
            }
        },
        "split-on-first": {
            "version": "1.1.0",
            "resolved": "https://registry.npmjs.org/split-on-first/-/split-on-first-1.1.0.tgz",
            "integrity": "sha512-43ZssAJaMusuKWL8sKUBQXHWOpq8d6CfN/u1p4gUzfJkM05C8rxTmYrkIPTXapZpORA6LkkzcUulJ8FqA7Uudw==",
            "dev": true
        },
        "strict-uri-encode": {
            "version": "2.0.0",
            "resolved": "https://registry.npmjs.org/strict-uri-encode/-/strict-uri-encode-2.0.0.tgz",
            "integrity": "sha1-ucczDHBChi9rFC3CdLvMWGbONUY=",
            "dev": true
        },
        "symbol-observable": {
            "version": "1.2.0",
            "resolved": "https://registry.npmjs.org/symbol-observable/-/symbol-observable-1.2.0.tgz",
            "integrity": "sha512-e900nM8RRtGhlV36KGEU9k65K3mPb1WV70OdjfxlG2EAuM1noi/E/BaW/uMhL7bPEssK8QV57vN3esixjUvcXQ==",
            "dev": true
        },
        "tiny-warning": {
            "version": "1.0.3",
            "resolved": "https://registry.npmjs.org/tiny-warning/-/tiny-warning-1.0.3.tgz",
            "integrity": "sha512-lBN9zLN/oAf68o3zNXYrdCt1kP8WsiGW8Oo2ka41b2IM5JL/S1CTyX1rW0mb/zSuJun0ZUrDxx4sqvYS2FWzPA=="
        },
        "tslib": {
            "version": "1.11.1",
            "resolved": "https://registry.npmjs.org/tslib/-/tslib-1.11.1.tgz",
            "integrity": "sha512-aZW88SY8kQbU7gpV19lN24LtXh/yD4ZZg6qieAJDDg+YBsJcSmLGK9QpnUjAKVG/xefmvJGd1WUmfpT/g6AJGA=="
        },
        "upper-case-first": {
            "version": "2.0.1",
            "resolved": "https://registry.npmjs.org/upper-case-first/-/upper-case-first-2.0.1.tgz",
            "integrity": "sha512-105J8XqQ+9RxW3l9gHZtgve5oaiR9TIwvmZAMAIZWRHe00T21cdvewKORTlOJf/zXW6VukuTshM+HXZNWz7N5w==",
            "requires": {
                "tslib": "^1.10.0"
            }
        },
        "value-equal": {
            "version": "0.4.0",
            "resolved": "https://registry.npmjs.org/value-equal/-/value-equal-0.4.0.tgz",
            "integrity": "sha512-x+cYdNnaA3CxvMaTX0INdTCN8m8aF2uY9BvEqmxuYp8bL09cs/kWVQPVGcA35fMktdOsP69IgU7wFj/61dJHEw=="
        },
        "warning": {
            "version": "3.0.0",
            "resolved": "https://registry.npmjs.org/warning/-/warning-3.0.0.tgz",
            "integrity": "sha1-MuU3fLVy3kqwR1O9+IIcAe1gW3w=",
            "requires": {
                "loose-envify": "^1.0.0"
            }
        },
        "whatwg-fetch": {
            "version": "3.0.0",
            "resolved": "https://registry.npmjs.org/whatwg-fetch/-/whatwg-fetch-3.0.0.tgz",
            "integrity": "sha512-9GSJUgz1D4MfyKU7KRqwOjXCXTqWdFNvEr7eUBYchQiVc744mqK/MzXPNR2WsPkmkOa4ywfg8C2n8h+13Bey1Q==",
            "dev": true
        }
    }
}
